// !$*UTF8*$!
{
	archiveVersion = 1;
	classes = {
	};
	objectVersion = 56;
	objects = {

/* Begin PBXBuildFile section */
		2417A59B2A67A9ED00AEC530 /* OnBoardingViewController.swift in Sources */ = {isa = PBXBuildFile; fileRef = 2417A59A2A67A9ED00AEC530 /* OnBoardingViewController.swift */; };
		2417A59E2A67C4E500AEC530 /* EditUserInfoViewController.swift in Sources */ = {isa = PBXBuildFile; fileRef = 2417A59D2A67C4E500AEC530 /* EditUserInfoViewController.swift */; };
		2417A5A12A67C96900AEC530 /* InformationInputView.swift in Sources */ = {isa = PBXBuildFile; fileRef = 2417A5A02A67C96900AEC530 /* InformationInputView.swift */; };
		2417A5A32A67D84600AEC530 /* UIViewController+Preview.swift in Sources */ = {isa = PBXBuildFile; fileRef = 2417A5A22A67D84600AEC530 /* UIViewController+Preview.swift */; };
		2417A5A52A68146E00AEC530 /* DailyMissionCollectionViewCellViewModel.swift in Sources */ = {isa = PBXBuildFile; fileRef = 2417A5A42A68146E00AEC530 /* DailyMissionCollectionViewCellViewModel.swift */; };
		2417A5A72A6B980900AEC530 /* MyNftsCollectionViewFooter.swift in Sources */ = {isa = PBXBuildFile; fileRef = 2417A5A62A6B980900AEC530 /* MyNftsCollectionViewFooter.swift */; };
		244BBB0E2A54361D006C33D2 /* PostCommentCollectionViewCell.swift in Sources */ = {isa = PBXBuildFile; fileRef = 244BBB0D2A54361D006C33D2 /* PostCommentCollectionViewCell.swift */; };
		244BBB102A5543CD006C33D2 /* DefaultCollectionViewCell.swift in Sources */ = {isa = PBXBuildFile; fileRef = 244BBB0F2A5543CD006C33D2 /* DefaultCollectionViewCell.swift */; };
		244BBB122A5561FA006C33D2 /* TextFieldCollectionViewCell.swift in Sources */ = {isa = PBXBuildFile; fileRef = 244BBB112A5561FA006C33D2 /* TextFieldCollectionViewCell.swift */; };
		244BBB142A556ED5006C33D2 /* TextFieldCollectionVeiwCellViewModel.swift in Sources */ = {isa = PBXBuildFile; fileRef = 244BBB132A556ED5006C33D2 /* TextFieldCollectionVeiwCellViewModel.swift */; };
		24542D4D2A7016A500F82CEA /* MyMissionsCollectionViewCellViewModel.swift in Sources */ = {isa = PBXBuildFile; fileRef = 24542D4C2A7016A500F82CEA /* MyMissionsCollectionViewCellViewModel.swift */; };
		24542D4F2A70AAE800F82CEA /* PhotoAuthMission.swift in Sources */ = {isa = PBXBuildFile; fileRef = 24542D4E2A70AAE800F82CEA /* PhotoAuthMission.swift */; };
		24542D512A70AC0800F82CEA /* ChoiceQuizMission.swift in Sources */ = {isa = PBXBuildFile; fileRef = 24542D502A70AC0800F82CEA /* ChoiceQuizMission.swift */; };
		24542D532A70AC7A00F82CEA /* ShortAnswerQuizMission.swift in Sources */ = {isa = PBXBuildFile; fileRef = 24542D522A70AC7A00F82CEA /* ShortAnswerQuizMission.swift */; };
		24542D552A70DE7D00F82CEA /* MyPageViewViewModel.swift in Sources */ = {isa = PBXBuildFile; fileRef = 24542D542A70DE7D00F82CEA /* MyPageViewViewModel.swift */; };
		24542D582A70E8E100F82CEA /* LoadingViewController.swift in Sources */ = {isa = PBXBuildFile; fileRef = 24542D572A70E8E100F82CEA /* LoadingViewController.swift */; };
		24542D5A2A70F42D00F82CEA /* MyNftsCollectionViewHeader.swift in Sources */ = {isa = PBXBuildFile; fileRef = 24542D592A70F42D00F82CEA /* MyNftsCollectionViewHeader.swift */; };
		24542D602A7113BD00F82CEA /* TotalRankCollectionViewCell.swift in Sources */ = {isa = PBXBuildFile; fileRef = 24542D5F2A7113BD00F82CEA /* TotalRankCollectionViewCell.swift */; };
		247FC60C2A6776A2001F3974 /* BottomSheetViewController.swift in Sources */ = {isa = PBXBuildFile; fileRef = 247FC60B2A6776A2001F3974 /* BottomSheetViewController.swift */; };
		247FC60E2A678036001F3974 /* WelcomeBottomSheetViewController.swift in Sources */ = {isa = PBXBuildFile; fileRef = 247FC60D2A678036001F3974 /* WelcomeBottomSheetViewController.swift */; };
		247FC6102A678E27001F3974 /* WelcomeBottomSheetViewViewModel.swift in Sources */ = {isa = PBXBuildFile; fileRef = 247FC60F2A678E27001F3974 /* WelcomeBottomSheetViewViewModel.swift */; };
		24984ABD2A5A6D43001F28CF /* FirebaseStorageCacheManager.swift in Sources */ = {isa = PBXBuildFile; fileRef = 24984ABC2A5A6D43001F28CF /* FirebaseStorageCacheManager.swift */; };
		249F59EF2A4EF403008CF6BE /* PhotoCollectionViewCell.swift in Sources */ = {isa = PBXBuildFile; fileRef = 249F59EE2A4EF403008CF6BE /* PhotoCollectionViewCell.swift */; };
		249F59F12A500875008CF6BE /* UILabel+Extension.swift in Sources */ = {isa = PBXBuildFile; fileRef = 249F59F02A500874008CF6BE /* UILabel+Extension.swift */; };
		249F59F72A52F4F8008CF6BE /* PostDetailTableViewHeader.swift in Sources */ = {isa = PBXBuildFile; fileRef = 249F59F62A52F4F7008CF6BE /* PostDetailTableViewHeader.swift */; };
		249F59FA2A530B59008CF6BE /* CampaignView.swift in Sources */ = {isa = PBXBuildFile; fileRef = 249F59F92A530B59008CF6BE /* CampaignView.swift */; };
		249F59FD2A53175F008CF6BE /* CampaignPostViewController.swift in Sources */ = {isa = PBXBuildFile; fileRef = 249F59FC2A53175F008CF6BE /* CampaignPostViewController.swift */; };
		24DB21812A77F54C00AE0174 /* PassThroughView.swift in Sources */ = {isa = PBXBuildFile; fileRef = 24DB21802A77F54C00AE0174 /* PassThroughView.swift */; };
		930D96A22A416AC30007801A /* AppDelegate.swift in Sources */ = {isa = PBXBuildFile; fileRef = 930D96A12A416AC30007801A /* AppDelegate.swift */; };
		930D96A42A416AC30007801A /* SceneDelegate.swift in Sources */ = {isa = PBXBuildFile; fileRef = 930D96A32A416AC30007801A /* SceneDelegate.swift */; };
		930D96A62A416AC30007801A /* LoginViewController.swift in Sources */ = {isa = PBXBuildFile; fileRef = 930D96A52A416AC30007801A /* LoginViewController.swift */; };
		930D96AB2A416AC40007801A /* Assets.xcassets in Resources */ = {isa = PBXBuildFile; fileRef = 930D96AA2A416AC40007801A /* Assets.xcassets */; };
		930D96AE2A416AC40007801A /* LaunchScreen.storyboard in Resources */ = {isa = PBXBuildFile; fileRef = 930D96AC2A416AC40007801A /* LaunchScreen.storyboard */; };
		930D96BD2A41828E0007801A /* FirebaseAnalytics in Frameworks */ = {isa = PBXBuildFile; productRef = 930D96BC2A41828E0007801A /* FirebaseAnalytics */; };
		930D96BF2A41828E0007801A /* FirebaseAuth in Frameworks */ = {isa = PBXBuildFile; productRef = 930D96BE2A41828E0007801A /* FirebaseAuth */; };
		930D96C12A41828E0007801A /* FirebaseFirestore in Frameworks */ = {isa = PBXBuildFile; productRef = 930D96C02A41828E0007801A /* FirebaseFirestore */; };
		930D96C32A41828E0007801A /* FirebaseFirestoreSwift in Frameworks */ = {isa = PBXBuildFile; productRef = 930D96C22A41828E0007801A /* FirebaseFirestoreSwift */; };
		930D96C62A41835B0007801A /* Constants.swift in Sources */ = {isa = PBXBuildFile; fileRef = 930D96C52A41835B0007801A /* Constants.swift */; };
		930D96C92A4193A40007801A /* SignUpViewController.swift in Sources */ = {isa = PBXBuildFile; fileRef = 930D96C82A4193A40007801A /* SignUpViewController.swift */; };
		930D96CB2A4194E50007801A /* SignUpViewViewModel.swift in Sources */ = {isa = PBXBuildFile; fileRef = 930D96CA2A4194E50007801A /* SignUpViewViewModel.swift */; };
		930D96CE2A4198020007801A /* UIView+Extension.swift in Sources */ = {isa = PBXBuildFile; fileRef = 930D96CD2A4198020007801A /* UIView+Extension.swift */; };
		930D96D02A428D6E0007801A /* UITextField+Extension.swift in Sources */ = {isa = PBXBuildFile; fileRef = 930D96CF2A428D6E0007801A /* UITextField+Extension.swift */; };
		930D96D32A42D8280007801A /* NSNotificationName+Extension.swift in Sources */ = {isa = PBXBuildFile; fileRef = 930D96D22A42D8280007801A /* NSNotificationName+Extension.swift */; };
		930D96D52A42DC110007801A /* LoginViewViewModel.swift in Sources */ = {isa = PBXBuildFile; fileRef = 930D96D42A42DC110007801A /* LoginViewViewModel.swift */; };
		930D96D82A43E5870007801A /* PostViewController.swift in Sources */ = {isa = PBXBuildFile; fileRef = 930D96D72A43E5870007801A /* PostViewController.swift */; };
		930D96DA2A44057C0007801A /* ResetPasswordViewController.swift in Sources */ = {isa = PBXBuildFile; fileRef = 930D96D92A44057C0007801A /* ResetPasswordViewController.swift */; };
		930D96DD2A4406BA0007801A /* ResetPasswordViewViewModel.swift in Sources */ = {isa = PBXBuildFile; fileRef = 930D96DC2A4406BA0007801A /* ResetPasswordViewViewModel.swift */; };
		930D96DF2A443C1C0007801A /* UIViewController+Extension.swift in Sources */ = {isa = PBXBuildFile; fileRef = 930D96DE2A443C1C0007801A /* UIViewController+Extension.swift */; };
		930D96E12A4516630007801A /* UIButton+Extension.swift in Sources */ = {isa = PBXBuildFile; fileRef = 930D96E02A4516630007801A /* UIButton+Extension.swift */; };
		930D96E32A453D8D0007801A /* BackToLoginViewController.swift in Sources */ = {isa = PBXBuildFile; fileRef = 930D96E22A453D8D0007801A /* BackToLoginViewController.swift */; };
		932C34CB2A5254A70032192A /* Date+Extention.swift in Sources */ = {isa = PBXBuildFile; fileRef = 932C34CA2A5254A70032192A /* Date+Extention.swift */; };
		932C34CD2A5260410032192A /* User.swift in Sources */ = {isa = PBXBuildFile; fileRef = 932C34CC2A5260410032192A /* User.swift */; };
		932C34CF2A52B7520032192A /* UIColor+Extension.swift in Sources */ = {isa = PBXBuildFile; fileRef = 932C34CE2A52B7520032192A /* UIColor+Extension.swift */; };
		932C34D22A53ADEA0032192A /* MultipleQuizCollectionViewCell.swift in Sources */ = {isa = PBXBuildFile; fileRef = 932C34D12A53ADEA0032192A /* MultipleQuizCollectionViewCell.swift */; };
		932C34D42A53AF300032192A /* CampaignCollectionViewCellViewModel.swift in Sources */ = {isa = PBXBuildFile; fileRef = 932C34D32A53AF300032192A /* CampaignCollectionViewCellViewModel.swift */; };
		932C34D62A53E2120032192A /* ShortQuizCollectionViewCell.swift in Sources */ = {isa = PBXBuildFile; fileRef = 932C34D52A53E2120032192A /* ShortQuizCollectionViewCell.swift */; };
		932C34D82A53F5330032192A /* UIControl+Combine.swift in Sources */ = {isa = PBXBuildFile; fileRef = 932C34D72A53F5330032192A /* UIControl+Combine.swift */; };
		932C34DA2A53F7960032192A /* CommentCampaignCollectionViewCell.swift in Sources */ = {isa = PBXBuildFile; fileRef = 932C34D92A53F7960032192A /* CommentCampaignCollectionViewCell.swift */; };
		932C34DC2A5401B80032192A /* CampaignPostViewViewModel.swift in Sources */ = {isa = PBXBuildFile; fileRef = 932C34DB2A5401B80032192A /* CampaignPostViewViewModel.swift */; };
		932C34DE2A540D2B0032192A /* PostDetailCollectionViewHeader.swift in Sources */ = {isa = PBXBuildFile; fileRef = 932C34DD2A540D2B0032192A /* PostDetailCollectionViewHeader.swift */; };
		932C34E02A57A06A0032192A /* URL+Extension.swift in Sources */ = {isa = PBXBuildFile; fileRef = 932C34DF2A57A06A0032192A /* URL+Extension.swift */; };
		932C34E22A5BCE0B0032192A /* CampaignCommentEditView.swift in Sources */ = {isa = PBXBuildFile; fileRef = 932C34E12A5BCE0B0032192A /* CampaignCommentEditView.swift */; };
		932C34E42A5BCE700032192A /* CampaignCommentDefaultView.swift in Sources */ = {isa = PBXBuildFile; fileRef = 932C34E32A5BCE700032192A /* CampaignCommentDefaultView.swift */; };
		932C34E62A5D14B30032192A /* RecommentTextInputCollectionViewCell.swift in Sources */ = {isa = PBXBuildFile; fileRef = 932C34E52A5D14B30032192A /* RecommentTextInputCollectionViewCell.swift */; };
		9347F9682A4D635A00A86FD5 /* UITextView+Extension.swift in Sources */ = {isa = PBXBuildFile; fileRef = 9347F9672A4D635A00A86FD5 /* UITextView+Extension.swift */; };
		936F88232A4AB6ED0062E759 /* Nuke in Frameworks */ = {isa = PBXBuildFile; productRef = 936F88222A4AB6ED0062E759 /* Nuke */; };
		936F88252A4ABD210062E759 /* PostDetailViewViewModel.swift in Sources */ = {isa = PBXBuildFile; fileRef = 936F88242A4ABD210062E759 /* PostDetailViewViewModel.swift */; };
		936F88282A4AC8860062E759 /* CommentTableViewCell.swift in Sources */ = {isa = PBXBuildFile; fileRef = 936F88272A4AC8860062E759 /* CommentTableViewCell.swift */; };
		936F882A2A4AC8B50062E759 /* CommentTableViewCellModel.swift in Sources */ = {isa = PBXBuildFile; fileRef = 936F88292A4AC8B50062E759 /* CommentTableViewCellModel.swift */; };
		936F882D2A4D0C710062E759 /* WritePostViewController.swift in Sources */ = {isa = PBXBuildFile; fileRef = 936F882C2A4D0C710062E759 /* WritePostViewController.swift */; };
		936F882F2A4D0DA20062E759 /* WritePostViewViewModel.swift in Sources */ = {isa = PBXBuildFile; fileRef = 936F882E2A4D0DA20062E759 /* WritePostViewViewModel.swift */; };
		936F88322A4D0DFF0062E759 /* FirebaseStorage in Frameworks */ = {isa = PBXBuildFile; productRef = 936F88312A4D0DFF0062E759 /* FirebaseStorage */; };
		937C764F2A457B2E001024D0 /* FirestoreManager.swift in Sources */ = {isa = PBXBuildFile; fileRef = 937C764E2A457B2E001024D0 /* FirestoreManager.swift */; };
		937C76522A457F0A001024D0 /* Post.swift in Sources */ = {isa = PBXBuildFile; fileRef = 937C76512A457F0A001024D0 /* Post.swift */; };
		937C76542A4586E5001024D0 /* Comment.swift in Sources */ = {isa = PBXBuildFile; fileRef = 937C76532A4586E5001024D0 /* Comment.swift */; };
		937C76562A4586F6001024D0 /* Recomment.swift in Sources */ = {isa = PBXBuildFile; fileRef = 937C76552A4586F6001024D0 /* Recomment.swift */; };
		937C76592A492C9D001024D0 /* UITableViewCell+Extension.swift in Sources */ = {isa = PBXBuildFile; fileRef = 937C76582A492C9D001024D0 /* UITableViewCell+Extension.swift */; };
		937C765B2A492DE7001024D0 /* UICollectionReusableView+Extension.swift in Sources */ = {isa = PBXBuildFile; fileRef = 937C765A2A492DE7001024D0 /* UICollectionReusableView+Extension.swift */; };
		937C765D2A492EBB001024D0 /* PostTableViewCell.swift in Sources */ = {isa = PBXBuildFile; fileRef = 937C765C2A492EBB001024D0 /* PostTableViewCell.swift */; };
		937C76602A492EED001024D0 /* PostTableViewCellModel.swift in Sources */ = {isa = PBXBuildFile; fileRef = 937C765F2A492EED001024D0 /* PostTableViewCellModel.swift */; };
		937C76622A494F85001024D0 /* PostViewViewModel.swift in Sources */ = {isa = PBXBuildFile; fileRef = 937C76612A494F85001024D0 /* PostViewViewModel.swift */; };
		937C76642A496106001024D0 /* PostDetailViewController.swift in Sources */ = {isa = PBXBuildFile; fileRef = 937C76632A496106001024D0 /* PostDetailViewController.swift */; };
		937C76662A497EBE001024D0 /* CampaignMetaData.swift in Sources */ = {isa = PBXBuildFile; fileRef = 937C76652A497EBE001024D0 /* CampaignMetaData.swift */; };
		9391946B2A78E3270035FEB1 /* RoutineSelectBottomSheetViewController.swift in Sources */ = {isa = PBXBuildFile; fileRef = 9391946A2A78E3270035FEB1 /* RoutineSelectBottomSheetViewController.swift */; };
		9391946D2A78E64C0035FEB1 /* RoutineSelectBottomSheetViewModel.swift in Sources */ = {isa = PBXBuildFile; fileRef = 9391946C2A78E64C0035FEB1 /* RoutineSelectBottomSheetViewModel.swift */; };
		93A2ED7F2A6A435900C2287D /* SideMenuViewViewModel.swift in Sources */ = {isa = PBXBuildFile; fileRef = 93A2ED7E2A6A435900C2287D /* SideMenuViewViewModel.swift */; };
		93A2ED812A6A54D900C2287D /* MyPageViewController.swift in Sources */ = {isa = PBXBuildFile; fileRef = 93A2ED802A6A54D900C2287D /* MyPageViewController.swift */; };
		93A2ED842A6A583200C2287D /* MyPageProfileCollectionViewCell.swift in Sources */ = {isa = PBXBuildFile; fileRef = 93A2ED832A6A583200C2287D /* MyPageProfileCollectionViewCell.swift */; };
		93A2ED872A6A5ADE00C2287D /* UserMissionDataView.swift in Sources */ = {isa = PBXBuildFile; fileRef = 93A2ED862A6A5ADE00C2287D /* UserMissionDataView.swift */; };
		93A2ED892A6A6C4100C2287D /* MyNftsCollectionViewCell.swift in Sources */ = {isa = PBXBuildFile; fileRef = 93A2ED882A6A6C4100C2287D /* MyNftsCollectionViewCell.swift */; };
		93A2ED8C2A6DFECF00C2287D /* Reward.swift in Sources */ = {isa = PBXBuildFile; fileRef = 93A2ED8B2A6DFECF00C2287D /* Reward.swift */; };
		93A2ED8E2A6E025000C2287D /* RewardsViewController.swift in Sources */ = {isa = PBXBuildFile; fileRef = 93A2ED8D2A6E025000C2287D /* RewardsViewController.swift */; };
		93A2ED902A6E0BD000C2287D /* RewardsViewViewModel.swift in Sources */ = {isa = PBXBuildFile; fileRef = 93A2ED8F2A6E0BD000C2287D /* RewardsViewViewModel.swift */; };
		93A2ED932A6E0EA200C2287D /* RankingViewController.swift in Sources */ = {isa = PBXBuildFile; fileRef = 93A2ED922A6E0EA200C2287D /* RankingViewController.swift */; };
		93A2ED952A6E12A000C2287D /* UPlusUser.swift in Sources */ = {isa = PBXBuildFile; fileRef = 93A2ED942A6E12A000C2287D /* UPlusUser.swift */; };
		93A2ED972A6E17BC00C2287D /* RankingViewViewModel.swift in Sources */ = {isa = PBXBuildFile; fileRef = 93A2ED962A6E17BC00C2287D /* RankingViewViewModel.swift */; };
		93A2ED9A2A6E1C9D00C2287D /* RankingMenuBar.swift in Sources */ = {isa = PBXBuildFile; fileRef = 93A2ED992A6E1C9D00C2287D /* RankingMenuBar.swift */; };
		93A2ED9C2A6E3BDD00C2287D /* RankBottomFlatSheetView.swift in Sources */ = {isa = PBXBuildFile; fileRef = 93A2ED9B2A6E3BDD00C2287D /* RankBottomFlatSheetView.swift */; };
		93A2ED9E2A6E411900C2287D /* TodayRankCollectionViewCell.swift in Sources */ = {isa = PBXBuildFile; fileRef = 93A2ED9D2A6E411900C2287D /* TodayRankCollectionViewCell.swift */; };
		93A2EDC22A6F9CF100C2287D /* MissionHistoryButtonCollectionViewCell.swift in Sources */ = {isa = PBXBuildFile; fileRef = 93A2EDC12A6F9CF100C2287D /* MissionHistoryButtonCollectionViewCell.swift */; };
		93A2EDC42A6FA2F200C2287D /* MissionHistoryCalendarCollectionViewCell.swift in Sources */ = {isa = PBXBuildFile; fileRef = 93A2EDC32A6FA2F200C2287D /* MissionHistoryCalendarCollectionViewCell.swift */; };
		93A2EDC72A6FA74400C2287D /* FSCalendar in Frameworks */ = {isa = PBXBuildFile; productRef = 93A2EDC62A6FA74400C2287D /* FSCalendar */; };
		93A2EDC92A6FB46D00C2287D /* MyMissionsCollectionViewCell.swift in Sources */ = {isa = PBXBuildFile; fileRef = 93A2EDC82A6FB46D00C2287D /* MyMissionsCollectionViewCell.swift */; };
		93A2EDCB2A725B4E00C2287D /* DailyRoutineMissionDetailViewController.swift in Sources */ = {isa = PBXBuildFile; fileRef = 93A2EDCA2A725B4E00C2287D /* DailyRoutineMissionDetailViewController.swift */; };
		93D174762A733C4F00F5B1B1 /* WeeklyAnswerQuizMissionDetailViewController.swift in Sources */ = {isa = PBXBuildFile; fileRef = 93D174752A733C4F00F5B1B1 /* WeeklyAnswerQuizMissionDetailViewController.swift */; };
		93D1747C2A734B1300F5B1B1 /* WeeklyAnswerQuizMissionCollectionViewCell.swift in Sources */ = {isa = PBXBuildFile; fileRef = 93D1747B2A734B1300F5B1B1 /* WeeklyAnswerQuizMissionCollectionViewCell.swift */; };
		93D1747E2A73806300F5B1B1 /* DailyRoutineMissionDetailViewViewModel.swift in Sources */ = {isa = PBXBuildFile; fileRef = 93D1747D2A73806300F5B1B1 /* DailyRoutineMissionDetailViewViewModel.swift */; };
		93D174822A7382BA00F5B1B1 /* DailyRoutineMissionStampCollectionViewCell.swift in Sources */ = {isa = PBXBuildFile; fileRef = 93D174812A7382BA00F5B1B1 /* DailyRoutineMissionStampCollectionViewCell.swift */; };
		93D174862A738C1000F5B1B1 /* StampCollectionViewCell.swift in Sources */ = {isa = PBXBuildFile; fileRef = 93D174852A738C1000F5B1B1 /* StampCollectionViewCell.swift */; };
		93D174882A7734E000F5B1B1 /* DailyRoutainStampCollectionViewCellHeader.swift in Sources */ = {isa = PBXBuildFile; fileRef = 93D174872A7734E000F5B1B1 /* DailyRoutainStampCollectionViewCellHeader.swift */; };
		93D1748A2A77376100F5B1B1 /* UploadPhotoButtonCollectionViewCellFooter.swift in Sources */ = {isa = PBXBuildFile; fileRef = 93D174892A77376100F5B1B1 /* UploadPhotoButtonCollectionViewCellFooter.swift */; };
		93D1748C2A773B0500F5B1B1 /* UploadPhotoButtonCollectionViewCell.swift in Sources */ = {isa = PBXBuildFile; fileRef = 93D1748B2A773B0500F5B1B1 /* UploadPhotoButtonCollectionViewCell.swift */; };
		93D1748E2A777C8A00F5B1B1 /* DailyMissionCompleteViewController.swift in Sources */ = {isa = PBXBuildFile; fileRef = 93D1748D2A777C8A00F5B1B1 /* DailyMissionCompleteViewController.swift */; };
		93D174902A7792F800F5B1B1 /* MissionAndEventCollectionViewHeader.swift in Sources */ = {isa = PBXBuildFile; fileRef = 93D1748F2A7792F800F5B1B1 /* MissionAndEventCollectionViewHeader.swift */; };
		93D174922A7796C100F5B1B1 /* UserProfileView.swift in Sources */ = {isa = PBXBuildFile; fileRef = 93D174912A7796C100F5B1B1 /* UserProfileView.swift */; };
		93D174942A7797DB00F5B1B1 /* WeeklyMissionCollectionViewCell.swift in Sources */ = {isa = PBXBuildFile; fileRef = 93D174932A7797DB00F5B1B1 /* WeeklyMissionCollectionViewCell.swift */; };
		93D174962A779D6000F5B1B1 /* RoutineMissionCollectionViewCell.swift in Sources */ = {isa = PBXBuildFile; fileRef = 93D174952A779D6000F5B1B1 /* RoutineMissionCollectionViewCell.swift */; };
		93E013832A65091F0005E342 /* MissionSideMenuPresentationController.swift in Sources */ = {isa = PBXBuildFile; fileRef = 93E013822A65091F0005E342 /* MissionSideMenuPresentationController.swift */; };
		93E013852A65175F0005E342 /* SideMenuPresentationManager.swift in Sources */ = {isa = PBXBuildFile; fileRef = 93E013842A65175F0005E342 /* SideMenuPresentationManager.swift */; };
		93E013872A6517AB0005E342 /* MissionMainViewController.swift in Sources */ = {isa = PBXBuildFile; fileRef = 93E013862A6517AB0005E342 /* MissionMainViewController.swift */; };
		93E013892A6518370005E342 /* SideMenuViewController.swift in Sources */ = {isa = PBXBuildFile; fileRef = 93E013882A6518370005E342 /* SideMenuViewController.swift */; };
		93E0138B2A651F730005E342 /* SideMenuPresentAnimator.swift in Sources */ = {isa = PBXBuildFile; fileRef = 93E0138A2A651F730005E342 /* SideMenuPresentAnimator.swift */; };
		93E013912A6619F80005E342 /* TodayMissionCollectionViewCell.swift in Sources */ = {isa = PBXBuildFile; fileRef = 93E013902A6619F80005E342 /* TodayMissionCollectionViewCell.swift */; };
		93E013932A6622E20005E342 /* MissionProfileCollectionViewCell.swift in Sources */ = {isa = PBXBuildFile; fileRef = 93E013922A6622E20005E342 /* MissionProfileCollectionViewCell.swift */; };
		93E013952A66260A0005E342 /* MissionMainViewViewModel.swift in Sources */ = {isa = PBXBuildFile; fileRef = 93E013942A66260A0005E342 /* MissionMainViewViewModel.swift */; };
		93E013972A664E6F0005E342 /* UPlusFont.swift in Sources */ = {isa = PBXBuildFile; fileRef = 93E013962A664E6F0005E342 /* UPlusFont.swift */; };
		93E013992A66527F0005E342 /* UPlusColor.swift in Sources */ = {isa = PBXBuildFile; fileRef = 93E013982A66527F0005E342 /* UPlusColor.swift */; };
		93E0139B2A6662B20005E342 /* DailyQuizMissionCollectionViewCell.swift in Sources */ = {isa = PBXBuildFile; fileRef = 93E0139A2A6662B20005E342 /* DailyQuizMissionCollectionViewCell.swift */; };
		93E0139D2A666E070005E342 /* UIStackView+Extension.swift in Sources */ = {isa = PBXBuildFile; fileRef = 93E0139C2A666E070005E342 /* UIStackView+Extension.swift */; };
		93E0139F2A6671DB0005E342 /* MissionCollectionViewHeader.swift in Sources */ = {isa = PBXBuildFile; fileRef = 93E0139E2A6671DB0005E342 /* MissionCollectionViewHeader.swift */; };
		93E013A12A6679E90005E342 /* DailyMissionCollectionViewCell.swift in Sources */ = {isa = PBXBuildFile; fileRef = 93E013A02A6679E90005E342 /* DailyMissionCollectionViewCell.swift */; };
		93E013A32A667F100005E342 /* SignUpCompleteViewController.swift in Sources */ = {isa = PBXBuildFile; fileRef = 93E013A22A667F100005E342 /* SignUpCompleteViewController.swift */; };
		93E013A62A68C0460005E342 /* WeeklyQuizMission.swift in Sources */ = {isa = PBXBuildFile; fileRef = 93E013A52A68C0460005E342 /* WeeklyQuizMission.swift */; };
		93E013A82A68C1D70005E342 /* AthleteMission.swift in Sources */ = {isa = PBXBuildFile; fileRef = 93E013A72A68C1D70005E342 /* AthleteMission.swift */; };
		93E013AA2A68C20E0005E342 /* EnvironmentalistMission.swift in Sources */ = {isa = PBXBuildFile; fileRef = 93E013A92A68C20E0005E342 /* EnvironmentalistMission.swift */; };
		93E013AC2A68C2350005E342 /* GoodWorkerMission.swift in Sources */ = {isa = PBXBuildFile; fileRef = 93E013AB2A68C2350005E342 /* GoodWorkerMission.swift */; };
		93E013AE2A68C4FE0005E342 /* SuddenMission.swift in Sources */ = {isa = PBXBuildFile; fileRef = 93E013AD2A68C4FE0005E342 /* SuddenMission.swift */; };
		93E013B02A6909A10005E342 /* WeeklyChoiceQuizMissionDetailViewController.swift in Sources */ = {isa = PBXBuildFile; fileRef = 93E013AF2A6909A10005E342 /* WeeklyChoiceQuizMissionDetailViewController.swift */; };
		93E013B22A690E9A0005E342 /* WeeklyMissionDetailViewViewModel.swift in Sources */ = {isa = PBXBuildFile; fileRef = 93E013B12A690E9A0005E342 /* WeeklyMissionDetailViewViewModel.swift */; };
		93E013B42A691F450005E342 /* WeeklyMissionCompleteViewController.swift in Sources */ = {isa = PBXBuildFile; fileRef = 93E013B32A691F450005E342 /* WeeklyMissionCompleteViewController.swift */; };
/* End PBXBuildFile section */

/* Begin PBXFileReference section */
		2417A59A2A67A9ED00AEC530 /* OnBoardingViewController.swift */ = {isa = PBXFileReference; lastKnownFileType = sourcecode.swift; path = OnBoardingViewController.swift; sourceTree = "<group>"; };
		2417A59D2A67C4E500AEC530 /* EditUserInfoViewController.swift */ = {isa = PBXFileReference; lastKnownFileType = sourcecode.swift; path = EditUserInfoViewController.swift; sourceTree = "<group>"; };
		2417A5A02A67C96900AEC530 /* InformationInputView.swift */ = {isa = PBXFileReference; lastKnownFileType = sourcecode.swift; path = InformationInputView.swift; sourceTree = "<group>"; };
		2417A5A22A67D84600AEC530 /* UIViewController+Preview.swift */ = {isa = PBXFileReference; lastKnownFileType = sourcecode.swift; path = "UIViewController+Preview.swift"; sourceTree = "<group>"; };
		2417A5A42A68146E00AEC530 /* DailyMissionCollectionViewCellViewModel.swift */ = {isa = PBXFileReference; lastKnownFileType = sourcecode.swift; path = DailyMissionCollectionViewCellViewModel.swift; sourceTree = "<group>"; };
		2417A5A62A6B980900AEC530 /* MyNftsCollectionViewFooter.swift */ = {isa = PBXFileReference; lastKnownFileType = sourcecode.swift; path = MyNftsCollectionViewFooter.swift; sourceTree = "<group>"; };
		244BBB0D2A54361D006C33D2 /* PostCommentCollectionViewCell.swift */ = {isa = PBXFileReference; lastKnownFileType = sourcecode.swift; path = PostCommentCollectionViewCell.swift; sourceTree = "<group>"; };
		244BBB0F2A5543CD006C33D2 /* DefaultCollectionViewCell.swift */ = {isa = PBXFileReference; lastKnownFileType = sourcecode.swift; path = DefaultCollectionViewCell.swift; sourceTree = "<group>"; };
		244BBB112A5561FA006C33D2 /* TextFieldCollectionViewCell.swift */ = {isa = PBXFileReference; lastKnownFileType = sourcecode.swift; path = TextFieldCollectionViewCell.swift; sourceTree = "<group>"; };
		244BBB132A556ED5006C33D2 /* TextFieldCollectionVeiwCellViewModel.swift */ = {isa = PBXFileReference; lastKnownFileType = sourcecode.swift; path = TextFieldCollectionVeiwCellViewModel.swift; sourceTree = "<group>"; };
		24542D4C2A7016A500F82CEA /* MyMissionsCollectionViewCellViewModel.swift */ = {isa = PBXFileReference; lastKnownFileType = sourcecode.swift; path = MyMissionsCollectionViewCellViewModel.swift; sourceTree = "<group>"; };
		24542D4E2A70AAE800F82CEA /* PhotoAuthMission.swift */ = {isa = PBXFileReference; lastKnownFileType = sourcecode.swift; path = PhotoAuthMission.swift; sourceTree = "<group>"; };
		24542D502A70AC0800F82CEA /* ChoiceQuizMission.swift */ = {isa = PBXFileReference; lastKnownFileType = sourcecode.swift; path = ChoiceQuizMission.swift; sourceTree = "<group>"; };
		24542D522A70AC7A00F82CEA /* ShortAnswerQuizMission.swift */ = {isa = PBXFileReference; lastKnownFileType = sourcecode.swift; path = ShortAnswerQuizMission.swift; sourceTree = "<group>"; };
		24542D542A70DE7D00F82CEA /* MyPageViewViewModel.swift */ = {isa = PBXFileReference; lastKnownFileType = sourcecode.swift; path = MyPageViewViewModel.swift; sourceTree = "<group>"; };
		24542D572A70E8E100F82CEA /* LoadingViewController.swift */ = {isa = PBXFileReference; lastKnownFileType = sourcecode.swift; path = LoadingViewController.swift; sourceTree = "<group>"; };
		24542D592A70F42D00F82CEA /* MyNftsCollectionViewHeader.swift */ = {isa = PBXFileReference; lastKnownFileType = sourcecode.swift; path = MyNftsCollectionViewHeader.swift; sourceTree = "<group>"; };
		24542D5F2A7113BD00F82CEA /* TotalRankCollectionViewCell.swift */ = {isa = PBXFileReference; lastKnownFileType = sourcecode.swift; path = TotalRankCollectionViewCell.swift; sourceTree = "<group>"; };
		247FC60B2A6776A2001F3974 /* BottomSheetViewController.swift */ = {isa = PBXFileReference; lastKnownFileType = sourcecode.swift; path = BottomSheetViewController.swift; sourceTree = "<group>"; };
		247FC60D2A678036001F3974 /* WelcomeBottomSheetViewController.swift */ = {isa = PBXFileReference; lastKnownFileType = sourcecode.swift; path = WelcomeBottomSheetViewController.swift; sourceTree = "<group>"; };
		247FC60F2A678E27001F3974 /* WelcomeBottomSheetViewViewModel.swift */ = {isa = PBXFileReference; lastKnownFileType = sourcecode.swift; path = WelcomeBottomSheetViewViewModel.swift; sourceTree = "<group>"; };
		24984ABC2A5A6D43001F28CF /* FirebaseStorageCacheManager.swift */ = {isa = PBXFileReference; lastKnownFileType = sourcecode.swift; path = FirebaseStorageCacheManager.swift; sourceTree = "<group>"; };
		249F59EE2A4EF403008CF6BE /* PhotoCollectionViewCell.swift */ = {isa = PBXFileReference; lastKnownFileType = sourcecode.swift; path = PhotoCollectionViewCell.swift; sourceTree = "<group>"; };
		249F59F02A500874008CF6BE /* UILabel+Extension.swift */ = {isa = PBXFileReference; lastKnownFileType = sourcecode.swift; path = "UILabel+Extension.swift"; sourceTree = "<group>"; };
		249F59F62A52F4F7008CF6BE /* PostDetailTableViewHeader.swift */ = {isa = PBXFileReference; lastKnownFileType = sourcecode.swift; path = PostDetailTableViewHeader.swift; sourceTree = "<group>"; };
		249F59F92A530B59008CF6BE /* CampaignView.swift */ = {isa = PBXFileReference; lastKnownFileType = sourcecode.swift; path = CampaignView.swift; sourceTree = "<group>"; };
		249F59FC2A53175F008CF6BE /* CampaignPostViewController.swift */ = {isa = PBXFileReference; lastKnownFileType = sourcecode.swift; path = CampaignPostViewController.swift; sourceTree = "<group>"; };
		24DB21802A77F54C00AE0174 /* PassThroughView.swift */ = {isa = PBXFileReference; lastKnownFileType = sourcecode.swift; path = PassThroughView.swift; sourceTree = "<group>"; };
		930D969E2A416AC30007801A /* UPlusNFT.app */ = {isa = PBXFileReference; explicitFileType = wrapper.application; includeInIndex = 0; path = UPlusNFT.app; sourceTree = BUILT_PRODUCTS_DIR; };
		930D96A12A416AC30007801A /* AppDelegate.swift */ = {isa = PBXFileReference; lastKnownFileType = sourcecode.swift; path = AppDelegate.swift; sourceTree = "<group>"; };
		930D96A32A416AC30007801A /* SceneDelegate.swift */ = {isa = PBXFileReference; lastKnownFileType = sourcecode.swift; path = SceneDelegate.swift; sourceTree = "<group>"; };
		930D96A52A416AC30007801A /* LoginViewController.swift */ = {isa = PBXFileReference; lastKnownFileType = sourcecode.swift; path = LoginViewController.swift; sourceTree = "<group>"; };
		930D96AA2A416AC40007801A /* Assets.xcassets */ = {isa = PBXFileReference; lastKnownFileType = folder.assetcatalog; path = Assets.xcassets; sourceTree = "<group>"; };
		930D96AD2A416AC40007801A /* Base */ = {isa = PBXFileReference; lastKnownFileType = file.storyboard; name = Base; path = Base.lproj/LaunchScreen.storyboard; sourceTree = "<group>"; };
		930D96AF2A416AC40007801A /* Info.plist */ = {isa = PBXFileReference; lastKnownFileType = text.plist.xml; path = Info.plist; sourceTree = "<group>"; };
		930D96B92A41824A0007801A /* GoogleService-Info.plist */ = {isa = PBXFileReference; fileEncoding = 4; lastKnownFileType = text.plist.xml; path = "GoogleService-Info.plist"; sourceTree = "<group>"; };
		930D96C52A41835B0007801A /* Constants.swift */ = {isa = PBXFileReference; lastKnownFileType = sourcecode.swift; path = Constants.swift; sourceTree = "<group>"; };
		930D96C82A4193A40007801A /* SignUpViewController.swift */ = {isa = PBXFileReference; lastKnownFileType = sourcecode.swift; path = SignUpViewController.swift; sourceTree = "<group>"; };
		930D96CA2A4194E50007801A /* SignUpViewViewModel.swift */ = {isa = PBXFileReference; lastKnownFileType = sourcecode.swift; path = SignUpViewViewModel.swift; sourceTree = "<group>"; };
		930D96CD2A4198020007801A /* UIView+Extension.swift */ = {isa = PBXFileReference; lastKnownFileType = sourcecode.swift; path = "UIView+Extension.swift"; sourceTree = "<group>"; };
		930D96CF2A428D6E0007801A /* UITextField+Extension.swift */ = {isa = PBXFileReference; lastKnownFileType = sourcecode.swift; path = "UITextField+Extension.swift"; sourceTree = "<group>"; };
		930D96D12A42D0900007801A /* UPlusNFT.entitlements */ = {isa = PBXFileReference; lastKnownFileType = text.plist.entitlements; path = UPlusNFT.entitlements; sourceTree = "<group>"; };
		930D96D22A42D8280007801A /* NSNotificationName+Extension.swift */ = {isa = PBXFileReference; lastKnownFileType = sourcecode.swift; path = "NSNotificationName+Extension.swift"; sourceTree = "<group>"; };
		930D96D42A42DC110007801A /* LoginViewViewModel.swift */ = {isa = PBXFileReference; lastKnownFileType = sourcecode.swift; path = LoginViewViewModel.swift; sourceTree = "<group>"; };
		930D96D72A43E5870007801A /* PostViewController.swift */ = {isa = PBXFileReference; lastKnownFileType = sourcecode.swift; path = PostViewController.swift; sourceTree = "<group>"; };
		930D96D92A44057C0007801A /* ResetPasswordViewController.swift */ = {isa = PBXFileReference; lastKnownFileType = sourcecode.swift; path = ResetPasswordViewController.swift; sourceTree = "<group>"; };
		930D96DC2A4406BA0007801A /* ResetPasswordViewViewModel.swift */ = {isa = PBXFileReference; lastKnownFileType = sourcecode.swift; path = ResetPasswordViewViewModel.swift; sourceTree = "<group>"; };
		930D96DE2A443C1C0007801A /* UIViewController+Extension.swift */ = {isa = PBXFileReference; lastKnownFileType = sourcecode.swift; path = "UIViewController+Extension.swift"; sourceTree = "<group>"; };
		930D96E02A4516630007801A /* UIButton+Extension.swift */ = {isa = PBXFileReference; lastKnownFileType = sourcecode.swift; path = "UIButton+Extension.swift"; sourceTree = "<group>"; };
		930D96E22A453D8D0007801A /* BackToLoginViewController.swift */ = {isa = PBXFileReference; lastKnownFileType = sourcecode.swift; path = BackToLoginViewController.swift; sourceTree = "<group>"; };
		930D96E82A4578550007801A /* GoogleService-Info.plist */ = {isa = PBXFileReference; lastKnownFileType = text.plist.xml; name = "GoogleService-Info.plist"; path = "../../../../UPlusNFT-Firestore/dev-lguplus-nft-platfarm/GoogleService-Info.plist"; sourceTree = "<group>"; };
		932C34CA2A5254A70032192A /* Date+Extention.swift */ = {isa = PBXFileReference; lastKnownFileType = sourcecode.swift; path = "Date+Extention.swift"; sourceTree = "<group>"; };
		932C34CC2A5260410032192A /* User.swift */ = {isa = PBXFileReference; lastKnownFileType = sourcecode.swift; path = User.swift; sourceTree = "<group>"; };
		932C34CE2A52B7520032192A /* UIColor+Extension.swift */ = {isa = PBXFileReference; lastKnownFileType = sourcecode.swift; path = "UIColor+Extension.swift"; sourceTree = "<group>"; };
		932C34D12A53ADEA0032192A /* MultipleQuizCollectionViewCell.swift */ = {isa = PBXFileReference; lastKnownFileType = sourcecode.swift; path = MultipleQuizCollectionViewCell.swift; sourceTree = "<group>"; };
		932C34D32A53AF300032192A /* CampaignCollectionViewCellViewModel.swift */ = {isa = PBXFileReference; lastKnownFileType = sourcecode.swift; path = CampaignCollectionViewCellViewModel.swift; sourceTree = "<group>"; };
		932C34D52A53E2120032192A /* ShortQuizCollectionViewCell.swift */ = {isa = PBXFileReference; lastKnownFileType = sourcecode.swift; path = ShortQuizCollectionViewCell.swift; sourceTree = "<group>"; };
		932C34D72A53F5330032192A /* UIControl+Combine.swift */ = {isa = PBXFileReference; lastKnownFileType = sourcecode.swift; path = "UIControl+Combine.swift"; sourceTree = "<group>"; };
		932C34D92A53F7960032192A /* CommentCampaignCollectionViewCell.swift */ = {isa = PBXFileReference; lastKnownFileType = sourcecode.swift; path = CommentCampaignCollectionViewCell.swift; sourceTree = "<group>"; };
		932C34DB2A5401B80032192A /* CampaignPostViewViewModel.swift */ = {isa = PBXFileReference; lastKnownFileType = sourcecode.swift; path = CampaignPostViewViewModel.swift; sourceTree = "<group>"; };
		932C34DD2A540D2B0032192A /* PostDetailCollectionViewHeader.swift */ = {isa = PBXFileReference; lastKnownFileType = sourcecode.swift; path = PostDetailCollectionViewHeader.swift; sourceTree = "<group>"; };
		932C34DF2A57A06A0032192A /* URL+Extension.swift */ = {isa = PBXFileReference; lastKnownFileType = sourcecode.swift; path = "URL+Extension.swift"; sourceTree = "<group>"; };
		932C34E12A5BCE0B0032192A /* CampaignCommentEditView.swift */ = {isa = PBXFileReference; lastKnownFileType = sourcecode.swift; path = CampaignCommentEditView.swift; sourceTree = "<group>"; };
		932C34E32A5BCE700032192A /* CampaignCommentDefaultView.swift */ = {isa = PBXFileReference; lastKnownFileType = sourcecode.swift; path = CampaignCommentDefaultView.swift; sourceTree = "<group>"; };
		932C34E52A5D14B30032192A /* RecommentTextInputCollectionViewCell.swift */ = {isa = PBXFileReference; lastKnownFileType = sourcecode.swift; path = RecommentTextInputCollectionViewCell.swift; sourceTree = "<group>"; };
		9347F9672A4D635A00A86FD5 /* UITextView+Extension.swift */ = {isa = PBXFileReference; lastKnownFileType = sourcecode.swift; path = "UITextView+Extension.swift"; sourceTree = "<group>"; };
		936F88242A4ABD210062E759 /* PostDetailViewViewModel.swift */ = {isa = PBXFileReference; lastKnownFileType = sourcecode.swift; path = PostDetailViewViewModel.swift; sourceTree = "<group>"; };
		936F88272A4AC8860062E759 /* CommentTableViewCell.swift */ = {isa = PBXFileReference; lastKnownFileType = sourcecode.swift; path = CommentTableViewCell.swift; sourceTree = "<group>"; };
		936F88292A4AC8B50062E759 /* CommentTableViewCellModel.swift */ = {isa = PBXFileReference; lastKnownFileType = sourcecode.swift; path = CommentTableViewCellModel.swift; sourceTree = "<group>"; };
		936F882C2A4D0C710062E759 /* WritePostViewController.swift */ = {isa = PBXFileReference; lastKnownFileType = sourcecode.swift; path = WritePostViewController.swift; sourceTree = "<group>"; };
		936F882E2A4D0DA20062E759 /* WritePostViewViewModel.swift */ = {isa = PBXFileReference; lastKnownFileType = sourcecode.swift; path = WritePostViewViewModel.swift; sourceTree = "<group>"; };
		937C764E2A457B2E001024D0 /* FirestoreManager.swift */ = {isa = PBXFileReference; lastKnownFileType = sourcecode.swift; path = FirestoreManager.swift; sourceTree = "<group>"; };
		937C76512A457F0A001024D0 /* Post.swift */ = {isa = PBXFileReference; lastKnownFileType = sourcecode.swift; path = Post.swift; sourceTree = "<group>"; };
		937C76532A4586E5001024D0 /* Comment.swift */ = {isa = PBXFileReference; lastKnownFileType = sourcecode.swift; path = Comment.swift; sourceTree = "<group>"; };
		937C76552A4586F6001024D0 /* Recomment.swift */ = {isa = PBXFileReference; lastKnownFileType = sourcecode.swift; path = Recomment.swift; sourceTree = "<group>"; };
		937C76582A492C9D001024D0 /* UITableViewCell+Extension.swift */ = {isa = PBXFileReference; lastKnownFileType = sourcecode.swift; path = "UITableViewCell+Extension.swift"; sourceTree = "<group>"; };
		937C765A2A492DE7001024D0 /* UICollectionReusableView+Extension.swift */ = {isa = PBXFileReference; lastKnownFileType = sourcecode.swift; path = "UICollectionReusableView+Extension.swift"; sourceTree = "<group>"; };
		937C765C2A492EBB001024D0 /* PostTableViewCell.swift */ = {isa = PBXFileReference; lastKnownFileType = sourcecode.swift; path = PostTableViewCell.swift; sourceTree = "<group>"; };
		937C765F2A492EED001024D0 /* PostTableViewCellModel.swift */ = {isa = PBXFileReference; lastKnownFileType = sourcecode.swift; path = PostTableViewCellModel.swift; sourceTree = "<group>"; };
		937C76612A494F85001024D0 /* PostViewViewModel.swift */ = {isa = PBXFileReference; lastKnownFileType = sourcecode.swift; path = PostViewViewModel.swift; sourceTree = "<group>"; };
		937C76632A496106001024D0 /* PostDetailViewController.swift */ = {isa = PBXFileReference; lastKnownFileType = sourcecode.swift; path = PostDetailViewController.swift; sourceTree = "<group>"; };
		937C76652A497EBE001024D0 /* CampaignMetaData.swift */ = {isa = PBXFileReference; lastKnownFileType = sourcecode.swift; path = CampaignMetaData.swift; sourceTree = "<group>"; };
		9391946A2A78E3270035FEB1 /* RoutineSelectBottomSheetViewController.swift */ = {isa = PBXFileReference; lastKnownFileType = sourcecode.swift; path = RoutineSelectBottomSheetViewController.swift; sourceTree = "<group>"; };
		9391946C2A78E64C0035FEB1 /* RoutineSelectBottomSheetViewModel.swift */ = {isa = PBXFileReference; lastKnownFileType = sourcecode.swift; path = RoutineSelectBottomSheetViewModel.swift; sourceTree = "<group>"; };
		93A2ED7E2A6A435900C2287D /* SideMenuViewViewModel.swift */ = {isa = PBXFileReference; lastKnownFileType = sourcecode.swift; path = SideMenuViewViewModel.swift; sourceTree = "<group>"; };
		93A2ED802A6A54D900C2287D /* MyPageViewController.swift */ = {isa = PBXFileReference; lastKnownFileType = sourcecode.swift; path = MyPageViewController.swift; sourceTree = "<group>"; };
		93A2ED832A6A583200C2287D /* MyPageProfileCollectionViewCell.swift */ = {isa = PBXFileReference; lastKnownFileType = sourcecode.swift; path = MyPageProfileCollectionViewCell.swift; sourceTree = "<group>"; };
		93A2ED862A6A5ADE00C2287D /* UserMissionDataView.swift */ = {isa = PBXFileReference; lastKnownFileType = sourcecode.swift; path = UserMissionDataView.swift; sourceTree = "<group>"; };
		93A2ED882A6A6C4100C2287D /* MyNftsCollectionViewCell.swift */ = {isa = PBXFileReference; lastKnownFileType = sourcecode.swift; path = MyNftsCollectionViewCell.swift; sourceTree = "<group>"; };
		93A2ED8B2A6DFECF00C2287D /* Reward.swift */ = {isa = PBXFileReference; lastKnownFileType = sourcecode.swift; path = Reward.swift; sourceTree = "<group>"; };
		93A2ED8D2A6E025000C2287D /* RewardsViewController.swift */ = {isa = PBXFileReference; lastKnownFileType = sourcecode.swift; path = RewardsViewController.swift; sourceTree = "<group>"; };
		93A2ED8F2A6E0BD000C2287D /* RewardsViewViewModel.swift */ = {isa = PBXFileReference; lastKnownFileType = sourcecode.swift; path = RewardsViewViewModel.swift; sourceTree = "<group>"; };
		93A2ED922A6E0EA200C2287D /* RankingViewController.swift */ = {isa = PBXFileReference; lastKnownFileType = sourcecode.swift; path = RankingViewController.swift; sourceTree = "<group>"; };
		93A2ED942A6E12A000C2287D /* UPlusUser.swift */ = {isa = PBXFileReference; lastKnownFileType = sourcecode.swift; path = UPlusUser.swift; sourceTree = "<group>"; };
		93A2ED962A6E17BC00C2287D /* RankingViewViewModel.swift */ = {isa = PBXFileReference; lastKnownFileType = sourcecode.swift; path = RankingViewViewModel.swift; sourceTree = "<group>"; };
		93A2ED992A6E1C9D00C2287D /* RankingMenuBar.swift */ = {isa = PBXFileReference; lastKnownFileType = sourcecode.swift; path = RankingMenuBar.swift; sourceTree = "<group>"; };
		93A2ED9B2A6E3BDD00C2287D /* RankBottomFlatSheetView.swift */ = {isa = PBXFileReference; lastKnownFileType = sourcecode.swift; path = RankBottomFlatSheetView.swift; sourceTree = "<group>"; };
		93A2ED9D2A6E411900C2287D /* TodayRankCollectionViewCell.swift */ = {isa = PBXFileReference; lastKnownFileType = sourcecode.swift; path = TodayRankCollectionViewCell.swift; sourceTree = "<group>"; };
		93A2EDC12A6F9CF100C2287D /* MissionHistoryButtonCollectionViewCell.swift */ = {isa = PBXFileReference; lastKnownFileType = sourcecode.swift; path = MissionHistoryButtonCollectionViewCell.swift; sourceTree = "<group>"; };
		93A2EDC32A6FA2F200C2287D /* MissionHistoryCalendarCollectionViewCell.swift */ = {isa = PBXFileReference; lastKnownFileType = sourcecode.swift; path = MissionHistoryCalendarCollectionViewCell.swift; sourceTree = "<group>"; };
		93A2EDC82A6FB46D00C2287D /* MyMissionsCollectionViewCell.swift */ = {isa = PBXFileReference; lastKnownFileType = sourcecode.swift; path = MyMissionsCollectionViewCell.swift; sourceTree = "<group>"; };
		93A2EDCA2A725B4E00C2287D /* DailyRoutineMissionDetailViewController.swift */ = {isa = PBXFileReference; lastKnownFileType = sourcecode.swift; path = DailyRoutineMissionDetailViewController.swift; sourceTree = "<group>"; };
		93D174752A733C4F00F5B1B1 /* WeeklyAnswerQuizMissionDetailViewController.swift */ = {isa = PBXFileReference; lastKnownFileType = sourcecode.swift; path = WeeklyAnswerQuizMissionDetailViewController.swift; sourceTree = "<group>"; };
		93D1747B2A734B1300F5B1B1 /* WeeklyAnswerQuizMissionCollectionViewCell.swift */ = {isa = PBXFileReference; lastKnownFileType = sourcecode.swift; path = WeeklyAnswerQuizMissionCollectionViewCell.swift; sourceTree = "<group>"; };
		93D1747D2A73806300F5B1B1 /* DailyRoutineMissionDetailViewViewModel.swift */ = {isa = PBXFileReference; lastKnownFileType = sourcecode.swift; path = DailyRoutineMissionDetailViewViewModel.swift; sourceTree = "<group>"; };
		93D174812A7382BA00F5B1B1 /* DailyRoutineMissionStampCollectionViewCell.swift */ = {isa = PBXFileReference; lastKnownFileType = sourcecode.swift; path = DailyRoutineMissionStampCollectionViewCell.swift; sourceTree = "<group>"; };
		93D174852A738C1000F5B1B1 /* StampCollectionViewCell.swift */ = {isa = PBXFileReference; lastKnownFileType = sourcecode.swift; path = StampCollectionViewCell.swift; sourceTree = "<group>"; };
		93D174872A7734E000F5B1B1 /* DailyRoutainStampCollectionViewCellHeader.swift */ = {isa = PBXFileReference; lastKnownFileType = sourcecode.swift; path = DailyRoutainStampCollectionViewCellHeader.swift; sourceTree = "<group>"; };
		93D174892A77376100F5B1B1 /* UploadPhotoButtonCollectionViewCellFooter.swift */ = {isa = PBXFileReference; lastKnownFileType = sourcecode.swift; path = UploadPhotoButtonCollectionViewCellFooter.swift; sourceTree = "<group>"; };
		93D1748B2A773B0500F5B1B1 /* UploadPhotoButtonCollectionViewCell.swift */ = {isa = PBXFileReference; lastKnownFileType = sourcecode.swift; path = UploadPhotoButtonCollectionViewCell.swift; sourceTree = "<group>"; };
		93D1748D2A777C8A00F5B1B1 /* DailyMissionCompleteViewController.swift */ = {isa = PBXFileReference; lastKnownFileType = sourcecode.swift; path = DailyMissionCompleteViewController.swift; sourceTree = "<group>"; };
		93D1748F2A7792F800F5B1B1 /* MissionAndEventCollectionViewHeader.swift */ = {isa = PBXFileReference; lastKnownFileType = sourcecode.swift; path = MissionAndEventCollectionViewHeader.swift; sourceTree = "<group>"; };
		93D174912A7796C100F5B1B1 /* UserProfileView.swift */ = {isa = PBXFileReference; lastKnownFileType = sourcecode.swift; path = UserProfileView.swift; sourceTree = "<group>"; };
		93D174932A7797DB00F5B1B1 /* WeeklyMissionCollectionViewCell.swift */ = {isa = PBXFileReference; lastKnownFileType = sourcecode.swift; path = WeeklyMissionCollectionViewCell.swift; sourceTree = "<group>"; };
		93D174952A779D6000F5B1B1 /* RoutineMissionCollectionViewCell.swift */ = {isa = PBXFileReference; lastKnownFileType = sourcecode.swift; path = RoutineMissionCollectionViewCell.swift; sourceTree = "<group>"; };
		93E013822A65091F0005E342 /* MissionSideMenuPresentationController.swift */ = {isa = PBXFileReference; lastKnownFileType = sourcecode.swift; path = MissionSideMenuPresentationController.swift; sourceTree = "<group>"; };
		93E013842A65175F0005E342 /* SideMenuPresentationManager.swift */ = {isa = PBXFileReference; lastKnownFileType = sourcecode.swift; path = SideMenuPresentationManager.swift; sourceTree = "<group>"; };
		93E013862A6517AB0005E342 /* MissionMainViewController.swift */ = {isa = PBXFileReference; lastKnownFileType = sourcecode.swift; path = MissionMainViewController.swift; sourceTree = "<group>"; };
		93E013882A6518370005E342 /* SideMenuViewController.swift */ = {isa = PBXFileReference; lastKnownFileType = sourcecode.swift; path = SideMenuViewController.swift; sourceTree = "<group>"; };
		93E0138A2A651F730005E342 /* SideMenuPresentAnimator.swift */ = {isa = PBXFileReference; lastKnownFileType = sourcecode.swift; path = SideMenuPresentAnimator.swift; sourceTree = "<group>"; };
		93E013902A6619F80005E342 /* TodayMissionCollectionViewCell.swift */ = {isa = PBXFileReference; lastKnownFileType = sourcecode.swift; path = TodayMissionCollectionViewCell.swift; sourceTree = "<group>"; };
		93E013922A6622E20005E342 /* MissionProfileCollectionViewCell.swift */ = {isa = PBXFileReference; lastKnownFileType = sourcecode.swift; path = MissionProfileCollectionViewCell.swift; sourceTree = "<group>"; };
		93E013942A66260A0005E342 /* MissionMainViewViewModel.swift */ = {isa = PBXFileReference; lastKnownFileType = sourcecode.swift; path = MissionMainViewViewModel.swift; sourceTree = "<group>"; };
		93E013962A664E6F0005E342 /* UPlusFont.swift */ = {isa = PBXFileReference; lastKnownFileType = sourcecode.swift; name = UPlusFont.swift; path = UPlusNFT/ViewControllers/Mission/SideMenu/UPlusFont.swift; sourceTree = SOURCE_ROOT; };
		93E013982A66527F0005E342 /* UPlusColor.swift */ = {isa = PBXFileReference; lastKnownFileType = sourcecode.swift; name = UPlusColor.swift; path = UPlusNFT/ViewControllers/Mission/SideMenu/UPlusColor.swift; sourceTree = SOURCE_ROOT; };
		93E0139A2A6662B20005E342 /* DailyQuizMissionCollectionViewCell.swift */ = {isa = PBXFileReference; lastKnownFileType = sourcecode.swift; path = DailyQuizMissionCollectionViewCell.swift; sourceTree = "<group>"; };
		93E0139C2A666E070005E342 /* UIStackView+Extension.swift */ = {isa = PBXFileReference; lastKnownFileType = sourcecode.swift; path = "UIStackView+Extension.swift"; sourceTree = "<group>"; };
		93E0139E2A6671DB0005E342 /* MissionCollectionViewHeader.swift */ = {isa = PBXFileReference; lastKnownFileType = sourcecode.swift; path = MissionCollectionViewHeader.swift; sourceTree = "<group>"; };
		93E013A02A6679E90005E342 /* DailyMissionCollectionViewCell.swift */ = {isa = PBXFileReference; lastKnownFileType = sourcecode.swift; path = DailyMissionCollectionViewCell.swift; sourceTree = "<group>"; };
		93E013A22A667F100005E342 /* SignUpCompleteViewController.swift */ = {isa = PBXFileReference; lastKnownFileType = sourcecode.swift; path = SignUpCompleteViewController.swift; sourceTree = "<group>"; };
		93E013A52A68C0460005E342 /* WeeklyQuizMission.swift */ = {isa = PBXFileReference; lastKnownFileType = sourcecode.swift; path = WeeklyQuizMission.swift; sourceTree = "<group>"; };
		93E013A72A68C1D70005E342 /* AthleteMission.swift */ = {isa = PBXFileReference; lastKnownFileType = sourcecode.swift; path = AthleteMission.swift; sourceTree = "<group>"; };
		93E013A92A68C20E0005E342 /* EnvironmentalistMission.swift */ = {isa = PBXFileReference; lastKnownFileType = sourcecode.swift; path = EnvironmentalistMission.swift; sourceTree = "<group>"; };
		93E013AB2A68C2350005E342 /* GoodWorkerMission.swift */ = {isa = PBXFileReference; lastKnownFileType = sourcecode.swift; path = GoodWorkerMission.swift; sourceTree = "<group>"; };
		93E013AD2A68C4FE0005E342 /* SuddenMission.swift */ = {isa = PBXFileReference; lastKnownFileType = sourcecode.swift; path = SuddenMission.swift; sourceTree = "<group>"; };
		93E013AF2A6909A10005E342 /* WeeklyChoiceQuizMissionDetailViewController.swift */ = {isa = PBXFileReference; lastKnownFileType = sourcecode.swift; path = WeeklyChoiceQuizMissionDetailViewController.swift; sourceTree = "<group>"; };
		93E013B12A690E9A0005E342 /* WeeklyMissionDetailViewViewModel.swift */ = {isa = PBXFileReference; lastKnownFileType = sourcecode.swift; path = WeeklyMissionDetailViewViewModel.swift; sourceTree = "<group>"; };
		93E013B32A691F450005E342 /* WeeklyMissionCompleteViewController.swift */ = {isa = PBXFileReference; lastKnownFileType = sourcecode.swift; path = WeeklyMissionCompleteViewController.swift; sourceTree = "<group>"; };
/* End PBXFileReference section */

/* Begin PBXFrameworksBuildPhase section */
		930D969B2A416AC30007801A /* Frameworks */ = {
			isa = PBXFrameworksBuildPhase;
			buildActionMask = 2147483647;
			files = (
				930D96BD2A41828E0007801A /* FirebaseAnalytics in Frameworks */,
				930D96BF2A41828E0007801A /* FirebaseAuth in Frameworks */,
				930D96C12A41828E0007801A /* FirebaseFirestore in Frameworks */,
				930D96C32A41828E0007801A /* FirebaseFirestoreSwift in Frameworks */,
				936F88232A4AB6ED0062E759 /* Nuke in Frameworks */,
				93A2EDC72A6FA74400C2287D /* FSCalendar in Frameworks */,
				936F88322A4D0DFF0062E759 /* FirebaseStorage in Frameworks */,
			);
			runOnlyForDeploymentPostprocessing = 0;
		};
/* End PBXFrameworksBuildPhase section */

/* Begin PBXGroup section */
		2417A5992A67A9CE00AEC530 /* OnBoarding */ = {
			isa = PBXGroup;
			children = (
				2417A59A2A67A9ED00AEC530 /* OnBoardingViewController.swift */,
			);
			path = OnBoarding;
			sourceTree = "<group>";
		};
		2417A59C2A67C4C600AEC530 /* UserProfile */ = {
			isa = PBXGroup;
			children = (
				2417A59D2A67C4E500AEC530 /* EditUserInfoViewController.swift */,
				93A2ED802A6A54D900C2287D /* MyPageViewController.swift */,
				93A2ED8D2A6E025000C2287D /* RewardsViewController.swift */,
				93A2ED8F2A6E0BD000C2287D /* RewardsViewViewModel.swift */,
				24542D542A70DE7D00F82CEA /* MyPageViewViewModel.swift */,
			);
			path = UserProfile;
			sourceTree = "<group>";
		};
		2417A59F2A67C93800AEC530 /* SingUpView */ = {
			isa = PBXGroup;
			children = (
				2417A5A02A67C96900AEC530 /* InformationInputView.swift */,
			);
			path = SingUpView;
			sourceTree = "<group>";
		};
		24542D562A70E8BF00F82CEA /* Loading */ = {
			isa = PBXGroup;
			children = (
				24542D572A70E8E100F82CEA /* LoadingViewController.swift */,
			);
			path = Loading;
			sourceTree = "<group>";
		};
		24542D5B2A7101F200F82CEA /* Posts */ = {
			isa = PBXGroup;
			children = (
				937C76512A457F0A001024D0 /* Post.swift */,
				937C76532A4586E5001024D0 /* Comment.swift */,
				937C76552A4586F6001024D0 /* Recomment.swift */,
				937C76652A497EBE001024D0 /* CampaignMetaData.swift */,
				932C34CC2A5260410032192A /* User.swift */,
			);
			path = Posts;
			sourceTree = "<group>";
		};
		24542D5C2A71020500F82CEA /* UplusUser */ = {
			isa = PBXGroup;
			children = (
				93A2ED942A6E12A000C2287D /* UPlusUser.swift */,
			);
			path = UplusUser;
			sourceTree = "<group>";
		};
		247FC60A2A677672001F3974 /* BottomSheet */ = {
			isa = PBXGroup;
			children = (
				247FC60B2A6776A2001F3974 /* BottomSheetViewController.swift */,
				247FC60D2A678036001F3974 /* WelcomeBottomSheetViewController.swift */,
				247FC60F2A678E27001F3974 /* WelcomeBottomSheetViewViewModel.swift */,
			);
			path = BottomSheet;
			sourceTree = "<group>";
		};
		24984ABB2A5A6D25001F28CF /* Managers */ = {
			isa = PBXGroup;
			children = (
				937C764E2A457B2E001024D0 /* FirestoreManager.swift */,
				24984ABC2A5A6D43001F28CF /* FirebaseStorageCacheManager.swift */,
			);
			path = Managers;
			sourceTree = "<group>";
		};
		249F59ED2A4EF3F3008CF6BE /* PhotoCollectionView */ = {
			isa = PBXGroup;
			children = (
				249F59EE2A4EF403008CF6BE /* PhotoCollectionViewCell.swift */,
			);
			path = PhotoCollectionView;
			sourceTree = "<group>";
		};
		249F59F52A52F3FB008CF6BE /* PostDetailTableViewHeader */ = {
			isa = PBXGroup;
			children = (
				249F59F62A52F4F7008CF6BE /* PostDetailTableViewHeader.swift */,
				932C34DD2A540D2B0032192A /* PostDetailCollectionViewHeader.swift */,
			);
			path = PostDetailTableViewHeader;
			sourceTree = "<group>";
		};
		249F59F82A530A71008CF6BE /* CampaignView */ = {
			isa = PBXGroup;
			children = (
				249F59F92A530B59008CF6BE /* CampaignView.swift */,
			);
			path = CampaignView;
			sourceTree = "<group>";
		};
		249F59FB2A531744008CF6BE /* CampaignPost */ = {
			isa = PBXGroup;
			children = (
				249F59FC2A53175F008CF6BE /* CampaignPostViewController.swift */,
				932C34DB2A5401B80032192A /* CampaignPostViewViewModel.swift */,
			);
			path = CampaignPost;
			sourceTree = "<group>";
		};
		930D96952A416AC30007801A = {
			isa = PBXGroup;
			children = (
				930D96A02A416AC30007801A /* UPlusNFT */,
				930D969F2A416AC30007801A /* Products */,
				936F88302A4D0DFF0062E759 /* Frameworks */,
			);
			sourceTree = "<group>";
		};
		930D969F2A416AC30007801A /* Products */ = {
			isa = PBXGroup;
			children = (
				930D969E2A416AC30007801A /* UPlusNFT.app */,
			);
			name = Products;
			sourceTree = "<group>";
		};
		930D96A02A416AC30007801A /* UPlusNFT */ = {
			isa = PBXGroup;
			children = (
				930D96B52A416AE10007801A /* Supporting Files */,
				24984ABB2A5A6D25001F28CF /* Managers */,
				930D96CC2A4197E90007801A /* Extensions */,
				930D96C42A41834C0007801A /* Constants */,
				937C76502A457EF4001024D0 /* Models */,
				937C764D2A457B1F001024D0 /* Utilities */,
				930D96E52A45739A0007801A /* Firebase */,
				937C76572A492B8F001024D0 /* Views */,
				930D96B72A416E7C0007801A /* ViewControllers */,
				930D96D12A42D0900007801A /* UPlusNFT.entitlements */,
				930D96AF2A416AC40007801A /* Info.plist */,
			);
			path = UPlusNFT;
			sourceTree = "<group>";
		};
		930D96B52A416AE10007801A /* Supporting Files */ = {
			isa = PBXGroup;
			children = (
				930D96A12A416AC30007801A /* AppDelegate.swift */,
				930D96A32A416AC30007801A /* SceneDelegate.swift */,
				930D96AA2A416AC40007801A /* Assets.xcassets */,
				930D96AC2A416AC40007801A /* LaunchScreen.storyboard */,
			);
			path = "Supporting Files";
			sourceTree = "<group>";
		};
		930D96B72A416E7C0007801A /* ViewControllers */ = {
			isa = PBXGroup;
			children = (
				24542D562A70E8BF00F82CEA /* Loading */,
				93A2ED912A6E0E8D00C2287D /* Ranking */,
				2417A59C2A67C4C600AEC530 /* UserProfile */,
				2417A5992A67A9CE00AEC530 /* OnBoarding */,
				247FC60A2A677672001F3974 /* BottomSheet */,
				93E013812A6507B50005E342 /* Mission */,
				249F59FB2A531744008CF6BE /* CampaignPost */,
				936F882B2A4D0C590062E759 /* WritePost */,
				930D96DB2A4406660007801A /* ResetPassword */,
				930D96D62A43E5770007801A /* Post */,
				930D96C72A41938B0007801A /* SignUp */,
				930D96B82A417EDC0007801A /* Login */,
			);
			path = ViewControllers;
			sourceTree = "<group>";
		};
		930D96B82A417EDC0007801A /* Login */ = {
			isa = PBXGroup;
			children = (
				930D96A52A416AC30007801A /* LoginViewController.swift */,
				930D96D42A42DC110007801A /* LoginViewViewModel.swift */,
				930D96E22A453D8D0007801A /* BackToLoginViewController.swift */,
			);
			path = Login;
			sourceTree = "<group>";
		};
		930D96C42A41834C0007801A /* Constants */ = {
			isa = PBXGroup;
			children = (
				930D96C52A41835B0007801A /* Constants.swift */,
			);
			path = Constants;
			sourceTree = "<group>";
		};
		930D96C72A41938B0007801A /* SignUp */ = {
			isa = PBXGroup;
			children = (
				930D96C82A4193A40007801A /* SignUpViewController.swift */,
				930D96CA2A4194E50007801A /* SignUpViewViewModel.swift */,
				93E013A22A667F100005E342 /* SignUpCompleteViewController.swift */,
			);
			path = SignUp;
			sourceTree = "<group>";
		};
		930D96CC2A4197E90007801A /* Extensions */ = {
			isa = PBXGroup;
			children = (
				930D96CD2A4198020007801A /* UIView+Extension.swift */,
				930D96CF2A428D6E0007801A /* UITextField+Extension.swift */,
				930D96D22A42D8280007801A /* NSNotificationName+Extension.swift */,
				930D96DE2A443C1C0007801A /* UIViewController+Extension.swift */,
				930D96E02A4516630007801A /* UIButton+Extension.swift */,
				937C76582A492C9D001024D0 /* UITableViewCell+Extension.swift */,
				937C765A2A492DE7001024D0 /* UICollectionReusableView+Extension.swift */,
				9347F9672A4D635A00A86FD5 /* UITextView+Extension.swift */,
				249F59F02A500874008CF6BE /* UILabel+Extension.swift */,
				932C34CA2A5254A70032192A /* Date+Extention.swift */,
				932C34CE2A52B7520032192A /* UIColor+Extension.swift */,
				932C34D72A53F5330032192A /* UIControl+Combine.swift */,
				932C34DF2A57A06A0032192A /* URL+Extension.swift */,
				93E0139C2A666E070005E342 /* UIStackView+Extension.swift */,
				2417A5A22A67D84600AEC530 /* UIViewController+Preview.swift */,
			);
			path = Extensions;
			sourceTree = "<group>";
		};
		930D96D62A43E5770007801A /* Post */ = {
			isa = PBXGroup;
			children = (
				930D96D72A43E5870007801A /* PostViewController.swift */,
				937C76612A494F85001024D0 /* PostViewViewModel.swift */,
				937C76632A496106001024D0 /* PostDetailViewController.swift */,
				936F88242A4ABD210062E759 /* PostDetailViewViewModel.swift */,
			);
			path = Post;
			sourceTree = "<group>";
		};
		930D96DB2A4406660007801A /* ResetPassword */ = {
			isa = PBXGroup;
			children = (
				930D96D92A44057C0007801A /* ResetPasswordViewController.swift */,
				930D96DC2A4406BA0007801A /* ResetPasswordViewViewModel.swift */,
			);
			path = ResetPassword;
			sourceTree = "<group>";
		};
		930D96E52A45739A0007801A /* Firebase */ = {
			isa = PBXGroup;
			children = (
				930D96E72A4573C00007801A /* PROD */,
				930D96E62A4573B50007801A /* DEV */,
			);
			path = Firebase;
			sourceTree = "<group>";
		};
		930D96E62A4573B50007801A /* DEV */ = {
			isa = PBXGroup;
			children = (
				930D96B92A41824A0007801A /* GoogleService-Info.plist */,
			);
			path = DEV;
			sourceTree = "<group>";
		};
		930D96E72A4573C00007801A /* PROD */ = {
			isa = PBXGroup;
			children = (
				930D96E82A4578550007801A /* GoogleService-Info.plist */,
			);
			path = PROD;
			sourceTree = "<group>";
		};
		932C34D02A53ADBA0032192A /* CampaignCollectionViewCell */ = {
			isa = PBXGroup;
			children = (
				932C34D12A53ADEA0032192A /* MultipleQuizCollectionViewCell.swift */,
				932C34D32A53AF300032192A /* CampaignCollectionViewCellViewModel.swift */,
				932C34D52A53E2120032192A /* ShortQuizCollectionViewCell.swift */,
				932C34D92A53F7960032192A /* CommentCampaignCollectionViewCell.swift */,
				244BBB0D2A54361D006C33D2 /* PostCommentCollectionViewCell.swift */,
				244BBB0F2A5543CD006C33D2 /* DefaultCollectionViewCell.swift */,
				244BBB112A5561FA006C33D2 /* TextFieldCollectionViewCell.swift */,
				244BBB132A556ED5006C33D2 /* TextFieldCollectionVeiwCellViewModel.swift */,
				932C34E12A5BCE0B0032192A /* CampaignCommentEditView.swift */,
				932C34E32A5BCE700032192A /* CampaignCommentDefaultView.swift */,
				932C34E52A5D14B30032192A /* RecommentTextInputCollectionViewCell.swift */,
			);
			path = CampaignCollectionViewCell;
			sourceTree = "<group>";
		};
		936F88262A4AC8700062E759 /* CommentTableView */ = {
			isa = PBXGroup;
			children = (
				936F88272A4AC8860062E759 /* CommentTableViewCell.swift */,
				936F88292A4AC8B50062E759 /* CommentTableViewCellModel.swift */,
			);
			path = CommentTableView;
			sourceTree = "<group>";
		};
		936F882B2A4D0C590062E759 /* WritePost */ = {
			isa = PBXGroup;
			children = (
				936F882C2A4D0C710062E759 /* WritePostViewController.swift */,
				936F882E2A4D0DA20062E759 /* WritePostViewViewModel.swift */,
			);
			path = WritePost;
			sourceTree = "<group>";
		};
		936F88302A4D0DFF0062E759 /* Frameworks */ = {
			isa = PBXGroup;
			children = (
			);
			name = Frameworks;
			sourceTree = "<group>";
		};
		937C764D2A457B1F001024D0 /* Utilities */ = {
			isa = PBXGroup;
			children = (
				93E013962A664E6F0005E342 /* UPlusFont.swift */,
				93E013982A66527F0005E342 /* UPlusColor.swift */,
			);
			path = Utilities;
			sourceTree = "<group>";
		};
		937C76502A457EF4001024D0 /* Models */ = {
			isa = PBXGroup;
			children = (
				24542D5C2A71020500F82CEA /* UplusUser */,
				24542D5B2A7101F200F82CEA /* Posts */,
				93E013A42A68C0340005E342 /* Missions */,
			);
			path = Models;
			sourceTree = "<group>";
		};
		937C76572A492B8F001024D0 /* Views */ = {
			isa = PBXGroup;
			children = (
				93A2ED982A6E1C8B00C2287D /* RankingView */,
				93A2ED822A6A580300C2287D /* MyPageCollectionView */,
				2417A59F2A67C93800AEC530 /* SingUpView */,
				93E0138D2A6527D60005E342 /* MissionCollectionViewCell */,
				932C34D02A53ADBA0032192A /* CampaignCollectionViewCell */,
				249F59F82A530A71008CF6BE /* CampaignView */,
				249F59F52A52F3FB008CF6BE /* PostDetailTableViewHeader */,
				249F59ED2A4EF3F3008CF6BE /* PhotoCollectionView */,
				936F88262A4AC8700062E759 /* CommentTableView */,
				937C765E2A492EDE001024D0 /* PostTableView */,
				24DB21802A77F54C00AE0174 /* PassThroughView.swift */,
			);
			path = Views;
			sourceTree = "<group>";
		};
		937C765E2A492EDE001024D0 /* PostTableView */ = {
			isa = PBXGroup;
			children = (
				937C765C2A492EBB001024D0 /* PostTableViewCell.swift */,
				937C765F2A492EED001024D0 /* PostTableViewCellModel.swift */,
			);
			path = PostTableView;
			sourceTree = "<group>";
		};
		93A2ED822A6A580300C2287D /* MyPageCollectionView */ = {
			isa = PBXGroup;
			children = (
				93A2ED852A6A5AB900C2287D /* Cells */,
				93A2ED862A6A5ADE00C2287D /* UserMissionDataView.swift */,
				93D174912A7796C100F5B1B1 /* UserProfileView.swift */,
			);
			path = MyPageCollectionView;
			sourceTree = "<group>";
		};
		93A2ED852A6A5AB900C2287D /* Cells */ = {
			isa = PBXGroup;
			children = (
				93A2ED832A6A583200C2287D /* MyPageProfileCollectionViewCell.swift */,
				93A2ED882A6A6C4100C2287D /* MyNftsCollectionViewCell.swift */,
				2417A5A62A6B980900AEC530 /* MyNftsCollectionViewFooter.swift */,
				24542D592A70F42D00F82CEA /* MyNftsCollectionViewHeader.swift */,
			);
			path = Cells;
			sourceTree = "<group>";
		};
		93A2ED912A6E0E8D00C2287D /* Ranking */ = {
			isa = PBXGroup;
			children = (
				93A2ED922A6E0EA200C2287D /* RankingViewController.swift */,
				93A2ED962A6E17BC00C2287D /* RankingViewViewModel.swift */,
			);
			path = Ranking;
			sourceTree = "<group>";
		};
		93A2ED982A6E1C8B00C2287D /* RankingView */ = {
			isa = PBXGroup;
			children = (
				93A2ED992A6E1C9D00C2287D /* RankingMenuBar.swift */,
				93A2ED9B2A6E3BDD00C2287D /* RankBottomFlatSheetView.swift */,
				93A2ED9D2A6E411900C2287D /* TodayRankCollectionViewCell.swift */,
				24542D5F2A7113BD00F82CEA /* TotalRankCollectionViewCell.swift */,
			);
			path = RankingView;
			sourceTree = "<group>";
		};
		93D174772A733C5600F5B1B1 /* WeeklyDetail */ = {
			isa = PBXGroup;
			children = (
				93E013AF2A6909A10005E342 /* WeeklyChoiceQuizMissionDetailViewController.swift */,
				93D174752A733C4F00F5B1B1 /* WeeklyAnswerQuizMissionDetailViewController.swift */,
				93E013B12A690E9A0005E342 /* WeeklyMissionDetailViewViewModel.swift */,
			);
			path = WeeklyDetail;
			sourceTree = "<group>";
		};
		93D174782A733C8500F5B1B1 /* DailyDetail */ = {
			isa = PBXGroup;
			children = (
				9391946A2A78E3270035FEB1 /* RoutineSelectBottomSheetViewController.swift */,
				9391946C2A78E64C0035FEB1 /* RoutineSelectBottomSheetViewModel.swift */,
				93A2EDCA2A725B4E00C2287D /* DailyRoutineMissionDetailViewController.swift */,
				93D1747D2A73806300F5B1B1 /* DailyRoutineMissionDetailViewViewModel.swift */,
				93D1748D2A777C8A00F5B1B1 /* DailyMissionCompleteViewController.swift */,
			);
			path = DailyDetail;
			sourceTree = "<group>";
		};
		93D1747F2A73827800F5B1B1 /* Weekly */ = {
			isa = PBXGroup;
			children = (
				93D1747B2A734B1300F5B1B1 /* WeeklyAnswerQuizMissionCollectionViewCell.swift */,
				93D174932A7797DB00F5B1B1 /* WeeklyMissionCollectionViewCell.swift */,
			);
			path = Weekly;
			sourceTree = "<group>";
		};
		93D174802A73828500F5B1B1 /* Daily */ = {
			isa = PBXGroup;
			children = (
				93D174812A7382BA00F5B1B1 /* DailyRoutineMissionStampCollectionViewCell.swift */,
				93D174852A738C1000F5B1B1 /* StampCollectionViewCell.swift */,
				93D174872A7734E000F5B1B1 /* DailyRoutainStampCollectionViewCellHeader.swift */,
				93D174892A77376100F5B1B1 /* UploadPhotoButtonCollectionViewCellFooter.swift */,
				93D1748B2A773B0500F5B1B1 /* UploadPhotoButtonCollectionViewCell.swift */,
			);
			path = Daily;
			sourceTree = "<group>";
		};
		93E013812A6507B50005E342 /* Mission */ = {
			isa = PBXGroup;
			children = (
				93E0138C2A65277E0005E342 /* SideMenu */,
				93D174772A733C5600F5B1B1 /* WeeklyDetail */,
				93D174782A733C8500F5B1B1 /* DailyDetail */,
				93E013862A6517AB0005E342 /* MissionMainViewController.swift */,
				93E013942A66260A0005E342 /* MissionMainViewViewModel.swift */,
				93E013B32A691F450005E342 /* WeeklyMissionCompleteViewController.swift */,
			);
			path = Mission;
			sourceTree = "<group>";
		};
		93E0138C2A65277E0005E342 /* SideMenu */ = {
			isa = PBXGroup;
			children = (
				93E013882A6518370005E342 /* SideMenuViewController.swift */,
				93E0138A2A651F730005E342 /* SideMenuPresentAnimator.swift */,
				93E013822A65091F0005E342 /* MissionSideMenuPresentationController.swift */,
				93E013842A65175F0005E342 /* SideMenuPresentationManager.swift */,
				93A2ED7E2A6A435900C2287D /* SideMenuViewViewModel.swift */,
			);
			path = SideMenu;
			sourceTree = "<group>";
		};
		93E0138D2A6527D60005E342 /* MissionCollectionViewCell */ = {
			isa = PBXGroup;
			children = (
				93D174802A73828500F5B1B1 /* Daily */,
				93D1747F2A73827800F5B1B1 /* Weekly */,
				93E013902A6619F80005E342 /* TodayMissionCollectionViewCell.swift */,
				93E013922A6622E20005E342 /* MissionProfileCollectionViewCell.swift */,
				93E0139A2A6662B20005E342 /* DailyQuizMissionCollectionViewCell.swift */,
				93E0139E2A6671DB0005E342 /* MissionCollectionViewHeader.swift */,
				93E013A02A6679E90005E342 /* DailyMissionCollectionViewCell.swift */,
				2417A5A42A68146E00AEC530 /* DailyMissionCollectionViewCellViewModel.swift */,
				93A2EDC12A6F9CF100C2287D /* MissionHistoryButtonCollectionViewCell.swift */,
				93A2EDC32A6FA2F200C2287D /* MissionHistoryCalendarCollectionViewCell.swift */,
				93A2EDC82A6FB46D00C2287D /* MyMissionsCollectionViewCell.swift */,
				24542D4C2A7016A500F82CEA /* MyMissionsCollectionViewCellViewModel.swift */,
				93D1748F2A7792F800F5B1B1 /* MissionAndEventCollectionViewHeader.swift */,
				93D174952A779D6000F5B1B1 /* RoutineMissionCollectionViewCell.swift */,
			);
			path = MissionCollectionViewCell;
			sourceTree = "<group>";
		};
		93E013A42A68C0340005E342 /* Missions */ = {
			isa = PBXGroup;
			children = (
				93E013A52A68C0460005E342 /* WeeklyQuizMission.swift */,
				93E013A72A68C1D70005E342 /* AthleteMission.swift */,
				93E013A92A68C20E0005E342 /* EnvironmentalistMission.swift */,
				93E013AB2A68C2350005E342 /* GoodWorkerMission.swift */,
				93E013AD2A68C4FE0005E342 /* SuddenMission.swift */,
				93A2ED8B2A6DFECF00C2287D /* Reward.swift */,
				24542D4E2A70AAE800F82CEA /* PhotoAuthMission.swift */,
				24542D502A70AC0800F82CEA /* ChoiceQuizMission.swift */,
				24542D522A70AC7A00F82CEA /* ShortAnswerQuizMission.swift */,
			);
			path = Missions;
			sourceTree = "<group>";
		};
/* End PBXGroup section */

/* Begin PBXNativeTarget section */
		930D969D2A416AC30007801A /* UPlusNFT */ = {
			isa = PBXNativeTarget;
			buildConfigurationList = 930D96B22A416AC40007801A /* Build configuration list for PBXNativeTarget "UPlusNFT" */;
			buildPhases = (
				930D969A2A416AC30007801A /* Sources */,
				930D969B2A416AC30007801A /* Frameworks */,
				930D96E42A45731C0007801A /* Setup Firebase Environment GoogleService-Info.plist */,
				930D969C2A416AC30007801A /* Resources */,
			);
			buildRules = (
			);
			dependencies = (
			);
			name = UPlusNFT;
			packageProductDependencies = (
				930D96BC2A41828E0007801A /* FirebaseAnalytics */,
				930D96BE2A41828E0007801A /* FirebaseAuth */,
				930D96C02A41828E0007801A /* FirebaseFirestore */,
				930D96C22A41828E0007801A /* FirebaseFirestoreSwift */,
				936F88222A4AB6ED0062E759 /* Nuke */,
				936F88312A4D0DFF0062E759 /* FirebaseStorage */,
				93A2EDC62A6FA74400C2287D /* FSCalendar */,
			);
			productName = UPlusNFT;
			productReference = 930D969E2A416AC30007801A /* UPlusNFT.app */;
			productType = "com.apple.product-type.application";
		};
/* End PBXNativeTarget section */

/* Begin PBXProject section */
		930D96962A416AC30007801A /* Project object */ = {
			isa = PBXProject;
			attributes = {
				BuildIndependentTargetsInParallel = 1;
				LastSwiftUpdateCheck = 1430;
				LastUpgradeCheck = 1430;
				TargetAttributes = {
					930D969D2A416AC30007801A = {
						CreatedOnToolsVersion = 14.3;
					};
				};
			};
			buildConfigurationList = 930D96992A416AC30007801A /* Build configuration list for PBXProject "UPlusNFT" */;
			compatibilityVersion = "Xcode 14.0";
			developmentRegion = en;
			hasScannedForEncodings = 0;
			knownRegions = (
				en,
				Base,
			);
			mainGroup = 930D96952A416AC30007801A;
			packageReferences = (
				930D96BB2A41828E0007801A /* XCRemoteSwiftPackageReference "firebase-ios-sdk" */,
				936F88212A4AB6EC0062E759 /* XCRemoteSwiftPackageReference "Nuke" */,
				93A2EDC52A6FA74400C2287D /* XCRemoteSwiftPackageReference "FSCalendar" */,
			);
			productRefGroup = 930D969F2A416AC30007801A /* Products */;
			projectDirPath = "";
			projectRoot = "";
			targets = (
				930D969D2A416AC30007801A /* UPlusNFT */,
			);
		};
/* End PBXProject section */

/* Begin PBXResourcesBuildPhase section */
		930D969C2A416AC30007801A /* Resources */ = {
			isa = PBXResourcesBuildPhase;
			buildActionMask = 2147483647;
			files = (
				930D96AE2A416AC40007801A /* LaunchScreen.storyboard in Resources */,
				930D96AB2A416AC40007801A /* Assets.xcassets in Resources */,
			);
			runOnlyForDeploymentPostprocessing = 0;
		};
/* End PBXResourcesBuildPhase section */

/* Begin PBXShellScriptBuildPhase section */
		930D96E42A45731C0007801A /* Setup Firebase Environment GoogleService-Info.plist */ = {
			isa = PBXShellScriptBuildPhase;
			alwaysOutOfDate = 1;
			buildActionMask = 2147483647;
			files = (
			);
			inputFileListPaths = (
			);
			inputPaths = (
			);
			name = "Setup Firebase Environment GoogleService-Info.plist";
			outputFileListPaths = (
			);
			outputPaths = (
			);
			runOnlyForDeploymentPostprocessing = 0;
			shellPath = /bin/sh;
			shellScript = "# Name of the resource we're selectively copying\nGOOGLESERVICE_INFO_PLIST=GoogleService-Info.plist\n\n# Get references to dev and prod versions of the GoogleService-Info.plist\n# NOTE: These should only live on the file system and should NOT be part of the target (since we'll be adding them to the target manually)\nGOOGLESERVICE_INFO_DEV=${PROJECT_DIR}/${TARGET_NAME}/Firebase/DEV/${GOOGLESERVICE_INFO_PLIST}\nGOOGLESERVICE_INFO_PROD=${PROJECT_DIR}/${TARGET_NAME}/Firebase/PROD/${GOOGLESERVICE_INFO_PLIST}\n\n# Make sure the dev version of GoogleService-Info.plist exists\necho \"Looking for ${GOOGLESERVICE_INFO_PLIST} in ${GOOGLESERVICE_INFO_DEV}\"\nif [ ! -f $GOOGLESERVICE_INFO_DEV ]\nthen\n    echo \"No Development GoogleService-Info.plist found. Please ensure it's in the proper directory.\"\n    exit 1\nfi\n\n# Make sure the prod version of GoogleService-Info.plist exists\necho \"Looking for ${GOOGLESERVICE_INFO_PLIST} in ${GOOGLESERVICE_INFO_PROD}\"\nif [ ! -f $GOOGLESERVICE_INFO_PROD ]\nthen\n    echo \"No Production GoogleService-Info.plist found. Please ensure it's in the proper directory.\"\n    exit 1\nfi\n\n# Get a reference to the destination location for the GoogleService-Info.plist\nPLIST_DESTINATION=${BUILT_PRODUCTS_DIR}/${PRODUCT_NAME}.app\necho \"Will copy ${GOOGLESERVICE_INFO_PLIST} to final destination: ${PLIST_DESTINATION}\"\n\n# Copy over the prod GoogleService-Info.plist for Release builds\nif [ \"${CONFIGURATION}\" == \"Release\" ]\nthen\n    echo \"Using ${GOOGLESERVICE_INFO_PROD}\"\n    cp \"${GOOGLESERVICE_INFO_PROD}\" \"${PLIST_DESTINATION}\"\nelse\n    echo \"Using ${GOOGLESERVICE_INFO_DEV}\"\n    cp \"${GOOGLESERVICE_INFO_DEV}\" \"${PLIST_DESTINATION}\"\nfi\n\n";
		};
/* End PBXShellScriptBuildPhase section */

/* Begin PBXSourcesBuildPhase section */
		930D969A2A416AC30007801A /* Sources */ = {
			isa = PBXSourcesBuildPhase;
			buildActionMask = 2147483647;
			files = (
				932C34CB2A5254A70032192A /* Date+Extention.swift in Sources */,
				930D96C92A4193A40007801A /* SignUpViewController.swift in Sources */,
				937C76602A492EED001024D0 /* PostTableViewCellModel.swift in Sources */,
				9347F9682A4D635A00A86FD5 /* UITextView+Extension.swift in Sources */,
				93D174882A7734E000F5B1B1 /* DailyRoutainStampCollectionViewCellHeader.swift in Sources */,
				930D96CE2A4198020007801A /* UIView+Extension.swift in Sources */,
				93A2EDCB2A725B4E00C2287D /* DailyRoutineMissionDetailViewController.swift in Sources */,
				930D96A62A416AC30007801A /* LoginViewController.swift in Sources */,
				937C765B2A492DE7001024D0 /* UICollectionReusableView+Extension.swift in Sources */,
				24542D5A2A70F42D00F82CEA /* MyNftsCollectionViewHeader.swift in Sources */,
				93A2ED842A6A583200C2287D /* MyPageProfileCollectionViewCell.swift in Sources */,
				930D96DA2A44057C0007801A /* ResetPasswordViewController.swift in Sources */,
				244BBB102A5543CD006C33D2 /* DefaultCollectionViewCell.swift in Sources */,
				930D96DF2A443C1C0007801A /* UIViewController+Extension.swift in Sources */,
				930D96C62A41835B0007801A /* Constants.swift in Sources */,
				93D1747E2A73806300F5B1B1 /* DailyRoutineMissionDetailViewViewModel.swift in Sources */,
				93A2EDC42A6FA2F200C2287D /* MissionHistoryCalendarCollectionViewCell.swift in Sources */,
				930D96E32A453D8D0007801A /* BackToLoginViewController.swift in Sources */,
				93D174762A733C4F00F5B1B1 /* WeeklyAnswerQuizMissionDetailViewController.swift in Sources */,
				93D1747C2A734B1300F5B1B1 /* WeeklyAnswerQuizMissionCollectionViewCell.swift in Sources */,
				93E013872A6517AB0005E342 /* MissionMainViewController.swift in Sources */,
				93A2EDC22A6F9CF100C2287D /* MissionHistoryButtonCollectionViewCell.swift in Sources */,
				93A2ED972A6E17BC00C2287D /* RankingViewViewModel.swift in Sources */,
				936F882D2A4D0C710062E759 /* WritePostViewController.swift in Sources */,
				24542D602A7113BD00F82CEA /* TotalRankCollectionViewCell.swift in Sources */,
				93E0138B2A651F730005E342 /* SideMenuPresentAnimator.swift in Sources */,
				93E013AC2A68C2350005E342 /* GoodWorkerMission.swift in Sources */,
				93E013A32A667F100005E342 /* SignUpCompleteViewController.swift in Sources */,
				2417A5A52A68146E00AEC530 /* DailyMissionCollectionViewCellViewModel.swift in Sources */,
				244BBB142A556ED5006C33D2 /* TextFieldCollectionVeiwCellViewModel.swift in Sources */,
				937C76592A492C9D001024D0 /* UITableViewCell+Extension.swift in Sources */,
				93E013A12A6679E90005E342 /* DailyMissionCollectionViewCell.swift in Sources */,
				93E013952A66260A0005E342 /* MissionMainViewViewModel.swift in Sources */,
				93E013A62A68C0460005E342 /* WeeklyQuizMission.swift in Sources */,
				930D96D32A42D8280007801A /* NSNotificationName+Extension.swift in Sources */,
				93E013852A65175F0005E342 /* SideMenuPresentationManager.swift in Sources */,
				93E013972A664E6F0005E342 /* UPlusFont.swift in Sources */,
				93D174862A738C1000F5B1B1 /* StampCollectionViewCell.swift in Sources */,
				2417A59B2A67A9ED00AEC530 /* OnBoardingViewController.swift in Sources */,
				93E013832A65091F0005E342 /* MissionSideMenuPresentationController.swift in Sources */,
				93A2ED9E2A6E411900C2287D /* TodayRankCollectionViewCell.swift in Sources */,
				93E013892A6518370005E342 /* SideMenuViewController.swift in Sources */,
				24542D532A70AC7A00F82CEA /* ShortAnswerQuizMission.swift in Sources */,
				24542D582A70E8E100F82CEA /* LoadingViewController.swift in Sources */,
				93E013A82A68C1D70005E342 /* AthleteMission.swift in Sources */,
				93A2EDC92A6FB46D00C2287D /* MyMissionsCollectionViewCell.swift in Sources */,
				244BBB122A5561FA006C33D2 /* TextFieldCollectionViewCell.swift in Sources */,
				937C76562A4586F6001024D0 /* Recomment.swift in Sources */,
				930D96D52A42DC110007801A /* LoginViewViewModel.swift in Sources */,
				2417A5A72A6B980900AEC530 /* MyNftsCollectionViewFooter.swift in Sources */,
				93E013912A6619F80005E342 /* TodayMissionCollectionViewCell.swift in Sources */,
				93E013AA2A68C20E0005E342 /* EnvironmentalistMission.swift in Sources */,
				930D96E12A4516630007801A /* UIButton+Extension.swift in Sources */,
				932C34CD2A5260410032192A /* User.swift in Sources */,
				249F59FD2A53175F008CF6BE /* CampaignPostViewController.swift in Sources */,
				936F882F2A4D0DA20062E759 /* WritePostViewViewModel.swift in Sources */,
				249F59F12A500875008CF6BE /* UILabel+Extension.swift in Sources */,
				24DB21812A77F54C00AE0174 /* PassThroughView.swift in Sources */,
				930D96A22A416AC30007801A /* AppDelegate.swift in Sources */,
				93A2ED872A6A5ADE00C2287D /* UserMissionDataView.swift in Sources */,
				93D1748A2A77376100F5B1B1 /* UploadPhotoButtonCollectionViewCellFooter.swift in Sources */,
				932C34D42A53AF300032192A /* CampaignCollectionViewCellViewModel.swift in Sources */,
				93A2ED8E2A6E025000C2287D /* RewardsViewController.swift in Sources */,
				932C34E02A57A06A0032192A /* URL+Extension.swift in Sources */,
				2417A5A12A67C96900AEC530 /* InformationInputView.swift in Sources */,
				24542D552A70DE7D00F82CEA /* MyPageViewViewModel.swift in Sources */,
				932C34E22A5BCE0B0032192A /* CampaignCommentEditView.swift in Sources */,
				2417A59E2A67C4E500AEC530 /* EditUserInfoViewController.swift in Sources */,
				932C34DC2A5401B80032192A /* CampaignPostViewViewModel.swift in Sources */,
				932C34DE2A540D2B0032192A /* PostDetailCollectionViewHeader.swift in Sources */,
				93E0139F2A6671DB0005E342 /* MissionCollectionViewHeader.swift in Sources */,
				937C765D2A492EBB001024D0 /* PostTableViewCell.swift in Sources */,
				93E013992A66527F0005E342 /* UPlusColor.swift in Sources */,
				93E013B02A6909A10005E342 /* WeeklyChoiceQuizMissionDetailViewController.swift in Sources */,
				93E0139B2A6662B20005E342 /* DailyQuizMissionCollectionViewCell.swift in Sources */,
				93D174822A7382BA00F5B1B1 /* DailyRoutineMissionStampCollectionViewCell.swift in Sources */,
				93A2ED9C2A6E3BDD00C2287D /* RankBottomFlatSheetView.swift in Sources */,
				24542D4F2A70AAE800F82CEA /* PhotoAuthMission.swift in Sources */,
				932C34D22A53ADEA0032192A /* MultipleQuizCollectionViewCell.swift in Sources */,
				93A2ED902A6E0BD000C2287D /* RewardsViewViewModel.swift in Sources */,
				937C76622A494F85001024D0 /* PostViewViewModel.swift in Sources */,
				93A2ED812A6A54D900C2287D /* MyPageViewController.swift in Sources */,
				24542D512A70AC0800F82CEA /* ChoiceQuizMission.swift in Sources */,
				937C76642A496106001024D0 /* PostDetailViewController.swift in Sources */,
				93E0139D2A666E070005E342 /* UIStackView+Extension.swift in Sources */,
				249F59FA2A530B59008CF6BE /* CampaignView.swift in Sources */,
				932C34DA2A53F7960032192A /* CommentCampaignCollectionViewCell.swift in Sources */,
				932C34E62A5D14B30032192A /* RecommentTextInputCollectionViewCell.swift in Sources */,
				932C34D82A53F5330032192A /* UIControl+Combine.swift in Sources */,
				9391946D2A78E64C0035FEB1 /* RoutineSelectBottomSheetViewModel.swift in Sources */,
				9391946B2A78E3270035FEB1 /* RoutineSelectBottomSheetViewController.swift in Sources */,
				93A2ED892A6A6C4100C2287D /* MyNftsCollectionViewCell.swift in Sources */,
				93A2ED7F2A6A435900C2287D /* SideMenuViewViewModel.swift in Sources */,
				2417A5A32A67D84600AEC530 /* UIViewController+Preview.swift in Sources */,
				93D174922A7796C100F5B1B1 /* UserProfileView.swift in Sources */,
				93A2ED9A2A6E1C9D00C2287D /* RankingMenuBar.swift in Sources */,
				249F59EF2A4EF403008CF6BE /* PhotoCollectionViewCell.swift in Sources */,
				93D1748C2A773B0500F5B1B1 /* UploadPhotoButtonCollectionViewCell.swift in Sources */,
				930D96DD2A4406BA0007801A /* ResetPasswordViewViewModel.swift in Sources */,
				93E013B42A691F450005E342 /* WeeklyMissionCompleteViewController.swift in Sources */,
				930D96D02A428D6E0007801A /* UITextField+Extension.swift in Sources */,
				247FC60C2A6776A2001F3974 /* BottomSheetViewController.swift in Sources */,
				936F88282A4AC8860062E759 /* CommentTableViewCell.swift in Sources */,
				932C34D62A53E2120032192A /* ShortQuizCollectionViewCell.swift in Sources */,
				244BBB0E2A54361D006C33D2 /* PostCommentCollectionViewCell.swift in Sources */,
				93A2ED952A6E12A000C2287D /* UPlusUser.swift in Sources */,
				930D96A42A416AC30007801A /* SceneDelegate.swift in Sources */,
				932C34E42A5BCE700032192A /* CampaignCommentDefaultView.swift in Sources */,
				93D1748E2A777C8A00F5B1B1 /* DailyMissionCompleteViewController.swift in Sources */,
				93D174942A7797DB00F5B1B1 /* WeeklyMissionCollectionViewCell.swift in Sources */,
				930D96CB2A4194E50007801A /* SignUpViewViewModel.swift in Sources */,
				937C76522A457F0A001024D0 /* Post.swift in Sources */,
				937C76662A497EBE001024D0 /* CampaignMetaData.swift in Sources */,
				936F882A2A4AC8B50062E759 /* CommentTableViewCellModel.swift in Sources */,
				24984ABD2A5A6D43001F28CF /* FirebaseStorageCacheManager.swift in Sources */,
				93D174962A779D6000F5B1B1 /* RoutineMissionCollectionViewCell.swift in Sources */,
				247FC60E2A678036001F3974 /* WelcomeBottomSheetViewController.swift in Sources */,
				93D174902A7792F800F5B1B1 /* MissionAndEventCollectionViewHeader.swift in Sources */,
				93E013932A6622E20005E342 /* MissionProfileCollectionViewCell.swift in Sources */,
				93A2ED932A6E0EA200C2287D /* RankingViewController.swift in Sources */,
				936F88252A4ABD210062E759 /* PostDetailViewViewModel.swift in Sources */,
				247FC6102A678E27001F3974 /* WelcomeBottomSheetViewViewModel.swift in Sources */,
				93E013B22A690E9A0005E342 /* WeeklyMissionDetailViewViewModel.swift in Sources */,
				24542D4D2A7016A500F82CEA /* MyMissionsCollectionViewCellViewModel.swift in Sources */,
				93E013AE2A68C4FE0005E342 /* SuddenMission.swift in Sources */,
				93A2ED8C2A6DFECF00C2287D /* Reward.swift in Sources */,
				937C76542A4586E5001024D0 /* Comment.swift in Sources */,
				932C34CF2A52B7520032192A /* UIColor+Extension.swift in Sources */,
				937C764F2A457B2E001024D0 /* FirestoreManager.swift in Sources */,
				930D96D82A43E5870007801A /* PostViewController.swift in Sources */,
				249F59F72A52F4F8008CF6BE /* PostDetailTableViewHeader.swift in Sources */,
			);
			runOnlyForDeploymentPostprocessing = 0;
		};
/* End PBXSourcesBuildPhase section */

/* Begin PBXVariantGroup section */
		930D96AC2A416AC40007801A /* LaunchScreen.storyboard */ = {
			isa = PBXVariantGroup;
			children = (
				930D96AD2A416AC40007801A /* Base */,
			);
			name = LaunchScreen.storyboard;
			sourceTree = "<group>";
		};
/* End PBXVariantGroup section */

/* Begin XCBuildConfiguration section */
		930D96B02A416AC40007801A /* Debug */ = {
			isa = XCBuildConfiguration;
			buildSettings = {
				ALWAYS_SEARCH_USER_PATHS = NO;
				CLANG_ANALYZER_NONNULL = YES;
				CLANG_ANALYZER_NUMBER_OBJECT_CONVERSION = YES_AGGRESSIVE;
				CLANG_CXX_LANGUAGE_STANDARD = "gnu++20";
				CLANG_ENABLE_MODULES = YES;
				CLANG_ENABLE_OBJC_ARC = YES;
				CLANG_ENABLE_OBJC_WEAK = YES;
				CLANG_WARN_BLOCK_CAPTURE_AUTORELEASING = YES;
				CLANG_WARN_BOOL_CONVERSION = YES;
				CLANG_WARN_COMMA = YES;
				CLANG_WARN_CONSTANT_CONVERSION = YES;
				CLANG_WARN_DEPRECATED_OBJC_IMPLEMENTATIONS = YES;
				CLANG_WARN_DIRECT_OBJC_ISA_USAGE = YES_ERROR;
				CLANG_WARN_DOCUMENTATION_COMMENTS = YES;
				CLANG_WARN_EMPTY_BODY = YES;
				CLANG_WARN_ENUM_CONVERSION = YES;
				CLANG_WARN_INFINITE_RECURSION = YES;
				CLANG_WARN_INT_CONVERSION = YES;
				CLANG_WARN_NON_LITERAL_NULL_CONVERSION = YES;
				CLANG_WARN_OBJC_IMPLICIT_RETAIN_SELF = YES;
				CLANG_WARN_OBJC_LITERAL_CONVERSION = YES;
				CLANG_WARN_OBJC_ROOT_CLASS = YES_ERROR;
				CLANG_WARN_QUOTED_INCLUDE_IN_FRAMEWORK_HEADER = YES;
				CLANG_WARN_RANGE_LOOP_ANALYSIS = YES;
				CLANG_WARN_STRICT_PROTOTYPES = YES;
				CLANG_WARN_SUSPICIOUS_MOVE = YES;
				CLANG_WARN_UNGUARDED_AVAILABILITY = YES_AGGRESSIVE;
				CLANG_WARN_UNREACHABLE_CODE = YES;
				CLANG_WARN__DUPLICATE_METHOD_MATCH = YES;
				COPY_PHASE_STRIP = NO;
				DEBUG_INFORMATION_FORMAT = dwarf;
				ENABLE_STRICT_OBJC_MSGSEND = YES;
				ENABLE_TESTABILITY = YES;
				GCC_C_LANGUAGE_STANDARD = gnu11;
				GCC_DYNAMIC_NO_PIC = NO;
				GCC_NO_COMMON_BLOCKS = YES;
				GCC_OPTIMIZATION_LEVEL = 0;
				GCC_PREPROCESSOR_DEFINITIONS = (
					"DEBUG=1",
					"$(inherited)",
				);
				GCC_WARN_64_TO_32_BIT_CONVERSION = YES;
				GCC_WARN_ABOUT_RETURN_TYPE = YES_ERROR;
				GCC_WARN_UNDECLARED_SELECTOR = YES;
				GCC_WARN_UNINITIALIZED_AUTOS = YES_AGGRESSIVE;
				GCC_WARN_UNUSED_FUNCTION = YES;
				GCC_WARN_UNUSED_VARIABLE = YES;
				IPHONEOS_DEPLOYMENT_TARGET = 16.4;
				MTL_ENABLE_DEBUG_INFO = INCLUDE_SOURCE;
				MTL_FAST_MATH = YES;
				ONLY_ACTIVE_ARCH = YES;
				SDKROOT = iphoneos;
				SWIFT_ACTIVE_COMPILATION_CONDITIONS = DEBUG;
				SWIFT_OPTIMIZATION_LEVEL = "-Onone";
			};
			name = Debug;
		};
		930D96B12A416AC40007801A /* Release */ = {
			isa = XCBuildConfiguration;
			buildSettings = {
				ALWAYS_SEARCH_USER_PATHS = NO;
				CLANG_ANALYZER_NONNULL = YES;
				CLANG_ANALYZER_NUMBER_OBJECT_CONVERSION = YES_AGGRESSIVE;
				CLANG_CXX_LANGUAGE_STANDARD = "gnu++20";
				CLANG_ENABLE_MODULES = YES;
				CLANG_ENABLE_OBJC_ARC = YES;
				CLANG_ENABLE_OBJC_WEAK = YES;
				CLANG_WARN_BLOCK_CAPTURE_AUTORELEASING = YES;
				CLANG_WARN_BOOL_CONVERSION = YES;
				CLANG_WARN_COMMA = YES;
				CLANG_WARN_CONSTANT_CONVERSION = YES;
				CLANG_WARN_DEPRECATED_OBJC_IMPLEMENTATIONS = YES;
				CLANG_WARN_DIRECT_OBJC_ISA_USAGE = YES_ERROR;
				CLANG_WARN_DOCUMENTATION_COMMENTS = YES;
				CLANG_WARN_EMPTY_BODY = YES;
				CLANG_WARN_ENUM_CONVERSION = YES;
				CLANG_WARN_INFINITE_RECURSION = YES;
				CLANG_WARN_INT_CONVERSION = YES;
				CLANG_WARN_NON_LITERAL_NULL_CONVERSION = YES;
				CLANG_WARN_OBJC_IMPLICIT_RETAIN_SELF = YES;
				CLANG_WARN_OBJC_LITERAL_CONVERSION = YES;
				CLANG_WARN_OBJC_ROOT_CLASS = YES_ERROR;
				CLANG_WARN_QUOTED_INCLUDE_IN_FRAMEWORK_HEADER = YES;
				CLANG_WARN_RANGE_LOOP_ANALYSIS = YES;
				CLANG_WARN_STRICT_PROTOTYPES = YES;
				CLANG_WARN_SUSPICIOUS_MOVE = YES;
				CLANG_WARN_UNGUARDED_AVAILABILITY = YES_AGGRESSIVE;
				CLANG_WARN_UNREACHABLE_CODE = YES;
				CLANG_WARN__DUPLICATE_METHOD_MATCH = YES;
				COPY_PHASE_STRIP = NO;
				DEBUG_INFORMATION_FORMAT = "dwarf-with-dsym";
				ENABLE_NS_ASSERTIONS = NO;
				ENABLE_STRICT_OBJC_MSGSEND = YES;
				GCC_C_LANGUAGE_STANDARD = gnu11;
				GCC_NO_COMMON_BLOCKS = YES;
				GCC_WARN_64_TO_32_BIT_CONVERSION = YES;
				GCC_WARN_ABOUT_RETURN_TYPE = YES_ERROR;
				GCC_WARN_UNDECLARED_SELECTOR = YES;
				GCC_WARN_UNINITIALIZED_AUTOS = YES_AGGRESSIVE;
				GCC_WARN_UNUSED_FUNCTION = YES;
				GCC_WARN_UNUSED_VARIABLE = YES;
				IPHONEOS_DEPLOYMENT_TARGET = 16.4;
				MTL_ENABLE_DEBUG_INFO = NO;
				MTL_FAST_MATH = YES;
				SDKROOT = iphoneos;
				SWIFT_COMPILATION_MODE = wholemodule;
				SWIFT_OPTIMIZATION_LEVEL = "-O";
				VALIDATE_PRODUCT = YES;
			};
			name = Release;
		};
		930D96B32A416AC40007801A /* Debug */ = {
			isa = XCBuildConfiguration;
			buildSettings = {
				ASSETCATALOG_COMPILER_APPICON_NAME = AppIcon;
				ASSETCATALOG_COMPILER_GLOBAL_ACCENT_COLOR_NAME = AccentColor;
				CODE_SIGN_ENTITLEMENTS = UPlusNFT/UPlusNFT.entitlements;
				CODE_SIGN_STYLE = Automatic;
				CURRENT_PROJECT_VERSION = 1;
				DEVELOPMENT_TEAM = W287BT4V38;
				GENERATE_INFOPLIST_FILE = YES;
				INFOPLIST_FILE = UPlusNFT/Info.plist;
				INFOPLIST_KEY_NSCameraUsageDescription = "UPlus에서 카메라를 사용하고자 합니다.";
				INFOPLIST_KEY_NSPhotoLibraryUsageDescription = "사진 라이브러리를 사용하고자 합니다.";
				INFOPLIST_KEY_UIApplicationSupportsIndirectInputEvents = YES;
				INFOPLIST_KEY_UILaunchStoryboardName = LaunchScreen;
				INFOPLIST_KEY_UISupportedInterfaceOrientations = UIInterfaceOrientationPortrait;
				INFOPLIST_KEY_UISupportedInterfaceOrientations_iPad = "UIInterfaceOrientationLandscapeLeft UIInterfaceOrientationLandscapeRight UIInterfaceOrientationPortrait UIInterfaceOrientationPortraitUpsideDown";
				IPHONEOS_DEPLOYMENT_TARGET = 14.0;
				LD_RUNPATH_SEARCH_PATHS = (
					"$(inherited)",
					"@executable_path/Frameworks",
				);
				MARKETING_VERSION = 1.0;
				PRODUCT_BUNDLE_IDENTIFIER = net.platfarm.UPlusNFT;
				PRODUCT_NAME = "$(TARGET_NAME)";
				SWIFT_EMIT_LOC_STRINGS = YES;
				SWIFT_VERSION = 5.0;
				TARGETED_DEVICE_FAMILY = "1,2";
			};
			name = Debug;
		};
		930D96B42A416AC40007801A /* Release */ = {
			isa = XCBuildConfiguration;
			buildSettings = {
				ASSETCATALOG_COMPILER_APPICON_NAME = AppIcon;
				ASSETCATALOG_COMPILER_GLOBAL_ACCENT_COLOR_NAME = AccentColor;
				CODE_SIGN_ENTITLEMENTS = UPlusNFT/UPlusNFT.entitlements;
				CODE_SIGN_STYLE = Automatic;
				CURRENT_PROJECT_VERSION = 1;
				DEVELOPMENT_TEAM = W287BT4V38;
				GENERATE_INFOPLIST_FILE = YES;
				INFOPLIST_FILE = UPlusNFT/Info.plist;
				INFOPLIST_KEY_NSCameraUsageDescription = "UPlus에서 카메라를 사용하고자 합니다.";
				INFOPLIST_KEY_NSPhotoLibraryUsageDescription = "사진 라이브러리를 사용하고자 합니다.";
				INFOPLIST_KEY_UIApplicationSupportsIndirectInputEvents = YES;
				INFOPLIST_KEY_UILaunchStoryboardName = LaunchScreen;
				INFOPLIST_KEY_UISupportedInterfaceOrientations = UIInterfaceOrientationPortrait;
				INFOPLIST_KEY_UISupportedInterfaceOrientations_iPad = "UIInterfaceOrientationLandscapeLeft UIInterfaceOrientationLandscapeRight UIInterfaceOrientationPortrait UIInterfaceOrientationPortraitUpsideDown";
				IPHONEOS_DEPLOYMENT_TARGET = 14.0;
				LD_RUNPATH_SEARCH_PATHS = (
					"$(inherited)",
					"@executable_path/Frameworks",
				);
				MARKETING_VERSION = 1.0;
				PRODUCT_BUNDLE_IDENTIFIER = net.platfarm.UPlusNFT;
				PRODUCT_NAME = "$(TARGET_NAME)";
				SWIFT_EMIT_LOC_STRINGS = YES;
				SWIFT_VERSION = 5.0;
				TARGETED_DEVICE_FAMILY = "1,2";
			};
			name = Release;
		};
/* End XCBuildConfiguration section */

/* Begin XCConfigurationList section */
		930D96992A416AC30007801A /* Build configuration list for PBXProject "UPlusNFT" */ = {
			isa = XCConfigurationList;
			buildConfigurations = (
				930D96B02A416AC40007801A /* Debug */,
				930D96B12A416AC40007801A /* Release */,
			);
			defaultConfigurationIsVisible = 0;
			defaultConfigurationName = Release;
		};
		930D96B22A416AC40007801A /* Build configuration list for PBXNativeTarget "UPlusNFT" */ = {
			isa = XCConfigurationList;
			buildConfigurations = (
				930D96B32A416AC40007801A /* Debug */,
				930D96B42A416AC40007801A /* Release */,
			);
			defaultConfigurationIsVisible = 0;
			defaultConfigurationName = Release;
		};
/* End XCConfigurationList section */

/* Begin XCRemoteSwiftPackageReference section */
		930D96BB2A41828E0007801A /* XCRemoteSwiftPackageReference "firebase-ios-sdk" */ = {
			isa = XCRemoteSwiftPackageReference;
			repositoryURL = "https://github.com/firebase/firebase-ios-sdk";
			requirement = {
				kind = upToNextMajorVersion;
				minimumVersion = 10.0.0;
			};
		};
		936F88212A4AB6EC0062E759 /* XCRemoteSwiftPackageReference "Nuke" */ = {
			isa = XCRemoteSwiftPackageReference;
			repositoryURL = "https://github.com/kean/Nuke";
			requirement = {
				kind = upToNextMajorVersion;
				minimumVersion = 12.0.0;
			};
		};
		93A2EDC52A6FA74400C2287D /* XCRemoteSwiftPackageReference "FSCalendar" */ = {
			isa = XCRemoteSwiftPackageReference;
			repositoryURL = "https://github.com/WenchaoD/FSCalendar.git";
			requirement = {
				kind = upToNextMajorVersion;
				minimumVersion = 2.0.0;
			};
		};
/* End XCRemoteSwiftPackageReference section */

/* Begin XCSwiftPackageProductDependency section */
		930D96BC2A41828E0007801A /* FirebaseAnalytics */ = {
			isa = XCSwiftPackageProductDependency;
			package = 930D96BB2A41828E0007801A /* XCRemoteSwiftPackageReference "firebase-ios-sdk" */;
			productName = FirebaseAnalytics;
		};
		930D96BE2A41828E0007801A /* FirebaseAuth */ = {
			isa = XCSwiftPackageProductDependency;
			package = 930D96BB2A41828E0007801A /* XCRemoteSwiftPackageReference "firebase-ios-sdk" */;
			productName = FirebaseAuth;
		};
		930D96C02A41828E0007801A /* FirebaseFirestore */ = {
			isa = XCSwiftPackageProductDependency;
			package = 930D96BB2A41828E0007801A /* XCRemoteSwiftPackageReference "firebase-ios-sdk" */;
			productName = FirebaseFirestore;
		};
		930D96C22A41828E0007801A /* FirebaseFirestoreSwift */ = {
			isa = XCSwiftPackageProductDependency;
			package = 930D96BB2A41828E0007801A /* XCRemoteSwiftPackageReference "firebase-ios-sdk" */;
			productName = FirebaseFirestoreSwift;
		};
		936F88222A4AB6ED0062E759 /* Nuke */ = {
			isa = XCSwiftPackageProductDependency;
			package = 936F88212A4AB6EC0062E759 /* XCRemoteSwiftPackageReference "Nuke" */;
			productName = Nuke;
		};
		936F88312A4D0DFF0062E759 /* FirebaseStorage */ = {
			isa = XCSwiftPackageProductDependency;
			package = 930D96BB2A41828E0007801A /* XCRemoteSwiftPackageReference "firebase-ios-sdk" */;
			productName = FirebaseStorage;
		};
		93A2EDC62A6FA74400C2287D /* FSCalendar */ = {
			isa = XCSwiftPackageProductDependency;
			package = 93A2EDC52A6FA74400C2287D /* XCRemoteSwiftPackageReference "FSCalendar" */;
			productName = FSCalendar;
		};
/* End XCSwiftPackageProductDependency section */
	};
	rootObject = 930D96962A416AC30007801A /* Project object */;
}
