// !$*UTF8*$!
{
	archiveVersion = 1;
	classes = {
	};
	objectVersion = 56;
	objects = {

/* Begin PBXBuildFile section */
		249F59EF2A4EF403008CF6BE /* PhotoCollectionViewCell.swift in Sources */ = {isa = PBXBuildFile; fileRef = 249F59EE2A4EF403008CF6BE /* PhotoCollectionViewCell.swift */; };
		249F59F12A500875008CF6BE /* UILabel+Extension.swift in Sources */ = {isa = PBXBuildFile; fileRef = 249F59F02A500874008CF6BE /* UILabel+Extension.swift */; };
		249F59F42A51939D008CF6BE /* PostDetailTableViewCell.swift in Sources */ = {isa = PBXBuildFile; fileRef = 249F59F32A51939D008CF6BE /* PostDetailTableViewCell.swift */; };
		930D96A22A416AC30007801A /* AppDelegate.swift in Sources */ = {isa = PBXBuildFile; fileRef = 930D96A12A416AC30007801A /* AppDelegate.swift */; };
		930D96A42A416AC30007801A /* SceneDelegate.swift in Sources */ = {isa = PBXBuildFile; fileRef = 930D96A32A416AC30007801A /* SceneDelegate.swift */; };
		930D96A62A416AC30007801A /* LoginViewController.swift in Sources */ = {isa = PBXBuildFile; fileRef = 930D96A52A416AC30007801A /* LoginViewController.swift */; };
		930D96AB2A416AC40007801A /* Assets.xcassets in Resources */ = {isa = PBXBuildFile; fileRef = 930D96AA2A416AC40007801A /* Assets.xcassets */; };
		930D96AE2A416AC40007801A /* LaunchScreen.storyboard in Resources */ = {isa = PBXBuildFile; fileRef = 930D96AC2A416AC40007801A /* LaunchScreen.storyboard */; };
		930D96BD2A41828E0007801A /* FirebaseAnalytics in Frameworks */ = {isa = PBXBuildFile; productRef = 930D96BC2A41828E0007801A /* FirebaseAnalytics */; };
		930D96BF2A41828E0007801A /* FirebaseAuth in Frameworks */ = {isa = PBXBuildFile; productRef = 930D96BE2A41828E0007801A /* FirebaseAuth */; };
		930D96C12A41828E0007801A /* FirebaseFirestore in Frameworks */ = {isa = PBXBuildFile; productRef = 930D96C02A41828E0007801A /* FirebaseFirestore */; };
		930D96C32A41828E0007801A /* FirebaseFirestoreSwift in Frameworks */ = {isa = PBXBuildFile; productRef = 930D96C22A41828E0007801A /* FirebaseFirestoreSwift */; };
		930D96C62A41835B0007801A /* Constants.swift in Sources */ = {isa = PBXBuildFile; fileRef = 930D96C52A41835B0007801A /* Constants.swift */; };
		930D96C92A4193A40007801A /* SignUpViewController.swift in Sources */ = {isa = PBXBuildFile; fileRef = 930D96C82A4193A40007801A /* SignUpViewController.swift */; };
		930D96CB2A4194E50007801A /* SignUpViewViewModel.swift in Sources */ = {isa = PBXBuildFile; fileRef = 930D96CA2A4194E50007801A /* SignUpViewViewModel.swift */; };
		930D96CE2A4198020007801A /* UIView+Extension.swift in Sources */ = {isa = PBXBuildFile; fileRef = 930D96CD2A4198020007801A /* UIView+Extension.swift */; };
		930D96D02A428D6E0007801A /* UITextField+Extension.swift in Sources */ = {isa = PBXBuildFile; fileRef = 930D96CF2A428D6E0007801A /* UITextField+Extension.swift */; };
		930D96D32A42D8280007801A /* NSNotificationName+Extension.swift in Sources */ = {isa = PBXBuildFile; fileRef = 930D96D22A42D8280007801A /* NSNotificationName+Extension.swift */; };
		930D96D52A42DC110007801A /* LoginViewViewModel.swift in Sources */ = {isa = PBXBuildFile; fileRef = 930D96D42A42DC110007801A /* LoginViewViewModel.swift */; };
		930D96D82A43E5870007801A /* PostViewController.swift in Sources */ = {isa = PBXBuildFile; fileRef = 930D96D72A43E5870007801A /* PostViewController.swift */; };
		930D96DA2A44057C0007801A /* ResetPasswordViewController.swift in Sources */ = {isa = PBXBuildFile; fileRef = 930D96D92A44057C0007801A /* ResetPasswordViewController.swift */; };
		930D96DD2A4406BA0007801A /* ResetPasswordViewViewModel.swift in Sources */ = {isa = PBXBuildFile; fileRef = 930D96DC2A4406BA0007801A /* ResetPasswordViewViewModel.swift */; };
		930D96DF2A443C1C0007801A /* UIViewController+Extension.swift in Sources */ = {isa = PBXBuildFile; fileRef = 930D96DE2A443C1C0007801A /* UIViewController+Extension.swift */; };
		930D96E12A4516630007801A /* UIButton+Extension.swift in Sources */ = {isa = PBXBuildFile; fileRef = 930D96E02A4516630007801A /* UIButton+Extension.swift */; };
		930D96E32A453D8D0007801A /* BackToLoginViewController.swift in Sources */ = {isa = PBXBuildFile; fileRef = 930D96E22A453D8D0007801A /* BackToLoginViewController.swift */; };
		932C34CB2A5254A70032192A /* Date+Extention.swift in Sources */ = {isa = PBXBuildFile; fileRef = 932C34CA2A5254A70032192A /* Date+Extention.swift */; };
		932C34CD2A5260410032192A /* User.swift in Sources */ = {isa = PBXBuildFile; fileRef = 932C34CC2A5260410032192A /* User.swift */; };
		932C34CF2A52B7520032192A /* UIColor+Extension.swift in Sources */ = {isa = PBXBuildFile; fileRef = 932C34CE2A52B7520032192A /* UIColor+Extension.swift */; };
		9347F9682A4D635A00A86FD5 /* UITextView+Extension.swift in Sources */ = {isa = PBXBuildFile; fileRef = 9347F9672A4D635A00A86FD5 /* UITextView+Extension.swift */; };
		936F88232A4AB6ED0062E759 /* Nuke in Frameworks */ = {isa = PBXBuildFile; productRef = 936F88222A4AB6ED0062E759 /* Nuke */; };
		936F88252A4ABD210062E759 /* PostDetailViewViewModel.swift in Sources */ = {isa = PBXBuildFile; fileRef = 936F88242A4ABD210062E759 /* PostDetailViewViewModel.swift */; };
		936F88282A4AC8860062E759 /* CommentTableViewCell.swift in Sources */ = {isa = PBXBuildFile; fileRef = 936F88272A4AC8860062E759 /* CommentTableViewCell.swift */; };
		936F882A2A4AC8B50062E759 /* CommentTableViewCellModel.swift in Sources */ = {isa = PBXBuildFile; fileRef = 936F88292A4AC8B50062E759 /* CommentTableViewCellModel.swift */; };
		936F882D2A4D0C710062E759 /* WritePostViewController.swift in Sources */ = {isa = PBXBuildFile; fileRef = 936F882C2A4D0C710062E759 /* WritePostViewController.swift */; };
		936F882F2A4D0DA20062E759 /* WritePostViewViewModel.swift in Sources */ = {isa = PBXBuildFile; fileRef = 936F882E2A4D0DA20062E759 /* WritePostViewViewModel.swift */; };
		936F88322A4D0DFF0062E759 /* FirebaseStorage in Frameworks */ = {isa = PBXBuildFile; productRef = 936F88312A4D0DFF0062E759 /* FirebaseStorage */; };
		937C764F2A457B2E001024D0 /* FirestoreManager.swift in Sources */ = {isa = PBXBuildFile; fileRef = 937C764E2A457B2E001024D0 /* FirestoreManager.swift */; };
		937C76522A457F0A001024D0 /* Post.swift in Sources */ = {isa = PBXBuildFile; fileRef = 937C76512A457F0A001024D0 /* Post.swift */; };
		937C76542A4586E5001024D0 /* Comment.swift in Sources */ = {isa = PBXBuildFile; fileRef = 937C76532A4586E5001024D0 /* Comment.swift */; };
		937C76562A4586F6001024D0 /* Recomment.swift in Sources */ = {isa = PBXBuildFile; fileRef = 937C76552A4586F6001024D0 /* Recomment.swift */; };
		937C76592A492C9D001024D0 /* UITableViewCell+Extension.swift in Sources */ = {isa = PBXBuildFile; fileRef = 937C76582A492C9D001024D0 /* UITableViewCell+Extension.swift */; };
		937C765B2A492DE7001024D0 /* UICollectionReusableView+Extension.swift in Sources */ = {isa = PBXBuildFile; fileRef = 937C765A2A492DE7001024D0 /* UICollectionReusableView+Extension.swift */; };
		937C765D2A492EBB001024D0 /* PostTableViewCell.swift in Sources */ = {isa = PBXBuildFile; fileRef = 937C765C2A492EBB001024D0 /* PostTableViewCell.swift */; };
		937C76602A492EED001024D0 /* PostTableViewCellModel.swift in Sources */ = {isa = PBXBuildFile; fileRef = 937C765F2A492EED001024D0 /* PostTableViewCellModel.swift */; };
		937C76622A494F85001024D0 /* PostViewViewModel.swift in Sources */ = {isa = PBXBuildFile; fileRef = 937C76612A494F85001024D0 /* PostViewViewModel.swift */; };
		937C76642A496106001024D0 /* PostDetailViewController.swift in Sources */ = {isa = PBXBuildFile; fileRef = 937C76632A496106001024D0 /* PostDetailViewController.swift */; };
		937C76662A497EBE001024D0 /* CampaignMetaData.swift in Sources */ = {isa = PBXBuildFile; fileRef = 937C76652A497EBE001024D0 /* CampaignMetaData.swift */; };
/* End PBXBuildFile section */

/* Begin PBXFileReference section */
		249F59EE2A4EF403008CF6BE /* PhotoCollectionViewCell.swift */ = {isa = PBXFileReference; lastKnownFileType = sourcecode.swift; path = PhotoCollectionViewCell.swift; sourceTree = "<group>"; };
		249F59F02A500874008CF6BE /* UILabel+Extension.swift */ = {isa = PBXFileReference; lastKnownFileType = sourcecode.swift; path = "UILabel+Extension.swift"; sourceTree = "<group>"; };
		249F59F32A51939D008CF6BE /* PostDetailTableViewCell.swift */ = {isa = PBXFileReference; lastKnownFileType = sourcecode.swift; path = PostDetailTableViewCell.swift; sourceTree = "<group>"; };
		930D969E2A416AC30007801A /* UPlusNFT.app */ = {isa = PBXFileReference; explicitFileType = wrapper.application; includeInIndex = 0; path = UPlusNFT.app; sourceTree = BUILT_PRODUCTS_DIR; };
		930D96A12A416AC30007801A /* AppDelegate.swift */ = {isa = PBXFileReference; lastKnownFileType = sourcecode.swift; path = AppDelegate.swift; sourceTree = "<group>"; };
		930D96A32A416AC30007801A /* SceneDelegate.swift */ = {isa = PBXFileReference; lastKnownFileType = sourcecode.swift; path = SceneDelegate.swift; sourceTree = "<group>"; };
		930D96A52A416AC30007801A /* LoginViewController.swift */ = {isa = PBXFileReference; lastKnownFileType = sourcecode.swift; path = LoginViewController.swift; sourceTree = "<group>"; };
		930D96AA2A416AC40007801A /* Assets.xcassets */ = {isa = PBXFileReference; lastKnownFileType = folder.assetcatalog; path = Assets.xcassets; sourceTree = "<group>"; };
		930D96AD2A416AC40007801A /* Base */ = {isa = PBXFileReference; lastKnownFileType = file.storyboard; name = Base; path = Base.lproj/LaunchScreen.storyboard; sourceTree = "<group>"; };
		930D96AF2A416AC40007801A /* Info.plist */ = {isa = PBXFileReference; lastKnownFileType = text.plist.xml; path = Info.plist; sourceTree = "<group>"; };
		930D96B92A41824A0007801A /* GoogleService-Info.plist */ = {isa = PBXFileReference; fileEncoding = 4; lastKnownFileType = text.plist.xml; path = "GoogleService-Info.plist"; sourceTree = "<group>"; };
		930D96C52A41835B0007801A /* Constants.swift */ = {isa = PBXFileReference; lastKnownFileType = sourcecode.swift; path = Constants.swift; sourceTree = "<group>"; };
		930D96C82A4193A40007801A /* SignUpViewController.swift */ = {isa = PBXFileReference; lastKnownFileType = sourcecode.swift; path = SignUpViewController.swift; sourceTree = "<group>"; };
		930D96CA2A4194E50007801A /* SignUpViewViewModel.swift */ = {isa = PBXFileReference; lastKnownFileType = sourcecode.swift; path = SignUpViewViewModel.swift; sourceTree = "<group>"; };
		930D96CD2A4198020007801A /* UIView+Extension.swift */ = {isa = PBXFileReference; lastKnownFileType = sourcecode.swift; path = "UIView+Extension.swift"; sourceTree = "<group>"; };
		930D96CF2A428D6E0007801A /* UITextField+Extension.swift */ = {isa = PBXFileReference; lastKnownFileType = sourcecode.swift; path = "UITextField+Extension.swift"; sourceTree = "<group>"; };
		930D96D12A42D0900007801A /* UPlusNFT.entitlements */ = {isa = PBXFileReference; lastKnownFileType = text.plist.entitlements; path = UPlusNFT.entitlements; sourceTree = "<group>"; };
		930D96D22A42D8280007801A /* NSNotificationName+Extension.swift */ = {isa = PBXFileReference; lastKnownFileType = sourcecode.swift; path = "NSNotificationName+Extension.swift"; sourceTree = "<group>"; };
		930D96D42A42DC110007801A /* LoginViewViewModel.swift */ = {isa = PBXFileReference; lastKnownFileType = sourcecode.swift; path = LoginViewViewModel.swift; sourceTree = "<group>"; };
		930D96D72A43E5870007801A /* PostViewController.swift */ = {isa = PBXFileReference; lastKnownFileType = sourcecode.swift; path = PostViewController.swift; sourceTree = "<group>"; };
		930D96D92A44057C0007801A /* ResetPasswordViewController.swift */ = {isa = PBXFileReference; lastKnownFileType = sourcecode.swift; path = ResetPasswordViewController.swift; sourceTree = "<group>"; };
		930D96DC2A4406BA0007801A /* ResetPasswordViewViewModel.swift */ = {isa = PBXFileReference; lastKnownFileType = sourcecode.swift; path = ResetPasswordViewViewModel.swift; sourceTree = "<group>"; };
		930D96DE2A443C1C0007801A /* UIViewController+Extension.swift */ = {isa = PBXFileReference; lastKnownFileType = sourcecode.swift; path = "UIViewController+Extension.swift"; sourceTree = "<group>"; };
		930D96E02A4516630007801A /* UIButton+Extension.swift */ = {isa = PBXFileReference; lastKnownFileType = sourcecode.swift; path = "UIButton+Extension.swift"; sourceTree = "<group>"; };
		930D96E22A453D8D0007801A /* BackToLoginViewController.swift */ = {isa = PBXFileReference; lastKnownFileType = sourcecode.swift; path = BackToLoginViewController.swift; sourceTree = "<group>"; };
		930D96E82A4578550007801A /* GoogleService-Info.plist */ = {isa = PBXFileReference; lastKnownFileType = text.plist.xml; name = "GoogleService-Info.plist"; path = "../../../../UPlusNFT-Firestore/dev-lguplus-nft-platfarm/GoogleService-Info.plist"; sourceTree = "<group>"; };
		932C34CA2A5254A70032192A /* Date+Extention.swift */ = {isa = PBXFileReference; lastKnownFileType = sourcecode.swift; path = "Date+Extention.swift"; sourceTree = "<group>"; };
		932C34CC2A5260410032192A /* User.swift */ = {isa = PBXFileReference; lastKnownFileType = sourcecode.swift; path = User.swift; sourceTree = "<group>"; };
		932C34CE2A52B7520032192A /* UIColor+Extension.swift */ = {isa = PBXFileReference; lastKnownFileType = sourcecode.swift; path = "UIColor+Extension.swift"; sourceTree = "<group>"; };
		9347F9672A4D635A00A86FD5 /* UITextView+Extension.swift */ = {isa = PBXFileReference; lastKnownFileType = sourcecode.swift; path = "UITextView+Extension.swift"; sourceTree = "<group>"; };
		936F88242A4ABD210062E759 /* PostDetailViewViewModel.swift */ = {isa = PBXFileReference; lastKnownFileType = sourcecode.swift; path = PostDetailViewViewModel.swift; sourceTree = "<group>"; };
		936F88272A4AC8860062E759 /* CommentTableViewCell.swift */ = {isa = PBXFileReference; lastKnownFileType = sourcecode.swift; path = CommentTableViewCell.swift; sourceTree = "<group>"; };
		936F88292A4AC8B50062E759 /* CommentTableViewCellModel.swift */ = {isa = PBXFileReference; lastKnownFileType = sourcecode.swift; path = CommentTableViewCellModel.swift; sourceTree = "<group>"; };
		936F882C2A4D0C710062E759 /* WritePostViewController.swift */ = {isa = PBXFileReference; lastKnownFileType = sourcecode.swift; path = WritePostViewController.swift; sourceTree = "<group>"; };
		936F882E2A4D0DA20062E759 /* WritePostViewViewModel.swift */ = {isa = PBXFileReference; lastKnownFileType = sourcecode.swift; path = WritePostViewViewModel.swift; sourceTree = "<group>"; };
		937C764E2A457B2E001024D0 /* FirestoreManager.swift */ = {isa = PBXFileReference; lastKnownFileType = sourcecode.swift; path = FirestoreManager.swift; sourceTree = "<group>"; };
		937C76512A457F0A001024D0 /* Post.swift */ = {isa = PBXFileReference; lastKnownFileType = sourcecode.swift; path = Post.swift; sourceTree = "<group>"; };
		937C76532A4586E5001024D0 /* Comment.swift */ = {isa = PBXFileReference; lastKnownFileType = sourcecode.swift; path = Comment.swift; sourceTree = "<group>"; };
		937C76552A4586F6001024D0 /* Recomment.swift */ = {isa = PBXFileReference; lastKnownFileType = sourcecode.swift; path = Recomment.swift; sourceTree = "<group>"; };
		937C76582A492C9D001024D0 /* UITableViewCell+Extension.swift */ = {isa = PBXFileReference; lastKnownFileType = sourcecode.swift; path = "UITableViewCell+Extension.swift"; sourceTree = "<group>"; };
		937C765A2A492DE7001024D0 /* UICollectionReusableView+Extension.swift */ = {isa = PBXFileReference; lastKnownFileType = sourcecode.swift; path = "UICollectionReusableView+Extension.swift"; sourceTree = "<group>"; };
		937C765C2A492EBB001024D0 /* PostTableViewCell.swift */ = {isa = PBXFileReference; lastKnownFileType = sourcecode.swift; path = PostTableViewCell.swift; sourceTree = "<group>"; };
		937C765F2A492EED001024D0 /* PostTableViewCellModel.swift */ = {isa = PBXFileReference; lastKnownFileType = sourcecode.swift; path = PostTableViewCellModel.swift; sourceTree = "<group>"; };
		937C76612A494F85001024D0 /* PostViewViewModel.swift */ = {isa = PBXFileReference; lastKnownFileType = sourcecode.swift; path = PostViewViewModel.swift; sourceTree = "<group>"; };
		937C76632A496106001024D0 /* PostDetailViewController.swift */ = {isa = PBXFileReference; lastKnownFileType = sourcecode.swift; path = PostDetailViewController.swift; sourceTree = "<group>"; };
		937C76652A497EBE001024D0 /* CampaignMetaData.swift */ = {isa = PBXFileReference; lastKnownFileType = sourcecode.swift; path = CampaignMetaData.swift; sourceTree = "<group>"; };
/* End PBXFileReference section */

/* Begin PBXFrameworksBuildPhase section */
		930D969B2A416AC30007801A /* Frameworks */ = {
			isa = PBXFrameworksBuildPhase;
			buildActionMask = 2147483647;
			files = (
				930D96BD2A41828E0007801A /* FirebaseAnalytics in Frameworks */,
				930D96BF2A41828E0007801A /* FirebaseAuth in Frameworks */,
				930D96C12A41828E0007801A /* FirebaseFirestore in Frameworks */,
				930D96C32A41828E0007801A /* FirebaseFirestoreSwift in Frameworks */,
				936F88232A4AB6ED0062E759 /* Nuke in Frameworks */,
				936F88322A4D0DFF0062E759 /* FirebaseStorage in Frameworks */,
			);
			runOnlyForDeploymentPostprocessing = 0;
		};
/* End PBXFrameworksBuildPhase section */

/* Begin PBXGroup section */
		249F59ED2A4EF3F3008CF6BE /* PhotoCollectionView */ = {
			isa = PBXGroup;
			children = (
				249F59EE2A4EF403008CF6BE /* PhotoCollectionViewCell.swift */,
			);
			path = PhotoCollectionView;
			sourceTree = "<group>";
		};
		249F59F22A51937C008CF6BE /* PostDetailTableViewCell */ = {
			isa = PBXGroup;
			children = (
				249F59F32A51939D008CF6BE /* PostDetailTableViewCell.swift */,
			);
			path = PostDetailTableViewCell;
			sourceTree = "<group>";
		};
		930D96952A416AC30007801A = {
			isa = PBXGroup;
			children = (
				930D96A02A416AC30007801A /* UPlusNFT */,
				930D969F2A416AC30007801A /* Products */,
				936F88302A4D0DFF0062E759 /* Frameworks */,
			);
			sourceTree = "<group>";
		};
		930D969F2A416AC30007801A /* Products */ = {
			isa = PBXGroup;
			children = (
				930D969E2A416AC30007801A /* UPlusNFT.app */,
			);
			name = Products;
			sourceTree = "<group>";
		};
		930D96A02A416AC30007801A /* UPlusNFT */ = {
			isa = PBXGroup;
			children = (
				930D96CC2A4197E90007801A /* Extensions */,
				937C76572A492B8F001024D0 /* Views */,
				937C76502A457EF4001024D0 /* Models */,
				937C764D2A457B1F001024D0 /* Utilities */,
				930D96E52A45739A0007801A /* Firebase */,
				930D96D12A42D0900007801A /* UPlusNFT.entitlements */,
				930D96C42A41834C0007801A /* Constants */,
				930D96B72A416E7C0007801A /* ViewControllers */,
				930D96B52A416AE10007801A /* Supporting Files */,
				930D96AF2A416AC40007801A /* Info.plist */,
			);
			path = UPlusNFT;
			sourceTree = "<group>";
		};
		930D96B52A416AE10007801A /* Supporting Files */ = {
			isa = PBXGroup;
			children = (
				930D96A12A416AC30007801A /* AppDelegate.swift */,
				930D96A32A416AC30007801A /* SceneDelegate.swift */,
				930D96AA2A416AC40007801A /* Assets.xcassets */,
				930D96AC2A416AC40007801A /* LaunchScreen.storyboard */,
			);
			path = "Supporting Files";
			sourceTree = "<group>";
		};
		930D96B72A416E7C0007801A /* ViewControllers */ = {
			isa = PBXGroup;
			children = (
				936F882B2A4D0C590062E759 /* WritePost */,
				930D96DB2A4406660007801A /* ResetPassword */,
				930D96D62A43E5770007801A /* Post */,
				930D96C72A41938B0007801A /* SignUp */,
				930D96B82A417EDC0007801A /* Login */,
			);
			path = ViewControllers;
			sourceTree = "<group>";
		};
		930D96B82A417EDC0007801A /* Login */ = {
			isa = PBXGroup;
			children = (
				930D96A52A416AC30007801A /* LoginViewController.swift */,
				930D96D42A42DC110007801A /* LoginViewViewModel.swift */,
				930D96E22A453D8D0007801A /* BackToLoginViewController.swift */,
			);
			path = Login;
			sourceTree = "<group>";
		};
		930D96C42A41834C0007801A /* Constants */ = {
			isa = PBXGroup;
			children = (
				930D96C52A41835B0007801A /* Constants.swift */,
			);
			path = Constants;
			sourceTree = "<group>";
		};
		930D96C72A41938B0007801A /* SignUp */ = {
			isa = PBXGroup;
			children = (
				930D96C82A4193A40007801A /* SignUpViewController.swift */,
				930D96CA2A4194E50007801A /* SignUpViewViewModel.swift */,
			);
			path = SignUp;
			sourceTree = "<group>";
		};
		930D96CC2A4197E90007801A /* Extensions */ = {
			isa = PBXGroup;
			children = (
				930D96CD2A4198020007801A /* UIView+Extension.swift */,
				930D96CF2A428D6E0007801A /* UITextField+Extension.swift */,
				930D96D22A42D8280007801A /* NSNotificationName+Extension.swift */,
				930D96DE2A443C1C0007801A /* UIViewController+Extension.swift */,
				930D96E02A4516630007801A /* UIButton+Extension.swift */,
				937C76582A492C9D001024D0 /* UITableViewCell+Extension.swift */,
				937C765A2A492DE7001024D0 /* UICollectionReusableView+Extension.swift */,
				9347F9672A4D635A00A86FD5 /* UITextView+Extension.swift */,
				249F59F02A500874008CF6BE /* UILabel+Extension.swift */,
				932C34CA2A5254A70032192A /* Date+Extention.swift */,
				932C34CE2A52B7520032192A /* UIColor+Extension.swift */,
			);
			path = Extensions;
			sourceTree = "<group>";
		};
		930D96D62A43E5770007801A /* Post */ = {
			isa = PBXGroup;
			children = (
				930D96D72A43E5870007801A /* PostViewController.swift */,
				937C76612A494F85001024D0 /* PostViewViewModel.swift */,
				937C76632A496106001024D0 /* PostDetailViewController.swift */,
				936F88242A4ABD210062E759 /* PostDetailViewViewModel.swift */,
			);
			path = Post;
			sourceTree = "<group>";
		};
		930D96DB2A4406660007801A /* ResetPassword */ = {
			isa = PBXGroup;
			children = (
				930D96D92A44057C0007801A /* ResetPasswordViewController.swift */,
				930D96DC2A4406BA0007801A /* ResetPasswordViewViewModel.swift */,
			);
			path = ResetPassword;
			sourceTree = "<group>";
		};
		930D96E52A45739A0007801A /* Firebase */ = {
			isa = PBXGroup;
			children = (
				930D96E72A4573C00007801A /* PROD */,
				930D96E62A4573B50007801A /* DEV */,
			);
			path = Firebase;
			sourceTree = "<group>";
		};
		930D96E62A4573B50007801A /* DEV */ = {
			isa = PBXGroup;
			children = (
				930D96B92A41824A0007801A /* GoogleService-Info.plist */,
			);
			path = DEV;
			sourceTree = "<group>";
		};
		930D96E72A4573C00007801A /* PROD */ = {
			isa = PBXGroup;
			children = (
				930D96E82A4578550007801A /* GoogleService-Info.plist */,
			);
			path = PROD;
			sourceTree = "<group>";
		};
		936F88262A4AC8700062E759 /* CommentTableView */ = {
			isa = PBXGroup;
			children = (
				936F88272A4AC8860062E759 /* CommentTableViewCell.swift */,
				936F88292A4AC8B50062E759 /* CommentTableViewCellModel.swift */,
			);
			path = CommentTableView;
			sourceTree = "<group>";
		};
		936F882B2A4D0C590062E759 /* WritePost */ = {
			isa = PBXGroup;
			children = (
				936F882C2A4D0C710062E759 /* WritePostViewController.swift */,
				936F882E2A4D0DA20062E759 /* WritePostViewViewModel.swift */,
			);
			path = WritePost;
			sourceTree = "<group>";
		};
		936F88302A4D0DFF0062E759 /* Frameworks */ = {
			isa = PBXGroup;
			children = (
			);
			name = Frameworks;
			sourceTree = "<group>";
		};
		937C764D2A457B1F001024D0 /* Utilities */ = {
			isa = PBXGroup;
			children = (
				937C764E2A457B2E001024D0 /* FirestoreManager.swift */,
			);
			path = Utilities;
			sourceTree = "<group>";
		};
		937C76502A457EF4001024D0 /* Models */ = {
			isa = PBXGroup;
			children = (
				937C76512A457F0A001024D0 /* Post.swift */,
				937C76532A4586E5001024D0 /* Comment.swift */,
				937C76552A4586F6001024D0 /* Recomment.swift */,
				937C76652A497EBE001024D0 /* CampaignMetaData.swift */,
				932C34CC2A5260410032192A /* User.swift */,
			);
			path = Models;
			sourceTree = "<group>";
		};
		937C76572A492B8F001024D0 /* Views */ = {
			isa = PBXGroup;
			children = (
				249F59F22A51937C008CF6BE /* PostDetailTableViewCell */,
				249F59ED2A4EF3F3008CF6BE /* PhotoCollectionView */,
				936F88262A4AC8700062E759 /* CommentTableView */,
				937C765E2A492EDE001024D0 /* PostTableView */,
			);
			path = Views;
			sourceTree = "<group>";
		};
		937C765E2A492EDE001024D0 /* PostTableView */ = {
			isa = PBXGroup;
			children = (
				937C765C2A492EBB001024D0 /* PostTableViewCell.swift */,
				937C765F2A492EED001024D0 /* PostTableViewCellModel.swift */,
			);
			path = PostTableView;
			sourceTree = "<group>";
		};
/* End PBXGroup section */

/* Begin PBXNativeTarget section */
		930D969D2A416AC30007801A /* UPlusNFT */ = {
			isa = PBXNativeTarget;
			buildConfigurationList = 930D96B22A416AC40007801A /* Build configuration list for PBXNativeTarget "UPlusNFT" */;
			buildPhases = (
				930D969A2A416AC30007801A /* Sources */,
				930D969B2A416AC30007801A /* Frameworks */,
				930D96E42A45731C0007801A /* Setup Firebase Environment GoogleService-Info.plist */,
				930D969C2A416AC30007801A /* Resources */,
			);
			buildRules = (
			);
			dependencies = (
			);
			name = UPlusNFT;
			packageProductDependencies = (
				930D96BC2A41828E0007801A /* FirebaseAnalytics */,
				930D96BE2A41828E0007801A /* FirebaseAuth */,
				930D96C02A41828E0007801A /* FirebaseFirestore */,
				930D96C22A41828E0007801A /* FirebaseFirestoreSwift */,
				936F88222A4AB6ED0062E759 /* Nuke */,
				936F88312A4D0DFF0062E759 /* FirebaseStorage */,
			);
			productName = UPlusNFT;
			productReference = 930D969E2A416AC30007801A /* UPlusNFT.app */;
			productType = "com.apple.product-type.application";
		};
/* End PBXNativeTarget section */

/* Begin PBXProject section */
		930D96962A416AC30007801A /* Project object */ = {
			isa = PBXProject;
			attributes = {
				BuildIndependentTargetsInParallel = 1;
				LastSwiftUpdateCheck = 1430;
				LastUpgradeCheck = 1430;
				TargetAttributes = {
					930D969D2A416AC30007801A = {
						CreatedOnToolsVersion = 14.3;
					};
				};
			};
			buildConfigurationList = 930D96992A416AC30007801A /* Build configuration list for PBXProject "UPlusNFT" */;
			compatibilityVersion = "Xcode 14.0";
			developmentRegion = en;
			hasScannedForEncodings = 0;
			knownRegions = (
				en,
				Base,
			);
			mainGroup = 930D96952A416AC30007801A;
			packageReferences = (
				930D96BB2A41828E0007801A /* XCRemoteSwiftPackageReference "firebase-ios-sdk" */,
				936F88212A4AB6EC0062E759 /* XCRemoteSwiftPackageReference "Nuke" */,
			);
			productRefGroup = 930D969F2A416AC30007801A /* Products */;
			projectDirPath = "";
			projectRoot = "";
			targets = (
				930D969D2A416AC30007801A /* UPlusNFT */,
			);
		};
/* End PBXProject section */

/* Begin PBXResourcesBuildPhase section */
		930D969C2A416AC30007801A /* Resources */ = {
			isa = PBXResourcesBuildPhase;
			buildActionMask = 2147483647;
			files = (
				930D96AE2A416AC40007801A /* LaunchScreen.storyboard in Resources */,
				930D96AB2A416AC40007801A /* Assets.xcassets in Resources */,
			);
			runOnlyForDeploymentPostprocessing = 0;
		};
/* End PBXResourcesBuildPhase section */

/* Begin PBXShellScriptBuildPhase section */
		930D96E42A45731C0007801A /* Setup Firebase Environment GoogleService-Info.plist */ = {
			isa = PBXShellScriptBuildPhase;
			alwaysOutOfDate = 1;
			buildActionMask = 2147483647;
			files = (
			);
			inputFileListPaths = (
			);
			inputPaths = (
			);
			name = "Setup Firebase Environment GoogleService-Info.plist";
			outputFileListPaths = (
			);
			outputPaths = (
			);
			runOnlyForDeploymentPostprocessing = 0;
			shellPath = /bin/sh;
			shellScript = "# Name of the resource we're selectively copying\nGOOGLESERVICE_INFO_PLIST=GoogleService-Info.plist\n\n# Get references to dev and prod versions of the GoogleService-Info.plist\n# NOTE: These should only live on the file system and should NOT be part of the target (since we'll be adding them to the target manually)\nGOOGLESERVICE_INFO_DEV=${PROJECT_DIR}/${TARGET_NAME}/Firebase/DEV/${GOOGLESERVICE_INFO_PLIST}\nGOOGLESERVICE_INFO_PROD=${PROJECT_DIR}/${TARGET_NAME}/Firebase/PROD/${GOOGLESERVICE_INFO_PLIST}\n\n# Make sure the dev version of GoogleService-Info.plist exists\necho \"Looking for ${GOOGLESERVICE_INFO_PLIST} in ${GOOGLESERVICE_INFO_DEV}\"\nif [ ! -f $GOOGLESERVICE_INFO_DEV ]\nthen\n    echo \"No Development GoogleService-Info.plist found. Please ensure it's in the proper directory.\"\n    exit 1\nfi\n\n# Make sure the prod version of GoogleService-Info.plist exists\necho \"Looking for ${GOOGLESERVICE_INFO_PLIST} in ${GOOGLESERVICE_INFO_PROD}\"\nif [ ! -f $GOOGLESERVICE_INFO_PROD ]\nthen\n    echo \"No Production GoogleService-Info.plist found. Please ensure it's in the proper directory.\"\n    exit 1\nfi\n\n# Get a reference to the destination location for the GoogleService-Info.plist\nPLIST_DESTINATION=${BUILT_PRODUCTS_DIR}/${PRODUCT_NAME}.app\necho \"Will copy ${GOOGLESERVICE_INFO_PLIST} to final destination: ${PLIST_DESTINATION}\"\n\n# Copy over the prod GoogleService-Info.plist for Release builds\nif [ \"${CONFIGURATION}\" == \"Release\" ]\nthen\n    echo \"Using ${GOOGLESERVICE_INFO_PROD}\"\n    cp \"${GOOGLESERVICE_INFO_PROD}\" \"${PLIST_DESTINATION}\"\nelse\n    echo \"Using ${GOOGLESERVICE_INFO_DEV}\"\n    cp \"${GOOGLESERVICE_INFO_DEV}\" \"${PLIST_DESTINATION}\"\nfi\n\n";
		};
/* End PBXShellScriptBuildPhase section */

/* Begin PBXSourcesBuildPhase section */
		930D969A2A416AC30007801A /* Sources */ = {
			isa = PBXSourcesBuildPhase;
			buildActionMask = 2147483647;
			files = (
				932C34CB2A5254A70032192A /* Date+Extention.swift in Sources */,
				930D96C92A4193A40007801A /* SignUpViewController.swift in Sources */,
				937C76602A492EED001024D0 /* PostTableViewCellModel.swift in Sources */,
				9347F9682A4D635A00A86FD5 /* UITextView+Extension.swift in Sources */,
				930D96CE2A4198020007801A /* UIView+Extension.swift in Sources */,
				249F59F42A51939D008CF6BE /* PostDetailTableViewCell.swift in Sources */,
				930D96A62A416AC30007801A /* LoginViewController.swift in Sources */,
				937C765B2A492DE7001024D0 /* UICollectionReusableView+Extension.swift in Sources */,
				930D96DA2A44057C0007801A /* ResetPasswordViewController.swift in Sources */,
				930D96DF2A443C1C0007801A /* UIViewController+Extension.swift in Sources */,
				930D96C62A41835B0007801A /* Constants.swift in Sources */,
				930D96E32A453D8D0007801A /* BackToLoginViewController.swift in Sources */,
				936F882D2A4D0C710062E759 /* WritePostViewController.swift in Sources */,
				937C76592A492C9D001024D0 /* UITableViewCell+Extension.swift in Sources */,
				930D96D32A42D8280007801A /* NSNotificationName+Extension.swift in Sources */,
				937C76562A4586F6001024D0 /* Recomment.swift in Sources */,
				930D96D52A42DC110007801A /* LoginViewViewModel.swift in Sources */,
				930D96E12A4516630007801A /* UIButton+Extension.swift in Sources */,
				932C34CD2A5260410032192A /* User.swift in Sources */,
				936F882F2A4D0DA20062E759 /* WritePostViewViewModel.swift in Sources */,
				249F59F12A500875008CF6BE /* UILabel+Extension.swift in Sources */,
				930D96A22A416AC30007801A /* AppDelegate.swift in Sources */,
				937C765D2A492EBB001024D0 /* PostTableViewCell.swift in Sources */,
				937C76622A494F85001024D0 /* PostViewViewModel.swift in Sources */,
				937C76642A496106001024D0 /* PostDetailViewController.swift in Sources */,
				249F59EF2A4EF403008CF6BE /* PhotoCollectionViewCell.swift in Sources */,
				930D96DD2A4406BA0007801A /* ResetPasswordViewViewModel.swift in Sources */,
				930D96D02A428D6E0007801A /* UITextField+Extension.swift in Sources */,
				936F88282A4AC8860062E759 /* CommentTableViewCell.swift in Sources */,
				930D96A42A416AC30007801A /* SceneDelegate.swift in Sources */,
				930D96CB2A4194E50007801A /* SignUpViewViewModel.swift in Sources */,
				937C76522A457F0A001024D0 /* Post.swift in Sources */,
				937C76662A497EBE001024D0 /* CampaignMetaData.swift in Sources */,
				936F882A2A4AC8B50062E759 /* CommentTableViewCellModel.swift in Sources */,
				936F88252A4ABD210062E759 /* PostDetailViewViewModel.swift in Sources */,
				937C76542A4586E5001024D0 /* Comment.swift in Sources */,
				932C34CF2A52B7520032192A /* UIColor+Extension.swift in Sources */,
				937C764F2A457B2E001024D0 /* FirestoreManager.swift in Sources */,
				930D96D82A43E5870007801A /* PostViewController.swift in Sources */,
			);
			runOnlyForDeploymentPostprocessing = 0;
		};
/* End PBXSourcesBuildPhase section */

/* Begin PBXVariantGroup section */
		930D96AC2A416AC40007801A /* LaunchScreen.storyboard */ = {
			isa = PBXVariantGroup;
			children = (
				930D96AD2A416AC40007801A /* Base */,
			);
			name = LaunchScreen.storyboard;
			sourceTree = "<group>";
		};
/* End PBXVariantGroup section */

/* Begin XCBuildConfiguration section */
		930D96B02A416AC40007801A /* Debug */ = {
			isa = XCBuildConfiguration;
			buildSettings = {
				ALWAYS_SEARCH_USER_PATHS = NO;
				CLANG_ANALYZER_NONNULL = YES;
				CLANG_ANALYZER_NUMBER_OBJECT_CONVERSION = YES_AGGRESSIVE;
				CLANG_CXX_LANGUAGE_STANDARD = "gnu++20";
				CLANG_ENABLE_MODULES = YES;
				CLANG_ENABLE_OBJC_ARC = YES;
				CLANG_ENABLE_OBJC_WEAK = YES;
				CLANG_WARN_BLOCK_CAPTURE_AUTORELEASING = YES;
				CLANG_WARN_BOOL_CONVERSION = YES;
				CLANG_WARN_COMMA = YES;
				CLANG_WARN_CONSTANT_CONVERSION = YES;
				CLANG_WARN_DEPRECATED_OBJC_IMPLEMENTATIONS = YES;
				CLANG_WARN_DIRECT_OBJC_ISA_USAGE = YES_ERROR;
				CLANG_WARN_DOCUMENTATION_COMMENTS = YES;
				CLANG_WARN_EMPTY_BODY = YES;
				CLANG_WARN_ENUM_CONVERSION = YES;
				CLANG_WARN_INFINITE_RECURSION = YES;
				CLANG_WARN_INT_CONVERSION = YES;
				CLANG_WARN_NON_LITERAL_NULL_CONVERSION = YES;
				CLANG_WARN_OBJC_IMPLICIT_RETAIN_SELF = YES;
				CLANG_WARN_OBJC_LITERAL_CONVERSION = YES;
				CLANG_WARN_OBJC_ROOT_CLASS = YES_ERROR;
				CLANG_WARN_QUOTED_INCLUDE_IN_FRAMEWORK_HEADER = YES;
				CLANG_WARN_RANGE_LOOP_ANALYSIS = YES;
				CLANG_WARN_STRICT_PROTOTYPES = YES;
				CLANG_WARN_SUSPICIOUS_MOVE = YES;
				CLANG_WARN_UNGUARDED_AVAILABILITY = YES_AGGRESSIVE;
				CLANG_WARN_UNREACHABLE_CODE = YES;
				CLANG_WARN__DUPLICATE_METHOD_MATCH = YES;
				COPY_PHASE_STRIP = NO;
				DEBUG_INFORMATION_FORMAT = dwarf;
				ENABLE_STRICT_OBJC_MSGSEND = YES;
				ENABLE_TESTABILITY = YES;
				GCC_C_LANGUAGE_STANDARD = gnu11;
				GCC_DYNAMIC_NO_PIC = NO;
				GCC_NO_COMMON_BLOCKS = YES;
				GCC_OPTIMIZATION_LEVEL = 0;
				GCC_PREPROCESSOR_DEFINITIONS = (
					"DEBUG=1",
					"$(inherited)",
				);
				GCC_WARN_64_TO_32_BIT_CONVERSION = YES;
				GCC_WARN_ABOUT_RETURN_TYPE = YES_ERROR;
				GCC_WARN_UNDECLARED_SELECTOR = YES;
				GCC_WARN_UNINITIALIZED_AUTOS = YES_AGGRESSIVE;
				GCC_WARN_UNUSED_FUNCTION = YES;
				GCC_WARN_UNUSED_VARIABLE = YES;
				IPHONEOS_DEPLOYMENT_TARGET = 16.4;
				MTL_ENABLE_DEBUG_INFO = INCLUDE_SOURCE;
				MTL_FAST_MATH = YES;
				ONLY_ACTIVE_ARCH = YES;
				SDKROOT = iphoneos;
				SWIFT_ACTIVE_COMPILATION_CONDITIONS = DEBUG;
				SWIFT_OPTIMIZATION_LEVEL = "-Onone";
			};
			name = Debug;
		};
		930D96B12A416AC40007801A /* Release */ = {
			isa = XCBuildConfiguration;
			buildSettings = {
				ALWAYS_SEARCH_USER_PATHS = NO;
				CLANG_ANALYZER_NONNULL = YES;
				CLANG_ANALYZER_NUMBER_OBJECT_CONVERSION = YES_AGGRESSIVE;
				CLANG_CXX_LANGUAGE_STANDARD = "gnu++20";
				CLANG_ENABLE_MODULES = YES;
				CLANG_ENABLE_OBJC_ARC = YES;
				CLANG_ENABLE_OBJC_WEAK = YES;
				CLANG_WARN_BLOCK_CAPTURE_AUTORELEASING = YES;
				CLANG_WARN_BOOL_CONVERSION = YES;
				CLANG_WARN_COMMA = YES;
				CLANG_WARN_CONSTANT_CONVERSION = YES;
				CLANG_WARN_DEPRECATED_OBJC_IMPLEMENTATIONS = YES;
				CLANG_WARN_DIRECT_OBJC_ISA_USAGE = YES_ERROR;
				CLANG_WARN_DOCUMENTATION_COMMENTS = YES;
				CLANG_WARN_EMPTY_BODY = YES;
				CLANG_WARN_ENUM_CONVERSION = YES;
				CLANG_WARN_INFINITE_RECURSION = YES;
				CLANG_WARN_INT_CONVERSION = YES;
				CLANG_WARN_NON_LITERAL_NULL_CONVERSION = YES;
				CLANG_WARN_OBJC_IMPLICIT_RETAIN_SELF = YES;
				CLANG_WARN_OBJC_LITERAL_CONVERSION = YES;
				CLANG_WARN_OBJC_ROOT_CLASS = YES_ERROR;
				CLANG_WARN_QUOTED_INCLUDE_IN_FRAMEWORK_HEADER = YES;
				CLANG_WARN_RANGE_LOOP_ANALYSIS = YES;
				CLANG_WARN_STRICT_PROTOTYPES = YES;
				CLANG_WARN_SUSPICIOUS_MOVE = YES;
				CLANG_WARN_UNGUARDED_AVAILABILITY = YES_AGGRESSIVE;
				CLANG_WARN_UNREACHABLE_CODE = YES;
				CLANG_WARN__DUPLICATE_METHOD_MATCH = YES;
				COPY_PHASE_STRIP = NO;
				DEBUG_INFORMATION_FORMAT = "dwarf-with-dsym";
				ENABLE_NS_ASSERTIONS = NO;
				ENABLE_STRICT_OBJC_MSGSEND = YES;
				GCC_C_LANGUAGE_STANDARD = gnu11;
				GCC_NO_COMMON_BLOCKS = YES;
				GCC_WARN_64_TO_32_BIT_CONVERSION = YES;
				GCC_WARN_ABOUT_RETURN_TYPE = YES_ERROR;
				GCC_WARN_UNDECLARED_SELECTOR = YES;
				GCC_WARN_UNINITIALIZED_AUTOS = YES_AGGRESSIVE;
				GCC_WARN_UNUSED_FUNCTION = YES;
				GCC_WARN_UNUSED_VARIABLE = YES;
				IPHONEOS_DEPLOYMENT_TARGET = 16.4;
				MTL_ENABLE_DEBUG_INFO = NO;
				MTL_FAST_MATH = YES;
				SDKROOT = iphoneos;
				SWIFT_COMPILATION_MODE = wholemodule;
				SWIFT_OPTIMIZATION_LEVEL = "-O";
				VALIDATE_PRODUCT = YES;
			};
			name = Release;
		};
		930D96B32A416AC40007801A /* Debug */ = {
			isa = XCBuildConfiguration;
			buildSettings = {
				ASSETCATALOG_COMPILER_APPICON_NAME = AppIcon;
				ASSETCATALOG_COMPILER_GLOBAL_ACCENT_COLOR_NAME = AccentColor;
				CODE_SIGN_ENTITLEMENTS = UPlusNFT/UPlusNFT.entitlements;
				CODE_SIGN_STYLE = Automatic;
				CURRENT_PROJECT_VERSION = 1;
				DEVELOPMENT_TEAM = W287BT4V38;
				GENERATE_INFOPLIST_FILE = YES;
				INFOPLIST_FILE = UPlusNFT/Info.plist;
				INFOPLIST_KEY_UIApplicationSupportsIndirectInputEvents = YES;
				INFOPLIST_KEY_UILaunchStoryboardName = LaunchScreen;
				INFOPLIST_KEY_UISupportedInterfaceOrientations = UIInterfaceOrientationPortrait;
				INFOPLIST_KEY_UISupportedInterfaceOrientations_iPad = "UIInterfaceOrientationLandscapeLeft UIInterfaceOrientationLandscapeRight UIInterfaceOrientationPortrait UIInterfaceOrientationPortraitUpsideDown";
				IPHONEOS_DEPLOYMENT_TARGET = 14.0;
				LD_RUNPATH_SEARCH_PATHS = (
					"$(inherited)",
					"@executable_path/Frameworks",
				);
				MARKETING_VERSION = 1.0;
				PRODUCT_BUNDLE_IDENTIFIER = net.platfarm.UPlusNFT;
				PRODUCT_NAME = "$(TARGET_NAME)";
				SWIFT_EMIT_LOC_STRINGS = YES;
				SWIFT_VERSION = 5.0;
				TARGETED_DEVICE_FAMILY = "1,2";
			};
			name = Debug;
		};
		930D96B42A416AC40007801A /* Release */ = {
			isa = XCBuildConfiguration;
			buildSettings = {
				ASSETCATALOG_COMPILER_APPICON_NAME = AppIcon;
				ASSETCATALOG_COMPILER_GLOBAL_ACCENT_COLOR_NAME = AccentColor;
				CODE_SIGN_ENTITLEMENTS = UPlusNFT/UPlusNFT.entitlements;
				CODE_SIGN_STYLE = Automatic;
				CURRENT_PROJECT_VERSION = 1;
				DEVELOPMENT_TEAM = W287BT4V38;
				GENERATE_INFOPLIST_FILE = YES;
				INFOPLIST_FILE = UPlusNFT/Info.plist;
				INFOPLIST_KEY_UIApplicationSupportsIndirectInputEvents = YES;
				INFOPLIST_KEY_UILaunchStoryboardName = LaunchScreen;
				INFOPLIST_KEY_UISupportedInterfaceOrientations = UIInterfaceOrientationPortrait;
				INFOPLIST_KEY_UISupportedInterfaceOrientations_iPad = "UIInterfaceOrientationLandscapeLeft UIInterfaceOrientationLandscapeRight UIInterfaceOrientationPortrait UIInterfaceOrientationPortraitUpsideDown";
				IPHONEOS_DEPLOYMENT_TARGET = 14.0;
				LD_RUNPATH_SEARCH_PATHS = (
					"$(inherited)",
					"@executable_path/Frameworks",
				);
				MARKETING_VERSION = 1.0;
				PRODUCT_BUNDLE_IDENTIFIER = net.platfarm.UPlusNFT;
				PRODUCT_NAME = "$(TARGET_NAME)";
				SWIFT_EMIT_LOC_STRINGS = YES;
				SWIFT_VERSION = 5.0;
				TARGETED_DEVICE_FAMILY = "1,2";
			};
			name = Release;
		};
/* End XCBuildConfiguration section */

/* Begin XCConfigurationList section */
		930D96992A416AC30007801A /* Build configuration list for PBXProject "UPlusNFT" */ = {
			isa = XCConfigurationList;
			buildConfigurations = (
				930D96B02A416AC40007801A /* Debug */,
				930D96B12A416AC40007801A /* Release */,
			);
			defaultConfigurationIsVisible = 0;
			defaultConfigurationName = Release;
		};
		930D96B22A416AC40007801A /* Build configuration list for PBXNativeTarget "UPlusNFT" */ = {
			isa = XCConfigurationList;
			buildConfigurations = (
				930D96B32A416AC40007801A /* Debug */,
				930D96B42A416AC40007801A /* Release */,
			);
			defaultConfigurationIsVisible = 0;
			defaultConfigurationName = Release;
		};
/* End XCConfigurationList section */

/* Begin XCRemoteSwiftPackageReference section */
		930D96BB2A41828E0007801A /* XCRemoteSwiftPackageReference "firebase-ios-sdk" */ = {
			isa = XCRemoteSwiftPackageReference;
			repositoryURL = "https://github.com/firebase/firebase-ios-sdk";
			requirement = {
				kind = upToNextMajorVersion;
				minimumVersion = 10.0.0;
			};
		};
		936F88212A4AB6EC0062E759 /* XCRemoteSwiftPackageReference "Nuke" */ = {
			isa = XCRemoteSwiftPackageReference;
			repositoryURL = "https://github.com/kean/Nuke";
			requirement = {
				kind = upToNextMajorVersion;
				minimumVersion = 12.0.0;
			};
		};
/* End XCRemoteSwiftPackageReference section */

/* Begin XCSwiftPackageProductDependency section */
		930D96BC2A41828E0007801A /* FirebaseAnalytics */ = {
			isa = XCSwiftPackageProductDependency;
			package = 930D96BB2A41828E0007801A /* XCRemoteSwiftPackageReference "firebase-ios-sdk" */;
			productName = FirebaseAnalytics;
		};
		930D96BE2A41828E0007801A /* FirebaseAuth */ = {
			isa = XCSwiftPackageProductDependency;
			package = 930D96BB2A41828E0007801A /* XCRemoteSwiftPackageReference "firebase-ios-sdk" */;
			productName = FirebaseAuth;
		};
		930D96C02A41828E0007801A /* FirebaseFirestore */ = {
			isa = XCSwiftPackageProductDependency;
			package = 930D96BB2A41828E0007801A /* XCRemoteSwiftPackageReference "firebase-ios-sdk" */;
			productName = FirebaseFirestore;
		};
		930D96C22A41828E0007801A /* FirebaseFirestoreSwift */ = {
			isa = XCSwiftPackageProductDependency;
			package = 930D96BB2A41828E0007801A /* XCRemoteSwiftPackageReference "firebase-ios-sdk" */;
			productName = FirebaseFirestoreSwift;
		};
		936F88222A4AB6ED0062E759 /* Nuke */ = {
			isa = XCSwiftPackageProductDependency;
			package = 936F88212A4AB6EC0062E759 /* XCRemoteSwiftPackageReference "Nuke" */;
			productName = Nuke;
		};
		936F88312A4D0DFF0062E759 /* FirebaseStorage */ = {
			isa = XCSwiftPackageProductDependency;
			package = 930D96BB2A41828E0007801A /* XCRemoteSwiftPackageReference "firebase-ios-sdk" */;
			productName = FirebaseStorage;
		};
/* End XCSwiftPackageProductDependency section */
	};
	rootObject = 930D96962A416AC30007801A /* Project object */;
}
