// !$*UTF8*$!
{
	archiveVersion = 1;
	classes = {
	};
	objectVersion = 56;
	objects = {

/* Begin PBXBuildFile section */
		930D96A22A416AC30007801A /* AppDelegate.swift in Sources */ = {isa = PBXBuildFile; fileRef = 930D96A12A416AC30007801A /* AppDelegate.swift */; };
		930D96A42A416AC30007801A /* SceneDelegate.swift in Sources */ = {isa = PBXBuildFile; fileRef = 930D96A32A416AC30007801A /* SceneDelegate.swift */; };
		930D96A62A416AC30007801A /* LoginViewController.swift in Sources */ = {isa = PBXBuildFile; fileRef = 930D96A52A416AC30007801A /* LoginViewController.swift */; };
		930D96AB2A416AC40007801A /* Assets.xcassets in Resources */ = {isa = PBXBuildFile; fileRef = 930D96AA2A416AC40007801A /* Assets.xcassets */; };
		930D96AE2A416AC40007801A /* LaunchScreen.storyboard in Resources */ = {isa = PBXBuildFile; fileRef = 930D96AC2A416AC40007801A /* LaunchScreen.storyboard */; };
		930D96BA2A41824A0007801A /* GoogleService-Info.plist in Resources */ = {isa = PBXBuildFile; fileRef = 930D96B92A41824A0007801A /* GoogleService-Info.plist */; };
		930D96BD2A41828E0007801A /* FirebaseAnalytics in Frameworks */ = {isa = PBXBuildFile; productRef = 930D96BC2A41828E0007801A /* FirebaseAnalytics */; };
		930D96BF2A41828E0007801A /* FirebaseAuth in Frameworks */ = {isa = PBXBuildFile; productRef = 930D96BE2A41828E0007801A /* FirebaseAuth */; };
		930D96C12A41828E0007801A /* FirebaseFirestore in Frameworks */ = {isa = PBXBuildFile; productRef = 930D96C02A41828E0007801A /* FirebaseFirestore */; };
		930D96C32A41828E0007801A /* FirebaseFirestoreSwift in Frameworks */ = {isa = PBXBuildFile; productRef = 930D96C22A41828E0007801A /* FirebaseFirestoreSwift */; };
		930D96C62A41835B0007801A /* Constants.swift in Sources */ = {isa = PBXBuildFile; fileRef = 930D96C52A41835B0007801A /* Constants.swift */; };
		930D96C92A4193A40007801A /* SignUpViewController.swift in Sources */ = {isa = PBXBuildFile; fileRef = 930D96C82A4193A40007801A /* SignUpViewController.swift */; };
		930D96CB2A4194E50007801A /* SignUpViewViewModel.swift in Sources */ = {isa = PBXBuildFile; fileRef = 930D96CA2A4194E50007801A /* SignUpViewViewModel.swift */; };
		930D96CE2A4198020007801A /* UIView+Extension.swift in Sources */ = {isa = PBXBuildFile; fileRef = 930D96CD2A4198020007801A /* UIView+Extension.swift */; };
		930D96D02A428D6E0007801A /* UITextField+Extension.swift in Sources */ = {isa = PBXBuildFile; fileRef = 930D96CF2A428D6E0007801A /* UITextField+Extension.swift */; };
		930D96D32A42D8280007801A /* NSNotificationName+Extension.swift in Sources */ = {isa = PBXBuildFile; fileRef = 930D96D22A42D8280007801A /* NSNotificationName+Extension.swift */; };
		930D96D52A42DC110007801A /* LoginViewViewModel.swift in Sources */ = {isa = PBXBuildFile; fileRef = 930D96D42A42DC110007801A /* LoginViewViewModel.swift */; };
		930D96D82A43E5870007801A /* PostViewController.swift in Sources */ = {isa = PBXBuildFile; fileRef = 930D96D72A43E5870007801A /* PostViewController.swift */; };
		930D96DA2A44057C0007801A /* ResetPasswordViewController.swift in Sources */ = {isa = PBXBuildFile; fileRef = 930D96D92A44057C0007801A /* ResetPasswordViewController.swift */; };
		930D96DD2A4406BA0007801A /* ResetPasswordViewViewModel.swift in Sources */ = {isa = PBXBuildFile; fileRef = 930D96DC2A4406BA0007801A /* ResetPasswordViewViewModel.swift */; };
		930D96DF2A443C1C0007801A /* UIViewController+Extension.swift in Sources */ = {isa = PBXBuildFile; fileRef = 930D96DE2A443C1C0007801A /* UIViewController+Extension.swift */; };
/* End PBXBuildFile section */

/* Begin PBXFileReference section */
		930D969E2A416AC30007801A /* UPlusNFT.app */ = {isa = PBXFileReference; explicitFileType = wrapper.application; includeInIndex = 0; path = UPlusNFT.app; sourceTree = BUILT_PRODUCTS_DIR; };
		930D96A12A416AC30007801A /* AppDelegate.swift */ = {isa = PBXFileReference; lastKnownFileType = sourcecode.swift; path = AppDelegate.swift; sourceTree = "<group>"; };
		930D96A32A416AC30007801A /* SceneDelegate.swift */ = {isa = PBXFileReference; lastKnownFileType = sourcecode.swift; path = SceneDelegate.swift; sourceTree = "<group>"; };
		930D96A52A416AC30007801A /* LoginViewController.swift */ = {isa = PBXFileReference; lastKnownFileType = sourcecode.swift; path = LoginViewController.swift; sourceTree = "<group>"; };
		930D96AA2A416AC40007801A /* Assets.xcassets */ = {isa = PBXFileReference; lastKnownFileType = folder.assetcatalog; path = Assets.xcassets; sourceTree = "<group>"; };
		930D96AD2A416AC40007801A /* Base */ = {isa = PBXFileReference; lastKnownFileType = file.storyboard; name = Base; path = Base.lproj/LaunchScreen.storyboard; sourceTree = "<group>"; };
		930D96AF2A416AC40007801A /* Info.plist */ = {isa = PBXFileReference; lastKnownFileType = text.plist.xml; path = Info.plist; sourceTree = "<group>"; };
		930D96B92A41824A0007801A /* GoogleService-Info.plist */ = {isa = PBXFileReference; fileEncoding = 4; lastKnownFileType = text.plist.xml; path = "GoogleService-Info.plist"; sourceTree = "<group>"; };
		930D96C52A41835B0007801A /* Constants.swift */ = {isa = PBXFileReference; lastKnownFileType = sourcecode.swift; path = Constants.swift; sourceTree = "<group>"; };
		930D96C82A4193A40007801A /* SignUpViewController.swift */ = {isa = PBXFileReference; lastKnownFileType = sourcecode.swift; path = SignUpViewController.swift; sourceTree = "<group>"; };
		930D96CA2A4194E50007801A /* SignUpViewViewModel.swift */ = {isa = PBXFileReference; lastKnownFileType = sourcecode.swift; path = SignUpViewViewModel.swift; sourceTree = "<group>"; };
		930D96CD2A4198020007801A /* UIView+Extension.swift */ = {isa = PBXFileReference; lastKnownFileType = sourcecode.swift; path = "UIView+Extension.swift"; sourceTree = "<group>"; };
		930D96CF2A428D6E0007801A /* UITextField+Extension.swift */ = {isa = PBXFileReference; lastKnownFileType = sourcecode.swift; path = "UITextField+Extension.swift"; sourceTree = "<group>"; };
		930D96D12A42D0900007801A /* UPlusNFT.entitlements */ = {isa = PBXFileReference; lastKnownFileType = text.plist.entitlements; path = UPlusNFT.entitlements; sourceTree = "<group>"; };
		930D96D22A42D8280007801A /* NSNotificationName+Extension.swift */ = {isa = PBXFileReference; lastKnownFileType = sourcecode.swift; path = "NSNotificationName+Extension.swift"; sourceTree = "<group>"; };
		930D96D42A42DC110007801A /* LoginViewViewModel.swift */ = {isa = PBXFileReference; lastKnownFileType = sourcecode.swift; path = LoginViewViewModel.swift; sourceTree = "<group>"; };
		930D96D72A43E5870007801A /* PostViewController.swift */ = {isa = PBXFileReference; lastKnownFileType = sourcecode.swift; path = PostViewController.swift; sourceTree = "<group>"; };
		930D96D92A44057C0007801A /* ResetPasswordViewController.swift */ = {isa = PBXFileReference; lastKnownFileType = sourcecode.swift; path = ResetPasswordViewController.swift; sourceTree = "<group>"; };
		930D96DC2A4406BA0007801A /* ResetPasswordViewViewModel.swift */ = {isa = PBXFileReference; lastKnownFileType = sourcecode.swift; path = ResetPasswordViewViewModel.swift; sourceTree = "<group>"; };
		930D96DE2A443C1C0007801A /* UIViewController+Extension.swift */ = {isa = PBXFileReference; lastKnownFileType = sourcecode.swift; path = "UIViewController+Extension.swift"; sourceTree = "<group>"; };
/* End PBXFileReference section */

/* Begin PBXFrameworksBuildPhase section */
		930D969B2A416AC30007801A /* Frameworks */ = {
			isa = PBXFrameworksBuildPhase;
			buildActionMask = 2147483647;
			files = (
				930D96BD2A41828E0007801A /* FirebaseAnalytics in Frameworks */,
				930D96BF2A41828E0007801A /* FirebaseAuth in Frameworks */,
				930D96C12A41828E0007801A /* FirebaseFirestore in Frameworks */,
				930D96C32A41828E0007801A /* FirebaseFirestoreSwift in Frameworks */,
			);
			runOnlyForDeploymentPostprocessing = 0;
		};
/* End PBXFrameworksBuildPhase section */

/* Begin PBXGroup section */
		930D96952A416AC30007801A = {
			isa = PBXGroup;
			children = (
				930D96CC2A4197E90007801A /* Extensions */,
				930D96A02A416AC30007801A /* UPlusNFT */,
				930D969F2A416AC30007801A /* Products */,
			);
			sourceTree = "<group>";
		};
		930D969F2A416AC30007801A /* Products */ = {
			isa = PBXGroup;
			children = (
				930D969E2A416AC30007801A /* UPlusNFT.app */,
			);
			name = Products;
			sourceTree = "<group>";
		};
		930D96A02A416AC30007801A /* UPlusNFT */ = {
			isa = PBXGroup;
			children = (
				930D96D12A42D0900007801A /* UPlusNFT.entitlements */,
				930D96C42A41834C0007801A /* Constants */,
				930D96B52A416AE10007801A /* Supporting Files */,
				930D96B72A416E7C0007801A /* ViewControllers */,
				930D96AF2A416AC40007801A /* Info.plist */,
				930D96B92A41824A0007801A /* GoogleService-Info.plist */,
			);
			path = UPlusNFT;
			sourceTree = "<group>";
		};
		930D96B52A416AE10007801A /* Supporting Files */ = {
			isa = PBXGroup;
			children = (
				930D96A12A416AC30007801A /* AppDelegate.swift */,
				930D96A32A416AC30007801A /* SceneDelegate.swift */,
				930D96AA2A416AC40007801A /* Assets.xcassets */,
				930D96AC2A416AC40007801A /* LaunchScreen.storyboard */,
			);
			path = "Supporting Files";
			sourceTree = "<group>";
		};
		930D96B72A416E7C0007801A /* ViewControllers */ = {
			isa = PBXGroup;
			children = (
				930D96DB2A4406660007801A /* ResetPassword */,
				930D96D62A43E5770007801A /* Post */,
				930D96C72A41938B0007801A /* SignIn */,
				930D96B82A417EDC0007801A /* Login */,
			);
			path = ViewControllers;
			sourceTree = "<group>";
		};
		930D96B82A417EDC0007801A /* Login */ = {
			isa = PBXGroup;
			children = (
				930D96A52A416AC30007801A /* LoginViewController.swift */,
				930D96D42A42DC110007801A /* LoginViewViewModel.swift */,
			);
			path = Login;
			sourceTree = "<group>";
		};
		930D96C42A41834C0007801A /* Constants */ = {
			isa = PBXGroup;
			children = (
				930D96C52A41835B0007801A /* Constants.swift */,
			);
			path = Constants;
			sourceTree = "<group>";
		};
		930D96C72A41938B0007801A /* SignIn */ = {
			isa = PBXGroup;
			children = (
				930D96C82A4193A40007801A /* SignUpViewController.swift */,
				930D96CA2A4194E50007801A /* SignUpViewViewModel.swift */,
			);
			path = SignIn;
			sourceTree = "<group>";
		};
		930D96CC2A4197E90007801A /* Extensions */ = {
			isa = PBXGroup;
			children = (
				930D96CD2A4198020007801A /* UIView+Extension.swift */,
				930D96CF2A428D6E0007801A /* UITextField+Extension.swift */,
				930D96D22A42D8280007801A /* NSNotificationName+Extension.swift */,
				930D96DE2A443C1C0007801A /* UIViewController+Extension.swift */,
			);
			path = Extensions;
			sourceTree = "<group>";
		};
		930D96D62A43E5770007801A /* Post */ = {
			isa = PBXGroup;
			children = (
				930D96D72A43E5870007801A /* PostViewController.swift */,
			);
			path = Post;
			sourceTree = "<group>";
		};
		930D96DB2A4406660007801A /* ResetPassword */ = {
			isa = PBXGroup;
			children = (
				930D96D92A44057C0007801A /* ResetPasswordViewController.swift */,
				930D96DC2A4406BA0007801A /* ResetPasswordViewViewModel.swift */,
			);
			path = ResetPassword;
			sourceTree = "<group>";
		};
/* End PBXGroup section */

/* Begin PBXNativeTarget section */
		930D969D2A416AC30007801A /* UPlusNFT */ = {
			isa = PBXNativeTarget;
			buildConfigurationList = 930D96B22A416AC40007801A /* Build configuration list for PBXNativeTarget "UPlusNFT" */;
			buildPhases = (
				930D969A2A416AC30007801A /* Sources */,
				930D969B2A416AC30007801A /* Frameworks */,
				930D969C2A416AC30007801A /* Resources */,
			);
			buildRules = (
			);
			dependencies = (
			);
			name = UPlusNFT;
			packageProductDependencies = (
				930D96BC2A41828E0007801A /* FirebaseAnalytics */,
				930D96BE2A41828E0007801A /* FirebaseAuth */,
				930D96C02A41828E0007801A /* FirebaseFirestore */,
				930D96C22A41828E0007801A /* FirebaseFirestoreSwift */,
			);
			productName = UPlusNFT;
			productReference = 930D969E2A416AC30007801A /* UPlusNFT.app */;
			productType = "com.apple.product-type.application";
		};
/* End PBXNativeTarget section */

/* Begin PBXProject section */
		930D96962A416AC30007801A /* Project object */ = {
			isa = PBXProject;
			attributes = {
				BuildIndependentTargetsInParallel = 1;
				LastSwiftUpdateCheck = 1430;
				LastUpgradeCheck = 1430;
				TargetAttributes = {
					930D969D2A416AC30007801A = {
						CreatedOnToolsVersion = 14.3;
					};
				};
			};
			buildConfigurationList = 930D96992A416AC30007801A /* Build configuration list for PBXProject "UPlusNFT" */;
			compatibilityVersion = "Xcode 14.0";
			developmentRegion = en;
			hasScannedForEncodings = 0;
			knownRegions = (
				en,
				Base,
			);
			mainGroup = 930D96952A416AC30007801A;
			packageReferences = (
				930D96BB2A41828E0007801A /* XCRemoteSwiftPackageReference "firebase-ios-sdk" */,
			);
			productRefGroup = 930D969F2A416AC30007801A /* Products */;
			projectDirPath = "";
			projectRoot = "";
			targets = (
				930D969D2A416AC30007801A /* UPlusNFT */,
			);
		};
/* End PBXProject section */

/* Begin PBXResourcesBuildPhase section */
		930D969C2A416AC30007801A /* Resources */ = {
			isa = PBXResourcesBuildPhase;
			buildActionMask = 2147483647;
			files = (
				930D96AE2A416AC40007801A /* LaunchScreen.storyboard in Resources */,
				930D96BA2A41824A0007801A /* GoogleService-Info.plist in Resources */,
				930D96AB2A416AC40007801A /* Assets.xcassets in Resources */,
			);
			runOnlyForDeploymentPostprocessing = 0;
		};
/* End PBXResourcesBuildPhase section */

/* Begin PBXSourcesBuildPhase section */
		930D969A2A416AC30007801A /* Sources */ = {
			isa = PBXSourcesBuildPhase;
			buildActionMask = 2147483647;
			files = (
				930D96C92A4193A40007801A /* SignUpViewController.swift in Sources */,
				930D96CE2A4198020007801A /* UIView+Extension.swift in Sources */,
				930D96A62A416AC30007801A /* LoginViewController.swift in Sources */,
				930D96DA2A44057C0007801A /* ResetPasswordViewController.swift in Sources */,
				930D96DF2A443C1C0007801A /* UIViewController+Extension.swift in Sources */,
				930D96C62A41835B0007801A /* Constants.swift in Sources */,
				930D96D32A42D8280007801A /* NSNotificationName+Extension.swift in Sources */,
				930D96D52A42DC110007801A /* LoginViewViewModel.swift in Sources */,
				930D96A22A416AC30007801A /* AppDelegate.swift in Sources */,
				930D96DD2A4406BA0007801A /* ResetPasswordViewViewModel.swift in Sources */,
				930D96D02A428D6E0007801A /* UITextField+Extension.swift in Sources */,
				930D96A42A416AC30007801A /* SceneDelegate.swift in Sources */,
				930D96CB2A4194E50007801A /* SignUpViewViewModel.swift in Sources */,
				930D96D82A43E5870007801A /* PostViewController.swift in Sources */,
			);
			runOnlyForDeploymentPostprocessing = 0;
		};
/* End PBXSourcesBuildPhase section */

/* Begin PBXVariantGroup section */
		930D96AC2A416AC40007801A /* LaunchScreen.storyboard */ = {
			isa = PBXVariantGroup;
			children = (
				930D96AD2A416AC40007801A /* Base */,
			);
			name = LaunchScreen.storyboard;
			sourceTree = "<group>";
		};
/* End PBXVariantGroup section */

/* Begin XCBuildConfiguration section */
		930D96B02A416AC40007801A /* Debug */ = {
			isa = XCBuildConfiguration;
			buildSettings = {
				ALWAYS_SEARCH_USER_PATHS = NO;
				CLANG_ANALYZER_NONNULL = YES;
				CLANG_ANALYZER_NUMBER_OBJECT_CONVERSION = YES_AGGRESSIVE;
				CLANG_CXX_LANGUAGE_STANDARD = "gnu++20";
				CLANG_ENABLE_MODULES = YES;
				CLANG_ENABLE_OBJC_ARC = YES;
				CLANG_ENABLE_OBJC_WEAK = YES;
				CLANG_WARN_BLOCK_CAPTURE_AUTORELEASING = YES;
				CLANG_WARN_BOOL_CONVERSION = YES;
				CLANG_WARN_COMMA = YES;
				CLANG_WARN_CONSTANT_CONVERSION = YES;
				CLANG_WARN_DEPRECATED_OBJC_IMPLEMENTATIONS = YES;
				CLANG_WARN_DIRECT_OBJC_ISA_USAGE = YES_ERROR;
				CLANG_WARN_DOCUMENTATION_COMMENTS = YES;
				CLANG_WARN_EMPTY_BODY = YES;
				CLANG_WARN_ENUM_CONVERSION = YES;
				CLANG_WARN_INFINITE_RECURSION = YES;
				CLANG_WARN_INT_CONVERSION = YES;
				CLANG_WARN_NON_LITERAL_NULL_CONVERSION = YES;
				CLANG_WARN_OBJC_IMPLICIT_RETAIN_SELF = YES;
				CLANG_WARN_OBJC_LITERAL_CONVERSION = YES;
				CLANG_WARN_OBJC_ROOT_CLASS = YES_ERROR;
				CLANG_WARN_QUOTED_INCLUDE_IN_FRAMEWORK_HEADER = YES;
				CLANG_WARN_RANGE_LOOP_ANALYSIS = YES;
				CLANG_WARN_STRICT_PROTOTYPES = YES;
				CLANG_WARN_SUSPICIOUS_MOVE = YES;
				CLANG_WARN_UNGUARDED_AVAILABILITY = YES_AGGRESSIVE;
				CLANG_WARN_UNREACHABLE_CODE = YES;
				CLANG_WARN__DUPLICATE_METHOD_MATCH = YES;
				COPY_PHASE_STRIP = NO;
				DEBUG_INFORMATION_FORMAT = dwarf;
				ENABLE_STRICT_OBJC_MSGSEND = YES;
				ENABLE_TESTABILITY = YES;
				GCC_C_LANGUAGE_STANDARD = gnu11;
				GCC_DYNAMIC_NO_PIC = NO;
				GCC_NO_COMMON_BLOCKS = YES;
				GCC_OPTIMIZATION_LEVEL = 0;
				GCC_PREPROCESSOR_DEFINITIONS = (
					"DEBUG=1",
					"$(inherited)",
				);
				GCC_WARN_64_TO_32_BIT_CONVERSION = YES;
				GCC_WARN_ABOUT_RETURN_TYPE = YES_ERROR;
				GCC_WARN_UNDECLARED_SELECTOR = YES;
				GCC_WARN_UNINITIALIZED_AUTOS = YES_AGGRESSIVE;
				GCC_WARN_UNUSED_FUNCTION = YES;
				GCC_WARN_UNUSED_VARIABLE = YES;
				IPHONEOS_DEPLOYMENT_TARGET = 16.4;
				MTL_ENABLE_DEBUG_INFO = INCLUDE_SOURCE;
				MTL_FAST_MATH = YES;
				ONLY_ACTIVE_ARCH = YES;
				SDKROOT = iphoneos;
				SWIFT_ACTIVE_COMPILATION_CONDITIONS = DEBUG;
				SWIFT_OPTIMIZATION_LEVEL = "-Onone";
			};
			name = Debug;
		};
		930D96B12A416AC40007801A /* Release */ = {
			isa = XCBuildConfiguration;
			buildSettings = {
				ALWAYS_SEARCH_USER_PATHS = NO;
				CLANG_ANALYZER_NONNULL = YES;
				CLANG_ANALYZER_NUMBER_OBJECT_CONVERSION = YES_AGGRESSIVE;
				CLANG_CXX_LANGUAGE_STANDARD = "gnu++20";
				CLANG_ENABLE_MODULES = YES;
				CLANG_ENABLE_OBJC_ARC = YES;
				CLANG_ENABLE_OBJC_WEAK = YES;
				CLANG_WARN_BLOCK_CAPTURE_AUTORELEASING = YES;
				CLANG_WARN_BOOL_CONVERSION = YES;
				CLANG_WARN_COMMA = YES;
				CLANG_WARN_CONSTANT_CONVERSION = YES;
				CLANG_WARN_DEPRECATED_OBJC_IMPLEMENTATIONS = YES;
				CLANG_WARN_DIRECT_OBJC_ISA_USAGE = YES_ERROR;
				CLANG_WARN_DOCUMENTATION_COMMENTS = YES;
				CLANG_WARN_EMPTY_BODY = YES;
				CLANG_WARN_ENUM_CONVERSION = YES;
				CLANG_WARN_INFINITE_RECURSION = YES;
				CLANG_WARN_INT_CONVERSION = YES;
				CLANG_WARN_NON_LITERAL_NULL_CONVERSION = YES;
				CLANG_WARN_OBJC_IMPLICIT_RETAIN_SELF = YES;
				CLANG_WARN_OBJC_LITERAL_CONVERSION = YES;
				CLANG_WARN_OBJC_ROOT_CLASS = YES_ERROR;
				CLANG_WARN_QUOTED_INCLUDE_IN_FRAMEWORK_HEADER = YES;
				CLANG_WARN_RANGE_LOOP_ANALYSIS = YES;
				CLANG_WARN_STRICT_PROTOTYPES = YES;
				CLANG_WARN_SUSPICIOUS_MOVE = YES;
				CLANG_WARN_UNGUARDED_AVAILABILITY = YES_AGGRESSIVE;
				CLANG_WARN_UNREACHABLE_CODE = YES;
				CLANG_WARN__DUPLICATE_METHOD_MATCH = YES;
				COPY_PHASE_STRIP = NO;
				DEBUG_INFORMATION_FORMAT = "dwarf-with-dsym";
				ENABLE_NS_ASSERTIONS = NO;
				ENABLE_STRICT_OBJC_MSGSEND = YES;
				GCC_C_LANGUAGE_STANDARD = gnu11;
				GCC_NO_COMMON_BLOCKS = YES;
				GCC_WARN_64_TO_32_BIT_CONVERSION = YES;
				GCC_WARN_ABOUT_RETURN_TYPE = YES_ERROR;
				GCC_WARN_UNDECLARED_SELECTOR = YES;
				GCC_WARN_UNINITIALIZED_AUTOS = YES_AGGRESSIVE;
				GCC_WARN_UNUSED_FUNCTION = YES;
				GCC_WARN_UNUSED_VARIABLE = YES;
				IPHONEOS_DEPLOYMENT_TARGET = 16.4;
				MTL_ENABLE_DEBUG_INFO = NO;
				MTL_FAST_MATH = YES;
				SDKROOT = iphoneos;
				SWIFT_COMPILATION_MODE = wholemodule;
				SWIFT_OPTIMIZATION_LEVEL = "-O";
				VALIDATE_PRODUCT = YES;
			};
			name = Release;
		};
		930D96B32A416AC40007801A /* Debug */ = {
			isa = XCBuildConfiguration;
			buildSettings = {
				ASSETCATALOG_COMPILER_APPICON_NAME = AppIcon;
				ASSETCATALOG_COMPILER_GLOBAL_ACCENT_COLOR_NAME = AccentColor;
				CODE_SIGN_ENTITLEMENTS = UPlusNFT/UPlusNFT.entitlements;
				CODE_SIGN_STYLE = Automatic;
				CURRENT_PROJECT_VERSION = 1;
				DEVELOPMENT_TEAM = W287BT4V38;
				GENERATE_INFOPLIST_FILE = YES;
				INFOPLIST_FILE = UPlusNFT/Info.plist;
				INFOPLIST_KEY_UIApplicationSupportsIndirectInputEvents = YES;
				INFOPLIST_KEY_UILaunchStoryboardName = LaunchScreen;
				INFOPLIST_KEY_UISupportedInterfaceOrientations_iPad = "UIInterfaceOrientationPortrait UIInterfaceOrientationPortraitUpsideDown UIInterfaceOrientationLandscapeLeft UIInterfaceOrientationLandscapeRight";
				INFOPLIST_KEY_UISupportedInterfaceOrientations_iPhone = "UIInterfaceOrientationPortrait UIInterfaceOrientationLandscapeLeft UIInterfaceOrientationLandscapeRight";
				IPHONEOS_DEPLOYMENT_TARGET = 14.0;
				LD_RUNPATH_SEARCH_PATHS = (
					"$(inherited)",
					"@executable_path/Frameworks",
				);
				MARKETING_VERSION = 1.0;
				PRODUCT_BUNDLE_IDENTIFIER = net.platfarm.UPlusNFT;
				PRODUCT_NAME = "$(TARGET_NAME)";
				SWIFT_EMIT_LOC_STRINGS = YES;
				SWIFT_VERSION = 5.0;
				TARGETED_DEVICE_FAMILY = "1,2";
			};
			name = Debug;
		};
		930D96B42A416AC40007801A /* Release */ = {
			isa = XCBuildConfiguration;
			buildSettings = {
				ASSETCATALOG_COMPILER_APPICON_NAME = AppIcon;
				ASSETCATALOG_COMPILER_GLOBAL_ACCENT_COLOR_NAME = AccentColor;
				CODE_SIGN_ENTITLEMENTS = UPlusNFT/UPlusNFT.entitlements;
				CODE_SIGN_STYLE = Automatic;
				CURRENT_PROJECT_VERSION = 1;
				DEVELOPMENT_TEAM = W287BT4V38;
				GENERATE_INFOPLIST_FILE = YES;
				INFOPLIST_FILE = UPlusNFT/Info.plist;
				INFOPLIST_KEY_UIApplicationSupportsIndirectInputEvents = YES;
				INFOPLIST_KEY_UILaunchStoryboardName = LaunchScreen;
				INFOPLIST_KEY_UISupportedInterfaceOrientations_iPad = "UIInterfaceOrientationPortrait UIInterfaceOrientationPortraitUpsideDown UIInterfaceOrientationLandscapeLeft UIInterfaceOrientationLandscapeRight";
				INFOPLIST_KEY_UISupportedInterfaceOrientations_iPhone = "UIInterfaceOrientationPortrait UIInterfaceOrientationLandscapeLeft UIInterfaceOrientationLandscapeRight";
				IPHONEOS_DEPLOYMENT_TARGET = 14.0;
				LD_RUNPATH_SEARCH_PATHS = (
					"$(inherited)",
					"@executable_path/Frameworks",
				);
				MARKETING_VERSION = 1.0;
				PRODUCT_BUNDLE_IDENTIFIER = net.platfarm.UPlusNFT;
				PRODUCT_NAME = "$(TARGET_NAME)";
				SWIFT_EMIT_LOC_STRINGS = YES;
				SWIFT_VERSION = 5.0;
				TARGETED_DEVICE_FAMILY = "1,2";
			};
			name = Release;
		};
/* End XCBuildConfiguration section */

/* Begin XCConfigurationList section */
		930D96992A416AC30007801A /* Build configuration list for PBXProject "UPlusNFT" */ = {
			isa = XCConfigurationList;
			buildConfigurations = (
				930D96B02A416AC40007801A /* Debug */,
				930D96B12A416AC40007801A /* Release */,
			);
			defaultConfigurationIsVisible = 0;
			defaultConfigurationName = Release;
		};
		930D96B22A416AC40007801A /* Build configuration list for PBXNativeTarget "UPlusNFT" */ = {
			isa = XCConfigurationList;
			buildConfigurations = (
				930D96B32A416AC40007801A /* Debug */,
				930D96B42A416AC40007801A /* Release */,
			);
			defaultConfigurationIsVisible = 0;
			defaultConfigurationName = Release;
		};
/* End XCConfigurationList section */

/* Begin XCRemoteSwiftPackageReference section */
		930D96BB2A41828E0007801A /* XCRemoteSwiftPackageReference "firebase-ios-sdk" */ = {
			isa = XCRemoteSwiftPackageReference;
			repositoryURL = "https://github.com/firebase/firebase-ios-sdk";
			requirement = {
				kind = upToNextMajorVersion;
				minimumVersion = 10.0.0;
			};
		};
/* End XCRemoteSwiftPackageReference section */

/* Begin XCSwiftPackageProductDependency section */
		930D96BC2A41828E0007801A /* FirebaseAnalytics */ = {
			isa = XCSwiftPackageProductDependency;
			package = 930D96BB2A41828E0007801A /* XCRemoteSwiftPackageReference "firebase-ios-sdk" */;
			productName = FirebaseAnalytics;
		};
		930D96BE2A41828E0007801A /* FirebaseAuth */ = {
			isa = XCSwiftPackageProductDependency;
			package = 930D96BB2A41828E0007801A /* XCRemoteSwiftPackageReference "firebase-ios-sdk" */;
			productName = FirebaseAuth;
		};
		930D96C02A41828E0007801A /* FirebaseFirestore */ = {
			isa = XCSwiftPackageProductDependency;
			package = 930D96BB2A41828E0007801A /* XCRemoteSwiftPackageReference "firebase-ios-sdk" */;
			productName = FirebaseFirestore;
		};
		930D96C22A41828E0007801A /* FirebaseFirestoreSwift */ = {
			isa = XCSwiftPackageProductDependency;
			package = 930D96BB2A41828E0007801A /* XCRemoteSwiftPackageReference "firebase-ios-sdk" */;
			productName = FirebaseFirestoreSwift;
		};
/* End XCSwiftPackageProductDependency section */
	};
	rootObject = 930D96962A416AC30007801A /* Project object */;
}
